// !$*UTF8*$!
{
	archiveVersion = 1;
	classes = {
	};
	objectVersion = 55;
	objects = {

/* Begin PBXBuildFile section */
		8308B8DB28AE2832009E2F5B /* URLSessionHTTPClientTests.swift in Sources */ = {isa = PBXBuildFile; fileRef = 8308B8DA28AE2832009E2F5B /* URLSessionHTTPClientTests.swift */; };
		83235B132892C9A1001072D3 /* LoadFeedFromRemoteUseCaseTest.swift in Sources */ = {isa = PBXBuildFile; fileRef = 83235B122892C9A1001072D3 /* LoadFeedFromRemoteUseCaseTest.swift */; };
		83250F1328B89A1D00A58390 /* XCTestCase+MemoryLeakTracking.swift in Sources */ = {isa = PBXBuildFile; fileRef = 83250F1228B89A1D00A58390 /* XCTestCase+MemoryLeakTracking.swift */; };
		8347495228BF6E72009D8EA7 /* EssentialFeedApiEndToEndTests.swift in Sources */ = {isa = PBXBuildFile; fileRef = 8347495128BF6E72009D8EA7 /* EssentialFeedApiEndToEndTests.swift */; };
		834FC3A628CF14F7004AEE3C /* CodableFeedStore.swift in Sources */ = {isa = PBXBuildFile; fileRef = 834FC3A528CF14F7004AEE3C /* CodableFeedStore.swift */; };
		8372A66828D05BFB00CFD563 /* FeedStoreSpecs.swift in Sources */ = {isa = PBXBuildFile; fileRef = 8372A66728D05BFB00CFD563 /* FeedStoreSpecs.swift */; };
		8372A66A28D0624900CFD563 /* XCTestCase+FeedStoreSpecs.swift in Sources */ = {isa = PBXBuildFile; fileRef = 8372A66928D0624900CFD563 /* XCTestCase+FeedStoreSpecs.swift */; };
		83795F5B28CC7F8B00F92FDB /* CodableFeedStoreTest.swift in Sources */ = {isa = PBXBuildFile; fileRef = 83795F5A28CC7F8B00F92FDB /* CodableFeedStoreTest.swift */; };
		838B410A28917A5A005075D3 /* EssentialFeed.docc in Sources */ = {isa = PBXBuildFile; fileRef = 838B410928917A5A005075D3 /* EssentialFeed.docc */; };
		838B411028917A5A005075D3 /* EssentialFeed.framework in Frameworks */ = {isa = PBXBuildFile; fileRef = 838B410528917A5A005075D3 /* EssentialFeed.framework */; };
		838B411628917A5A005075D3 /* EssentialFeed.h in Headers */ = {isa = PBXBuildFile; fileRef = 838B410828917A5A005075D3 /* EssentialFeed.h */; settings = {ATTRIBUTES = (Public, ); }; };
		838B412128917A93005075D3 /* FeedImage.swift in Sources */ = {isa = PBXBuildFile; fileRef = 838B412028917A93005075D3 /* FeedImage.swift */; };
		838B412328917AE2005075D3 /* FeedLoader.swift in Sources */ = {isa = PBXBuildFile; fileRef = 838B412228917AE2005075D3 /* FeedLoader.swift */; };
		8392418F28C5A8C300B71CB0 /* CacheFeedUseCaseTest.swift in Sources */ = {isa = PBXBuildFile; fileRef = 8392418E28C5A8C300B71CB0 /* CacheFeedUseCaseTest.swift */; };
		8392419228C5D4CD00B71CB0 /* LocalFeedLoader.swift in Sources */ = {isa = PBXBuildFile; fileRef = 8392419128C5D4CD00B71CB0 /* LocalFeedLoader.swift */; };
		8392419428C5D5BA00B71CB0 /* FeedStore.swift in Sources */ = {isa = PBXBuildFile; fileRef = 8392419328C5D5BA00B71CB0 /* FeedStore.swift */; };
		83A2F1DD28C72DCE00673F99 /* RemoteFeedItem.swift in Sources */ = {isa = PBXBuildFile; fileRef = 83A2F1DC28C72DCE00673F99 /* RemoteFeedItem.swift */; };
		83A2F1DF28C72E1800673F99 /* LocalFeedImage.swift in Sources */ = {isa = PBXBuildFile; fileRef = 83A2F1DE28C72E1800673F99 /* LocalFeedImage.swift */; };
		83A2F1E128C862CE00673F99 /* LoadFeedFromCacheUseCaseTest.swift in Sources */ = {isa = PBXBuildFile; fileRef = 83A2F1E028C862CE00673F99 /* LoadFeedFromCacheUseCaseTest.swift */; };
		83A2F1E428C8645B00673F99 /* FeedStoreSpy.swift in Sources */ = {isa = PBXBuildFile; fileRef = 83A2F1E328C8645B00673F99 /* FeedStoreSpy.swift */; };
		83B8A5BC28CB098B0019EE3A /* FeedCachePolicy.swift in Sources */ = {isa = PBXBuildFile; fileRef = 83B8A5BB28CB098B0019EE3A /* FeedCachePolicy.swift */; };
		83BD665328BCB1A000F0F5AE /* URLSessionHTTPClient.swift in Sources */ = {isa = PBXBuildFile; fileRef = 83BD665228BCB1A000F0F5AE /* URLSessionHTTPClient.swift */; };
		83BDF52F28C9C07F00D538CD /* ValidateFeedCacheUseCaseTest.swift in Sources */ = {isa = PBXBuildFile; fileRef = 83BDF52E28C9C07F00D538CD /* ValidateFeedCacheUseCaseTest.swift */; };
		83BDF53128C9C62A00D538CD /* FeedCacheTestHelpers.swift in Sources */ = {isa = PBXBuildFile; fileRef = 83BDF53028C9C62A00D538CD /* FeedCacheTestHelpers.swift */; };
		83BDF53328C9C70300D538CD /* SharedTestHelpers.swift in Sources */ = {isa = PBXBuildFile; fileRef = 83BDF53228C9C70300D538CD /* SharedTestHelpers.swift */; };
		83D2FE3828BF77E60044927C /* XCTestCase+MemoryLeakTracking.swift in Sources */ = {isa = PBXBuildFile; fileRef = 83250F1228B89A1D00A58390 /* XCTestCase+MemoryLeakTracking.swift */; };
		83D6AFC328958E9700C7D58F /* RemoteFeedLoader.swift in Sources */ = {isa = PBXBuildFile; fileRef = 83D6AFC228958E9700C7D58F /* RemoteFeedLoader.swift */; };
		83D8DC1C28A3865500958D2F /* HTTPClient.swift in Sources */ = {isa = PBXBuildFile; fileRef = 83D8DC1B28A3865500958D2F /* HTTPClient.swift */; };
		83D8DC1E28A3870700958D2F /* FeedItemsMapper.swift in Sources */ = {isa = PBXBuildFile; fileRef = 83D8DC1D28A3870700958D2F /* FeedItemsMapper.swift */; };
/* End PBXBuildFile section */

/* Begin PBXContainerItemProxy section */
		838B411128917A5A005075D3 /* PBXContainerItemProxy */ = {
			isa = PBXContainerItemProxy;
			containerPortal = 838B40FC28917A5A005075D3 /* Project object */;
			proxyType = 1;
			remoteGlobalIDString = 838B410428917A5A005075D3;
			remoteInfo = EssentialFeed;
		};
/* End PBXContainerItemProxy section */

/* Begin PBXFileReference section */
		8308B8DA28AE2832009E2F5B /* URLSessionHTTPClientTests.swift */ = {isa = PBXFileReference; lastKnownFileType = sourcecode.swift; path = URLSessionHTTPClientTests.swift; sourceTree = "<group>"; };
		83235B122892C9A1001072D3 /* LoadFeedFromRemoteUseCaseTest.swift */ = {isa = PBXFileReference; lastKnownFileType = sourcecode.swift; path = LoadFeedFromRemoteUseCaseTest.swift; sourceTree = "<group>"; };
		83250F1228B89A1D00A58390 /* XCTestCase+MemoryLeakTracking.swift */ = {isa = PBXFileReference; lastKnownFileType = sourcecode.swift; path = "XCTestCase+MemoryLeakTracking.swift"; sourceTree = "<group>"; };
		8347494F28BF6E72009D8EA7 /* EssentialFeedApiEndToEndTests.xctest */ = {isa = PBXFileReference; explicitFileType = wrapper.cfbundle; includeInIndex = 0; path = EssentialFeedApiEndToEndTests.xctest; sourceTree = BUILT_PRODUCTS_DIR; };
		8347495128BF6E72009D8EA7 /* EssentialFeedApiEndToEndTests.swift */ = {isa = PBXFileReference; lastKnownFileType = sourcecode.swift; path = EssentialFeedApiEndToEndTests.swift; sourceTree = "<group>"; };
		834FC3A528CF14F7004AEE3C /* CodableFeedStore.swift */ = {isa = PBXFileReference; lastKnownFileType = sourcecode.swift; path = CodableFeedStore.swift; sourceTree = "<group>"; };
		8372A66728D05BFB00CFD563 /* FeedStoreSpecs.swift */ = {isa = PBXFileReference; lastKnownFileType = sourcecode.swift; path = FeedStoreSpecs.swift; sourceTree = "<group>"; };
		8372A66928D0624900CFD563 /* XCTestCase+FeedStoreSpecs.swift */ = {isa = PBXFileReference; lastKnownFileType = sourcecode.swift; path = "XCTestCase+FeedStoreSpecs.swift"; sourceTree = "<group>"; };
		83795F5A28CC7F8B00F92FDB /* CodableFeedStoreTest.swift */ = {isa = PBXFileReference; lastKnownFileType = sourcecode.swift; path = CodableFeedStoreTest.swift; sourceTree = "<group>"; };
		838B410528917A5A005075D3 /* EssentialFeed.framework */ = {isa = PBXFileReference; explicitFileType = wrapper.framework; includeInIndex = 0; path = EssentialFeed.framework; sourceTree = BUILT_PRODUCTS_DIR; };
		838B410828917A5A005075D3 /* EssentialFeed.h */ = {isa = PBXFileReference; lastKnownFileType = sourcecode.c.h; path = EssentialFeed.h; sourceTree = "<group>"; };
		838B410928917A5A005075D3 /* EssentialFeed.docc */ = {isa = PBXFileReference; lastKnownFileType = folder.documentationcatalog; path = EssentialFeed.docc; sourceTree = "<group>"; };
		838B410F28917A5A005075D3 /* EssentialFeedTests.xctest */ = {isa = PBXFileReference; explicitFileType = wrapper.cfbundle; includeInIndex = 0; path = EssentialFeedTests.xctest; sourceTree = BUILT_PRODUCTS_DIR; };
		838B412028917A93005075D3 /* FeedImage.swift */ = {isa = PBXFileReference; lastKnownFileType = sourcecode.swift; path = FeedImage.swift; sourceTree = "<group>"; };
		838B412228917AE2005075D3 /* FeedLoader.swift */ = {isa = PBXFileReference; lastKnownFileType = sourcecode.swift; path = FeedLoader.swift; sourceTree = "<group>"; };
		8392418E28C5A8C300B71CB0 /* CacheFeedUseCaseTest.swift */ = {isa = PBXFileReference; lastKnownFileType = sourcecode.swift; path = CacheFeedUseCaseTest.swift; sourceTree = "<group>"; };
		8392419128C5D4CD00B71CB0 /* LocalFeedLoader.swift */ = {isa = PBXFileReference; lastKnownFileType = sourcecode.swift; path = LocalFeedLoader.swift; sourceTree = "<group>"; };
		8392419328C5D5BA00B71CB0 /* FeedStore.swift */ = {isa = PBXFileReference; lastKnownFileType = sourcecode.swift; path = FeedStore.swift; sourceTree = "<group>"; };
		83A2F1DC28C72DCE00673F99 /* RemoteFeedItem.swift */ = {isa = PBXFileReference; lastKnownFileType = sourcecode.swift; path = RemoteFeedItem.swift; sourceTree = "<group>"; };
		83A2F1DE28C72E1800673F99 /* LocalFeedImage.swift */ = {isa = PBXFileReference; lastKnownFileType = sourcecode.swift; path = LocalFeedImage.swift; sourceTree = "<group>"; };
		83A2F1E028C862CE00673F99 /* LoadFeedFromCacheUseCaseTest.swift */ = {isa = PBXFileReference; lastKnownFileType = sourcecode.swift; path = LoadFeedFromCacheUseCaseTest.swift; sourceTree = "<group>"; };
		83A2F1E328C8645B00673F99 /* FeedStoreSpy.swift */ = {isa = PBXFileReference; lastKnownFileType = sourcecode.swift; path = FeedStoreSpy.swift; sourceTree = "<group>"; };
		83B8A5BB28CB098B0019EE3A /* FeedCachePolicy.swift */ = {isa = PBXFileReference; lastKnownFileType = sourcecode.swift; path = FeedCachePolicy.swift; sourceTree = "<group>"; };
		83BD665228BCB1A000F0F5AE /* URLSessionHTTPClient.swift */ = {isa = PBXFileReference; lastKnownFileType = sourcecode.swift; path = URLSessionHTTPClient.swift; sourceTree = "<group>"; };
		83BDF52E28C9C07F00D538CD /* ValidateFeedCacheUseCaseTest.swift */ = {isa = PBXFileReference; lastKnownFileType = sourcecode.swift; path = ValidateFeedCacheUseCaseTest.swift; sourceTree = "<group>"; };
		83BDF53028C9C62A00D538CD /* FeedCacheTestHelpers.swift */ = {isa = PBXFileReference; lastKnownFileType = sourcecode.swift; path = FeedCacheTestHelpers.swift; sourceTree = "<group>"; };
		83BDF53228C9C70300D538CD /* SharedTestHelpers.swift */ = {isa = PBXFileReference; lastKnownFileType = sourcecode.swift; path = SharedTestHelpers.swift; sourceTree = "<group>"; };
		83D6AFC228958E9700C7D58F /* RemoteFeedLoader.swift */ = {isa = PBXFileReference; lastKnownFileType = sourcecode.swift; path = RemoteFeedLoader.swift; sourceTree = "<group>"; };
		83D8DC1B28A3865500958D2F /* HTTPClient.swift */ = {isa = PBXFileReference; lastKnownFileType = sourcecode.swift; path = HTTPClient.swift; sourceTree = "<group>"; };
		83D8DC1D28A3870700958D2F /* FeedItemsMapper.swift */ = {isa = PBXFileReference; lastKnownFileType = sourcecode.swift; path = FeedItemsMapper.swift; sourceTree = "<group>"; };
/* End PBXFileReference section */

/* Begin PBXFrameworksBuildPhase section */
		8347494C28BF6E72009D8EA7 /* Frameworks */ = {
			isa = PBXFrameworksBuildPhase;
			buildActionMask = 2147483647;
			files = (
			);
			runOnlyForDeploymentPostprocessing = 0;
		};
		838B410228917A5A005075D3 /* Frameworks */ = {
			isa = PBXFrameworksBuildPhase;
			buildActionMask = 2147483647;
			files = (
			);
			runOnlyForDeploymentPostprocessing = 0;
		};
		838B410C28917A5A005075D3 /* Frameworks */ = {
			isa = PBXFrameworksBuildPhase;
			buildActionMask = 2147483647;
			files = (
				838B411028917A5A005075D3 /* EssentialFeed.framework in Frameworks */,
			);
			runOnlyForDeploymentPostprocessing = 0;
		};
/* End PBXFrameworksBuildPhase section */

/* Begin PBXGroup section */
		83250F1128B899EE00A58390 /* Helpers */ = {
			isa = PBXGroup;
			children = (
				83250F1228B89A1D00A58390 /* XCTestCase+MemoryLeakTracking.swift */,
				83BDF53228C9C70300D538CD /* SharedTestHelpers.swift */,
			);
			path = Helpers;
			sourceTree = "<group>";
		};
		8347495028BF6E72009D8EA7 /* EssentialFeedApiEndToEndTests */ = {
			isa = PBXGroup;
			children = (
				8347495128BF6E72009D8EA7 /* EssentialFeedApiEndToEndTests.swift */,
			);
			path = EssentialFeedApiEndToEndTests;
			sourceTree = "<group>";
		};
		838B40FB28917A5A005075D3 = {
			isa = PBXGroup;
			children = (
				838B410728917A5A005075D3 /* EssentialFeed */,
				838B411328917A5A005075D3 /* EssentialFeedTests */,
				8347495028BF6E72009D8EA7 /* EssentialFeedApiEndToEndTests */,
				838B410628917A5A005075D3 /* Products */,
			);
			sourceTree = "<group>";
		};
		838B410628917A5A005075D3 /* Products */ = {
			isa = PBXGroup;
			children = (
				838B410528917A5A005075D3 /* EssentialFeed.framework */,
				838B410F28917A5A005075D3 /* EssentialFeedTests.xctest */,
				8347494F28BF6E72009D8EA7 /* EssentialFeedApiEndToEndTests.xctest */,
			);
			name = Products;
			sourceTree = "<group>";
		};
		838B410728917A5A005075D3 /* EssentialFeed */ = {
			isa = PBXGroup;
			children = (
				8392419028C5D49F00B71CB0 /* Feed Cache */,
				838B411F28917A75005075D3 /* Feed Feature */,
				83D6AFC128958E6000C7D58F /* Feed API */,
				838B410828917A5A005075D3 /* EssentialFeed.h */,
				838B410928917A5A005075D3 /* EssentialFeed.docc */,
			);
			path = EssentialFeed;
			sourceTree = "<group>";
		};
		838B411328917A5A005075D3 /* EssentialFeedTests */ = {
			isa = PBXGroup;
			children = (
				83250F1128B899EE00A58390 /* Helpers */,
				8392418D28C5A81400B71CB0 /* Feed Cache */,
				83D8DC1F28A3934500958D2F /* Feed Api */,
			);
			path = EssentialFeedTests;
			sourceTree = "<group>";
		};
		838B411F28917A75005075D3 /* Feed Feature */ = {
			isa = PBXGroup;
			children = (
				838B412028917A93005075D3 /* FeedImage.swift */,
				838B412228917AE2005075D3 /* FeedLoader.swift */,
			);
			path = "Feed Feature";
			sourceTree = "<group>";
		};
		8392418D28C5A81400B71CB0 /* Feed Cache */ = {
			isa = PBXGroup;
			children = (
				83A2F1E228C8644300673F99 /* Helpers */,
				8392418E28C5A8C300B71CB0 /* CacheFeedUseCaseTest.swift */,
				83A2F1E028C862CE00673F99 /* LoadFeedFromCacheUseCaseTest.swift */,
				83BDF52E28C9C07F00D538CD /* ValidateFeedCacheUseCaseTest.swift */,
				83795F5A28CC7F8B00F92FDB /* CodableFeedStoreTest.swift */,
				8372A66728D05BFB00CFD563 /* FeedStoreSpecs.swift */,
				8372A66928D0624900CFD563 /* XCTestCase+FeedStoreSpecs.swift */,
			);
			path = "Feed Cache";
			sourceTree = "<group>";
		};
		8392419028C5D49F00B71CB0 /* Feed Cache */ = {
			isa = PBXGroup;
			children = (
				8392419128C5D4CD00B71CB0 /* LocalFeedLoader.swift */,
				8392419328C5D5BA00B71CB0 /* FeedStore.swift */,
				83A2F1DE28C72E1800673F99 /* LocalFeedImage.swift */,
				83B8A5BB28CB098B0019EE3A /* FeedCachePolicy.swift */,
				834FC3A528CF14F7004AEE3C /* CodableFeedStore.swift */,
			);
			path = "Feed Cache";
			sourceTree = "<group>";
		};
		83A2F1E228C8644300673F99 /* Helpers */ = {
			isa = PBXGroup;
			children = (
				83A2F1E328C8645B00673F99 /* FeedStoreSpy.swift */,
				83BDF53028C9C62A00D538CD /* FeedCacheTestHelpers.swift */,
			);
			path = Helpers;
			sourceTree = "<group>";
		};
		83D6AFC128958E6000C7D58F /* Feed API */ = {
			isa = PBXGroup;
			children = (
				83D6AFC228958E9700C7D58F /* RemoteFeedLoader.swift */,
				83D8DC1B28A3865500958D2F /* HTTPClient.swift */,
				83D8DC1D28A3870700958D2F /* FeedItemsMapper.swift */,
				83BD665228BCB1A000F0F5AE /* URLSessionHTTPClient.swift */,
				83A2F1DC28C72DCE00673F99 /* RemoteFeedItem.swift */,
			);
			path = "Feed API";
			sourceTree = "<group>";
		};
		83D8DC1F28A3934500958D2F /* Feed Api */ = {
			isa = PBXGroup;
			children = (
				83235B122892C9A1001072D3 /* LoadFeedFromRemoteUseCaseTest.swift */,
				8308B8DA28AE2832009E2F5B /* URLSessionHTTPClientTests.swift */,
			);
			path = "Feed Api";
			sourceTree = "<group>";
		};
/* End PBXGroup section */

/* Begin PBXHeadersBuildPhase section */
		838B410028917A5A005075D3 /* Headers */ = {
			isa = PBXHeadersBuildPhase;
			buildActionMask = 2147483647;
			files = (
				838B411628917A5A005075D3 /* EssentialFeed.h in Headers */,
			);
			runOnlyForDeploymentPostprocessing = 0;
		};
/* End PBXHeadersBuildPhase section */

/* Begin PBXNativeTarget section */
		8347494E28BF6E72009D8EA7 /* EssentialFeedApiEndToEndTests */ = {
			isa = PBXNativeTarget;
			buildConfigurationList = 8347495528BF6E72009D8EA7 /* Build configuration list for PBXNativeTarget "EssentialFeedApiEndToEndTests" */;
			buildPhases = (
				8347494B28BF6E72009D8EA7 /* Sources */,
				8347494C28BF6E72009D8EA7 /* Frameworks */,
				8347494D28BF6E72009D8EA7 /* Resources */,
			);
			buildRules = (
			);
			dependencies = (
			);
			name = EssentialFeedApiEndToEndTests;
			productName = EssentialFeedApiEndToEndTests;
			productReference = 8347494F28BF6E72009D8EA7 /* EssentialFeedApiEndToEndTests.xctest */;
			productType = "com.apple.product-type.bundle.unit-test";
		};
		838B410428917A5A005075D3 /* EssentialFeed */ = {
			isa = PBXNativeTarget;
			buildConfigurationList = 838B411928917A5A005075D3 /* Build configuration list for PBXNativeTarget "EssentialFeed" */;
			buildPhases = (
				838B410028917A5A005075D3 /* Headers */,
				838B410128917A5A005075D3 /* Sources */,
				838B410228917A5A005075D3 /* Frameworks */,
				838B410328917A5A005075D3 /* Resources */,
			);
			buildRules = (
			);
			dependencies = (
			);
			name = EssentialFeed;
			productName = EssentialFeed;
			productReference = 838B410528917A5A005075D3 /* EssentialFeed.framework */;
			productType = "com.apple.product-type.framework";
		};
		838B410E28917A5A005075D3 /* EssentialFeedTests */ = {
			isa = PBXNativeTarget;
			buildConfigurationList = 838B411C28917A5A005075D3 /* Build configuration list for PBXNativeTarget "EssentialFeedTests" */;
			buildPhases = (
				838B410B28917A5A005075D3 /* Sources */,
				838B410C28917A5A005075D3 /* Frameworks */,
				838B410D28917A5A005075D3 /* Resources */,
			);
			buildRules = (
			);
			dependencies = (
				838B411228917A5A005075D3 /* PBXTargetDependency */,
			);
			name = EssentialFeedTests;
			productName = EssentialFeedTests;
			productReference = 838B410F28917A5A005075D3 /* EssentialFeedTests.xctest */;
			productType = "com.apple.product-type.bundle.unit-test";
		};
/* End PBXNativeTarget section */

/* Begin PBXProject section */
		838B40FC28917A5A005075D3 /* Project object */ = {
			isa = PBXProject;
			attributes = {
				BuildIndependentTargetsInParallel = 1;
				LastSwiftUpdateCheck = 1330;
				LastUpgradeCheck = 1330;
				TargetAttributes = {
					8347494E28BF6E72009D8EA7 = {
						CreatedOnToolsVersion = 13.3;
					};
					838B410428917A5A005075D3 = {
						CreatedOnToolsVersion = 13.3;
					};
					838B410E28917A5A005075D3 = {
						CreatedOnToolsVersion = 13.3;
					};
				};
			};
			buildConfigurationList = 838B40FF28917A5A005075D3 /* Build configuration list for PBXProject "EssentialFeed" */;
			compatibilityVersion = "Xcode 13.0";
			developmentRegion = en;
			hasScannedForEncodings = 0;
			knownRegions = (
				en,
				Base,
			);
			mainGroup = 838B40FB28917A5A005075D3;
			productRefGroup = 838B410628917A5A005075D3 /* Products */;
			projectDirPath = "";
			projectRoot = "";
			targets = (
				838B410428917A5A005075D3 /* EssentialFeed */,
				838B410E28917A5A005075D3 /* EssentialFeedTests */,
				8347494E28BF6E72009D8EA7 /* EssentialFeedApiEndToEndTests */,
			);
		};
/* End PBXProject section */

/* Begin PBXResourcesBuildPhase section */
		8347494D28BF6E72009D8EA7 /* Resources */ = {
			isa = PBXResourcesBuildPhase;
			buildActionMask = 2147483647;
			files = (
			);
			runOnlyForDeploymentPostprocessing = 0;
		};
		838B410328917A5A005075D3 /* Resources */ = {
			isa = PBXResourcesBuildPhase;
			buildActionMask = 2147483647;
			files = (
			);
			runOnlyForDeploymentPostprocessing = 0;
		};
		838B410D28917A5A005075D3 /* Resources */ = {
			isa = PBXResourcesBuildPhase;
			buildActionMask = 2147483647;
			files = (
			);
			runOnlyForDeploymentPostprocessing = 0;
		};
/* End PBXResourcesBuildPhase section */

/* Begin PBXSourcesBuildPhase section */
		8347494B28BF6E72009D8EA7 /* Sources */ = {
			isa = PBXSourcesBuildPhase;
			buildActionMask = 2147483647;
			files = (
				8347495228BF6E72009D8EA7 /* EssentialFeedApiEndToEndTests.swift in Sources */,
				83D2FE3828BF77E60044927C /* XCTestCase+MemoryLeakTracking.swift in Sources */,
			);
			runOnlyForDeploymentPostprocessing = 0;
		};
		838B410128917A5A005075D3 /* Sources */ = {
			isa = PBXSourcesBuildPhase;
			buildActionMask = 2147483647;
			files = (
				83A2F1DF28C72E1800673F99 /* LocalFeedImage.swift in Sources */,
				8392419428C5D5BA00B71CB0 /* FeedStore.swift in Sources */,
				83BD665328BCB1A000F0F5AE /* URLSessionHTTPClient.swift in Sources */,
				83D6AFC328958E9700C7D58F /* RemoteFeedLoader.swift in Sources */,
				83D8DC1C28A3865500958D2F /* HTTPClient.swift in Sources */,
				838B412328917AE2005075D3 /* FeedLoader.swift in Sources */,
				83D8DC1E28A3870700958D2F /* FeedItemsMapper.swift in Sources */,
				83A2F1DD28C72DCE00673F99 /* RemoteFeedItem.swift in Sources */,
				834FC3A628CF14F7004AEE3C /* CodableFeedStore.swift in Sources */,
				83B8A5BC28CB098B0019EE3A /* FeedCachePolicy.swift in Sources */,
				838B412128917A93005075D3 /* FeedImage.swift in Sources */,
				8392419228C5D4CD00B71CB0 /* LocalFeedLoader.swift in Sources */,
				838B410A28917A5A005075D3 /* EssentialFeed.docc in Sources */,
			);
			runOnlyForDeploymentPostprocessing = 0;
		};
		838B410B28917A5A005075D3 /* Sources */ = {
			isa = PBXSourcesBuildPhase;
			buildActionMask = 2147483647;
			files = (
				83BDF53128C9C62A00D538CD /* FeedCacheTestHelpers.swift in Sources */,
				83235B132892C9A1001072D3 /* LoadFeedFromRemoteUseCaseTest.swift in Sources */,
				83795F5B28CC7F8B00F92FDB /* CodableFeedStoreTest.swift in Sources */,
				83250F1328B89A1D00A58390 /* XCTestCase+MemoryLeakTracking.swift in Sources */,
				83A2F1E428C8645B00673F99 /* FeedStoreSpy.swift in Sources */,
				8392418F28C5A8C300B71CB0 /* CacheFeedUseCaseTest.swift in Sources */,
				83BDF53328C9C70300D538CD /* SharedTestHelpers.swift in Sources */,
				8308B8DB28AE2832009E2F5B /* URLSessionHTTPClientTests.swift in Sources */,
				83BDF52F28C9C07F00D538CD /* ValidateFeedCacheUseCaseTest.swift in Sources */,
				8372A66828D05BFB00CFD563 /* FeedStoreSpecs.swift in Sources */,
				83A2F1E128C862CE00673F99 /* LoadFeedFromCacheUseCaseTest.swift in Sources */,
				8372A66A28D0624900CFD563 /* XCTestCase+FeedStoreSpecs.swift in Sources */,
			);
			runOnlyForDeploymentPostprocessing = 0;
		};
/* End PBXSourcesBuildPhase section */

/* Begin PBXTargetDependency section */
		838B411228917A5A005075D3 /* PBXTargetDependency */ = {
			isa = PBXTargetDependency;
			target = 838B410428917A5A005075D3 /* EssentialFeed */;
			targetProxy = 838B411128917A5A005075D3 /* PBXContainerItemProxy */;
		};
/* End PBXTargetDependency section */

/* Begin XCBuildConfiguration section */
		8347495328BF6E72009D8EA7 /* Debug */ = {
			isa = XCBuildConfiguration;
			buildSettings = {
				CODE_SIGN_STYLE = Automatic;
				CURRENT_PROJECT_VERSION = 1;
				DEVELOPMENT_TEAM = WZB5R9B92Y;
				GENERATE_INFOPLIST_FILE = YES;
				MARKETING_VERSION = 1.0;
				PRODUCT_BUNDLE_IDENTIFIER = co.id.aminfaruq.EssentialFeedApiEndToEndTests;
				PRODUCT_NAME = "$(TARGET_NAME)";
				SWIFT_EMIT_LOC_STRINGS = NO;
				SWIFT_VERSION = 5.0;
			};
			name = Debug;
		};
		8347495428BF6E72009D8EA7 /* Release */ = {
			isa = XCBuildConfiguration;
			buildSettings = {
				CODE_SIGN_STYLE = Automatic;
				CURRENT_PROJECT_VERSION = 1;
				DEVELOPMENT_TEAM = WZB5R9B92Y;
				GENERATE_INFOPLIST_FILE = YES;
				MARKETING_VERSION = 1.0;
				PRODUCT_BUNDLE_IDENTIFIER = co.id.aminfaruq.EssentialFeedApiEndToEndTests;
				PRODUCT_NAME = "$(TARGET_NAME)";
				SDKROOT = macosx;
				SWIFT_EMIT_LOC_STRINGS = NO;
				SWIFT_VERSION = 5.0;
			};
			name = Release;
		};
		838B411728917A5A005075D3 /* Debug */ = {
			isa = XCBuildConfiguration;
			buildSettings = {
				ALWAYS_SEARCH_USER_PATHS = NO;
				CLANG_ANALYZER_NONNULL = YES;
				CLANG_ANALYZER_NUMBER_OBJECT_CONVERSION = YES_AGGRESSIVE;
				CLANG_CXX_LANGUAGE_STANDARD = "gnu++17";
				CLANG_ENABLE_MODULES = YES;
				CLANG_ENABLE_OBJC_ARC = YES;
				CLANG_ENABLE_OBJC_WEAK = YES;
				CLANG_WARN_BLOCK_CAPTURE_AUTORELEASING = YES;
				CLANG_WARN_BOOL_CONVERSION = YES;
				CLANG_WARN_COMMA = YES;
				CLANG_WARN_CONSTANT_CONVERSION = YES;
				CLANG_WARN_DEPRECATED_OBJC_IMPLEMENTATIONS = YES;
				CLANG_WARN_DIRECT_OBJC_ISA_USAGE = YES_ERROR;
				CLANG_WARN_DOCUMENTATION_COMMENTS = YES;
				CLANG_WARN_EMPTY_BODY = YES;
				CLANG_WARN_ENUM_CONVERSION = YES;
				CLANG_WARN_INFINITE_RECURSION = YES;
				CLANG_WARN_INT_CONVERSION = YES;
				CLANG_WARN_NON_LITERAL_NULL_CONVERSION = YES;
				CLANG_WARN_OBJC_IMPLICIT_RETAIN_SELF = YES;
				CLANG_WARN_OBJC_LITERAL_CONVERSION = YES;
				CLANG_WARN_OBJC_ROOT_CLASS = YES_ERROR;
				CLANG_WARN_QUOTED_INCLUDE_IN_FRAMEWORK_HEADER = YES;
				CLANG_WARN_RANGE_LOOP_ANALYSIS = YES;
				CLANG_WARN_STRICT_PROTOTYPES = YES;
				CLANG_WARN_SUSPICIOUS_MOVE = YES;
				CLANG_WARN_UNGUARDED_AVAILABILITY = YES_AGGRESSIVE;
				CLANG_WARN_UNREACHABLE_CODE = YES;
				CLANG_WARN__DUPLICATE_METHOD_MATCH = YES;
				COPY_PHASE_STRIP = NO;
				CURRENT_PROJECT_VERSION = 1;
				DEBUG_INFORMATION_FORMAT = dwarf;
				ENABLE_STRICT_OBJC_MSGSEND = YES;
				ENABLE_TESTABILITY = YES;
				GCC_C_LANGUAGE_STANDARD = gnu11;
				GCC_DYNAMIC_NO_PIC = NO;
				GCC_NO_COMMON_BLOCKS = YES;
				GCC_OPTIMIZATION_LEVEL = 0;
				GCC_PREPROCESSOR_DEFINITIONS = (
					"DEBUG=1",
					"$(inherited)",
				);
				GCC_WARN_64_TO_32_BIT_CONVERSION = YES;
				GCC_WARN_ABOUT_RETURN_TYPE = YES_ERROR;
				GCC_WARN_UNDECLARED_SELECTOR = YES;
				GCC_WARN_UNINITIALIZED_AUTOS = YES_AGGRESSIVE;
				GCC_WARN_UNUSED_FUNCTION = YES;
				GCC_WARN_UNUSED_VARIABLE = YES;
				MACOSX_DEPLOYMENT_TARGET = 12.3;
				MTL_ENABLE_DEBUG_INFO = INCLUDE_SOURCE;
				MTL_FAST_MATH = YES;
				ONLY_ACTIVE_ARCH = YES;
				SDKROOT = macosx;
				SWIFT_ACTIVE_COMPILATION_CONDITIONS = DEBUG;
				SWIFT_OPTIMIZATION_LEVEL = "-Onone";
				VERSIONING_SYSTEM = "apple-generic";
				VERSION_INFO_PREFIX = "";
			};
			name = Debug;
		};
		838B411828917A5A005075D3 /* Release */ = {
			isa = XCBuildConfiguration;
			buildSettings = {
				ALWAYS_SEARCH_USER_PATHS = NO;
				CLANG_ANALYZER_NONNULL = YES;
				CLANG_ANALYZER_NUMBER_OBJECT_CONVERSION = YES_AGGRESSIVE;
				CLANG_CXX_LANGUAGE_STANDARD = "gnu++17";
				CLANG_ENABLE_MODULES = YES;
				CLANG_ENABLE_OBJC_ARC = YES;
				CLANG_ENABLE_OBJC_WEAK = YES;
				CLANG_WARN_BLOCK_CAPTURE_AUTORELEASING = YES;
				CLANG_WARN_BOOL_CONVERSION = YES;
				CLANG_WARN_COMMA = YES;
				CLANG_WARN_CONSTANT_CONVERSION = YES;
				CLANG_WARN_DEPRECATED_OBJC_IMPLEMENTATIONS = YES;
				CLANG_WARN_DIRECT_OBJC_ISA_USAGE = YES_ERROR;
				CLANG_WARN_DOCUMENTATION_COMMENTS = YES;
				CLANG_WARN_EMPTY_BODY = YES;
				CLANG_WARN_ENUM_CONVERSION = YES;
				CLANG_WARN_INFINITE_RECURSION = YES;
				CLANG_WARN_INT_CONVERSION = YES;
				CLANG_WARN_NON_LITERAL_NULL_CONVERSION = YES;
				CLANG_WARN_OBJC_IMPLICIT_RETAIN_SELF = YES;
				CLANG_WARN_OBJC_LITERAL_CONVERSION = YES;
				CLANG_WARN_OBJC_ROOT_CLASS = YES_ERROR;
				CLANG_WARN_QUOTED_INCLUDE_IN_FRAMEWORK_HEADER = YES;
				CLANG_WARN_RANGE_LOOP_ANALYSIS = YES;
				CLANG_WARN_STRICT_PROTOTYPES = YES;
				CLANG_WARN_SUSPICIOUS_MOVE = YES;
				CLANG_WARN_UNGUARDED_AVAILABILITY = YES_AGGRESSIVE;
				CLANG_WARN_UNREACHABLE_CODE = YES;
				CLANG_WARN__DUPLICATE_METHOD_MATCH = YES;
				COPY_PHASE_STRIP = NO;
				CURRENT_PROJECT_VERSION = 1;
				DEBUG_INFORMATION_FORMAT = "dwarf-with-dsym";
				ENABLE_NS_ASSERTIONS = NO;
				ENABLE_STRICT_OBJC_MSGSEND = YES;
				GCC_C_LANGUAGE_STANDARD = gnu11;
				GCC_NO_COMMON_BLOCKS = YES;
				GCC_WARN_64_TO_32_BIT_CONVERSION = YES;
				GCC_WARN_ABOUT_RETURN_TYPE = YES_ERROR;
				GCC_WARN_UNDECLARED_SELECTOR = YES;
				GCC_WARN_UNINITIALIZED_AUTOS = YES_AGGRESSIVE;
				GCC_WARN_UNUSED_FUNCTION = YES;
				GCC_WARN_UNUSED_VARIABLE = YES;
				MACOSX_DEPLOYMENT_TARGET = 12.3;
				MTL_ENABLE_DEBUG_INFO = NO;
				MTL_FAST_MATH = YES;
				SDKROOT = iphoneos;
				SWIFT_COMPILATION_MODE = wholemodule;
				SWIFT_OPTIMIZATION_LEVEL = "-O";
				VERSIONING_SYSTEM = "apple-generic";
				VERSION_INFO_PREFIX = "";
			};
			name = Release;
		};
		838B411A28917A5A005075D3 /* Debug */ = {
			isa = XCBuildConfiguration;
			buildSettings = {
				CODE_SIGN_STYLE = Automatic;
				COMBINE_HIDPI_IMAGES = YES;
				CURRENT_PROJECT_VERSION = 1;
				DEFINES_MODULE = YES;
				DEVELOPMENT_TEAM = WZB5R9B92Y;
				DYLIB_COMPATIBILITY_VERSION = 1;
				DYLIB_CURRENT_VERSION = 1;
				DYLIB_INSTALL_NAME_BASE = "@rpath";
				GENERATE_INFOPLIST_FILE = YES;
				INFOPLIST_KEY_NSHumanReadableCopyright = "";
				INSTALL_PATH = "$(LOCAL_LIBRARY_DIR)/Frameworks";
				LD_RUNPATH_SEARCH_PATHS = (
					"$(inherited)",
					"@executable_path/../Frameworks",
					"@loader_path/Frameworks",
				);
				MARKETING_VERSION = 1.0;
				PRODUCT_BUNDLE_IDENTIFIER = co.id.aminfaruq.EssentialFeed;
				PRODUCT_NAME = "$(TARGET_NAME:c99extidentifier)";
				SKIP_INSTALL = YES;
				SWIFT_EMIT_LOC_STRINGS = YES;
				SWIFT_VERSION = 5.0;
			};
			name = Debug;
		};
		838B411B28917A5A005075D3 /* Release */ = {
			isa = XCBuildConfiguration;
			buildSettings = {
				CODE_SIGN_STYLE = Automatic;
				COMBINE_HIDPI_IMAGES = YES;
				CURRENT_PROJECT_VERSION = 1;
				DEFINES_MODULE = YES;
				DEVELOPMENT_TEAM = WZB5R9B92Y;
				DYLIB_COMPATIBILITY_VERSION = 1;
				DYLIB_CURRENT_VERSION = 1;
				DYLIB_INSTALL_NAME_BASE = "@rpath";
				GENERATE_INFOPLIST_FILE = YES;
				INFOPLIST_KEY_NSHumanReadableCopyright = "";
				INSTALL_PATH = "$(LOCAL_LIBRARY_DIR)/Frameworks";
				LD_RUNPATH_SEARCH_PATHS = (
					"$(inherited)",
					"@executable_path/../Frameworks",
					"@loader_path/Frameworks",
				);
				MARKETING_VERSION = 1.0;
				PRODUCT_BUNDLE_IDENTIFIER = co.id.aminfaruq.EssentialFeed;
				PRODUCT_NAME = "$(TARGET_NAME:c99extidentifier)";
				SKIP_INSTALL = YES;
				SWIFT_EMIT_LOC_STRINGS = YES;
				SWIFT_VERSION = 5.0;
			};
			name = Release;
		};
		838B411D28917A5A005075D3 /* Debug */ = {
			isa = XCBuildConfiguration;
			buildSettings = {
				ALWAYS_EMBED_SWIFT_STANDARD_LIBRARIES = YES;
				CODE_SIGN_STYLE = Automatic;
				CURRENT_PROJECT_VERSION = 1;
				DEVELOPMENT_TEAM = WZB5R9B92Y;
				GENERATE_INFOPLIST_FILE = YES;
				MARKETING_VERSION = 1.0;
				PRODUCT_BUNDLE_IDENTIFIER = co.id.aminfaruq.EssentialFeedTests;
				PRODUCT_NAME = "$(TARGET_NAME)";
				SWIFT_EMIT_LOC_STRINGS = NO;
				SWIFT_VERSION = 5.0;
			};
			name = Debug;
		};
		838B411E28917A5A005075D3 /* Release */ = {
			isa = XCBuildConfiguration;
			buildSettings = {
				ALWAYS_EMBED_SWIFT_STANDARD_LIBRARIES = YES;
				CODE_SIGN_STYLE = Automatic;
				CURRENT_PROJECT_VERSION = 1;
				DEVELOPMENT_TEAM = WZB5R9B92Y;
				GENERATE_INFOPLIST_FILE = YES;
				MARKETING_VERSION = 1.0;
				PRODUCT_BUNDLE_IDENTIFIER = co.id.aminfaruq.EssentialFeedTests;
				PRODUCT_NAME = "$(TARGET_NAME)";
				SWIFT_EMIT_LOC_STRINGS = NO;
				SWIFT_VERSION = 5.0;
			};
			name = Release;
		};
/* End XCBuildConfiguration section */

/* Begin XCConfigurationList section */
		8347495528BF6E72009D8EA7 /* Build configuration list for PBXNativeTarget "EssentialFeedApiEndToEndTests" */ = {
			isa = XCConfigurationList;
			buildConfigurations = (
				8347495328BF6E72009D8EA7 /* Debug */,
				8347495428BF6E72009D8EA7 /* Release */,
			);
			defaultConfigurationIsVisible = 0;
			defaultConfigurationName = Release;
		};
		838B40FF28917A5A005075D3 /* Build configuration list for PBXProject "EssentialFeed" */ = {
			isa = XCConfigurationList;
			buildConfigurations = (
				838B411728917A5A005075D3 /* Debug */,
				838B411828917A5A005075D3 /* Release */,
			);
			defaultConfigurationIsVisible = 0;
			defaultConfigurationName = Release;
		};
		838B411928917A5A005075D3 /* Build configuration list for PBXNativeTarget "EssentialFeed" */ = {
			isa = XCConfigurationList;
			buildConfigurations = (
				838B411A28917A5A005075D3 /* Debug */,
				838B411B28917A5A005075D3 /* Release */,
			);
			defaultConfigurationIsVisible = 0;
			defaultConfigurationName = Release;
		};
		838B411C28917A5A005075D3 /* Build configuration list for PBXNativeTarget "EssentialFeedTests" */ = {
			isa = XCConfigurationList;
			buildConfigurations = (
				838B411D28917A5A005075D3 /* Debug */,
				838B411E28917A5A005075D3 /* Release */,
			);
			defaultConfigurationIsVisible = 0;
			defaultConfigurationName = Release;
		};
/* End XCConfigurationList section */
	};
	rootObject = 838B40FC28917A5A005075D3 /* Project object */;
}
