// !$*UTF8*$!
{
	archiveVersion = 1;
	classes = {
	};
	objectVersion = 55;
	objects = {

/* Begin PBXBuildFile section */
		8308B8DB28AE2832009E2F5B /* URLSessionHTTPClientTests.swift in Sources */ = {isa = PBXBuildFile; fileRef = 8308B8DA28AE2832009E2F5B /* URLSessionHTTPClientTests.swift */; };
		831E3C4D28DACBBF004D6390 /* Feed.storyboard in Resources */ = {isa = PBXBuildFile; fileRef = 831E3C4C28DACBBF004D6390 /* Feed.storyboard */; };
		831E3C4F28DACC66004D6390 /* Feed.xcassets in Resources */ = {isa = PBXBuildFile; fileRef = 831E3C4E28DACC66004D6390 /* Feed.xcassets */; };
		831E3C5128DADBED004D6390 /* UITableView+Dequeueing.swift in Sources */ = {isa = PBXBuildFile; fileRef = 831E3C5028DADBED004D6390 /* UITableView+Dequeueing.swift */; };
		831E3C5328DADCA5004D6390 /* UIImageView+Animations.swift in Sources */ = {isa = PBXBuildFile; fileRef = 831E3C5228DADCA5004D6390 /* UIImageView+Animations.swift */; };
		831E74E528D9B61000F34376 /* FeedLoadingViewModel.swift in Sources */ = {isa = PBXBuildFile; fileRef = 831E74E428D9B61000F34376 /* FeedLoadingViewModel.swift */; };
		831E74E728D9B62100F34376 /* FeedViewModel.swift in Sources */ = {isa = PBXBuildFile; fileRef = 831E74E628D9B62100F34376 /* FeedViewModel.swift */; };
		83235B132892C9A1001072D3 /* LoadFeedFromRemoteUseCaseTest.swift in Sources */ = {isa = PBXBuildFile; fileRef = 83235B122892C9A1001072D3 /* LoadFeedFromRemoteUseCaseTest.swift */; };
		83250F1328B89A1D00A58390 /* XCTestCase+MemoryLeakTracking.swift in Sources */ = {isa = PBXBuildFile; fileRef = 83250F1228B89A1D00A58390 /* XCTestCase+MemoryLeakTracking.swift */; };
		8329C8F528D1C055005FDCB4 /* EssentialFeedCacheIntegrationTest.swift in Sources */ = {isa = PBXBuildFile; fileRef = 8329C8F428D1C055005FDCB4 /* EssentialFeedCacheIntegrationTest.swift */; };
		8329C8F928D1C1C8005FDCB4 /* XCTestCase+MemoryLeakTracking.swift in Sources */ = {isa = PBXBuildFile; fileRef = 83250F1228B89A1D00A58390 /* XCTestCase+MemoryLeakTracking.swift */; };
		832C8B5328D9AF1E00DBA4A1 /* FeedImagePresenter.swift in Sources */ = {isa = PBXBuildFile; fileRef = 832C8B5228D9AF1E00DBA4A1 /* FeedImagePresenter.swift */; };
		83354A9028D813C90084F801 /* UIImage+TestHelpers.swift in Sources */ = {isa = PBXBuildFile; fileRef = 83354A8F28D813C90084F801 /* UIImage+TestHelpers.swift */; };
		83354A9228D8146F0084F801 /* UIRefreshControl+TestHelpers.swift in Sources */ = {isa = PBXBuildFile; fileRef = 83354A9128D8146F0084F801 /* UIRefreshControl+TestHelpers.swift */; };
		83354A9428D814DC0084F801 /* UIButton+TestHelpers.swift in Sources */ = {isa = PBXBuildFile; fileRef = 83354A9328D814DC0084F801 /* UIButton+TestHelpers.swift */; };
		83354A9628D8154A0084F801 /* UIControl+TestHelpers.swift in Sources */ = {isa = PBXBuildFile; fileRef = 83354A9528D8154A0084F801 /* UIControl+TestHelpers.swift */; };
		83354A9928D820CF0084F801 /* FeedViewController+TestHelpers.swift in Sources */ = {isa = PBXBuildFile; fileRef = 83354A9828D820CF0084F801 /* FeedViewController+TestHelpers.swift */; };
		83354A9B28D8216E0084F801 /* FeedImageCell+TestHelpers.swift in Sources */ = {isa = PBXBuildFile; fileRef = 83354A9A28D8216E0084F801 /* FeedImageCell+TestHelpers.swift */; };
		83354A9D28D821EB0084F801 /* FeedViewControllerTest+LoaderSpy.swift in Sources */ = {isa = PBXBuildFile; fileRef = 83354A9C28D821EB0084F801 /* FeedViewControllerTest+LoaderSpy.swift */; };
		83354A9F28D823000084F801 /* FeedViewController+Assertions.swift in Sources */ = {isa = PBXBuildFile; fileRef = 83354A9E28D823000084F801 /* FeedViewController+Assertions.swift */; };
		83354AA428D824EA0084F801 /* FeedImageDataLoader.swift in Sources */ = {isa = PBXBuildFile; fileRef = 83354AA328D824EA0084F801 /* FeedImageDataLoader.swift */; };
		83354AA628D828C70084F801 /* FeedImageCellController.swift in Sources */ = {isa = PBXBuildFile; fileRef = 83354AA528D828C70084F801 /* FeedImageCellController.swift */; };
		83354AA928D82D4C0084F801 /* FeedUIComposer.swift in Sources */ = {isa = PBXBuildFile; fileRef = 83354AA828D82D4C0084F801 /* FeedUIComposer.swift */; };
		83354AAC28D84B1E0084F801 /* FeedPresenter.swift in Sources */ = {isa = PBXBuildFile; fileRef = 83354AAB28D84B1E0084F801 /* FeedPresenter.swift */; };
		83354AAE28D851980084F801 /* FeedImageViewModel.swift in Sources */ = {isa = PBXBuildFile; fileRef = 83354AAD28D851980084F801 /* FeedImageViewModel.swift */; };
		8347495228BF6E72009D8EA7 /* EssentialFeedApiEndToEndTests.swift in Sources */ = {isa = PBXBuildFile; fileRef = 8347495128BF6E72009D8EA7 /* EssentialFeedApiEndToEndTests.swift */; };
		8349415528D302460016A0C0 /* XCTestCase+FailableInsertFeedStoreSpecs.swift in Sources */ = {isa = PBXBuildFile; fileRef = 8349415428D302460016A0C0 /* XCTestCase+FailableInsertFeedStoreSpecs.swift */; };
		8349415728D302660016A0C0 /* XCTestCase+FailableDeleteFeedStoreSpecs.swift in Sources */ = {isa = PBXBuildFile; fileRef = 8349415628D302660016A0C0 /* XCTestCase+FailableDeleteFeedStoreSpecs.swift */; };
		8349415928D304F30016A0C0 /* XCTestCase+FailableRetrieveFeedStoreSpecs.swift in Sources */ = {isa = PBXBuildFile; fileRef = 8349415828D304F30016A0C0 /* XCTestCase+FailableRetrieveFeedStoreSpecs.swift */; };
		835C6F9D28DAEE3500C430C8 /* Feed.strings in Resources */ = {isa = PBXBuildFile; fileRef = 835C6F9C28DAEE3500C430C8 /* Feed.strings */; };
		8372A66828D05BFB00CFD563 /* FeedStoreSpecs.swift in Sources */ = {isa = PBXBuildFile; fileRef = 8372A66728D05BFB00CFD563 /* FeedStoreSpecs.swift */; };
		8372A66A28D0624900CFD563 /* XCTestCase+FeedStoreSpecs.swift in Sources */ = {isa = PBXBuildFile; fileRef = 8372A66928D0624900CFD563 /* XCTestCase+FeedStoreSpecs.swift */; };
		8372A66C28D0701500CFD563 /* CoreDataFeedStoreTests.swift in Sources */ = {isa = PBXBuildFile; fileRef = 8372A66B28D0701500CFD563 /* CoreDataFeedStoreTests.swift */; };
		8372A66E28D0728900CFD563 /* CoreDataFeedStore.swift in Sources */ = {isa = PBXBuildFile; fileRef = 8372A66D28D0728900CFD563 /* CoreDataFeedStore.swift */; };
		8372A67128D074A300CFD563 /* FeedStore.xcdatamodeld in Sources */ = {isa = PBXBuildFile; fileRef = 8372A66F28D074A300CFD563 /* FeedStore.xcdatamodeld */; };
		8372A67628D08A3D00CFD563 /* CoreDataHelpers.swift in Sources */ = {isa = PBXBuildFile; fileRef = 8372A67528D08A3D00CFD563 /* CoreDataHelpers.swift */; };
		8372A67828D08AD900CFD563 /* ManagedCache.swift in Sources */ = {isa = PBXBuildFile; fileRef = 8372A67728D08AD900CFD563 /* ManagedCache.swift */; };
		8372A67A28D08B2200CFD563 /* ManagedFeedImage.swift in Sources */ = {isa = PBXBuildFile; fileRef = 8372A67928D08B2200CFD563 /* ManagedFeedImage.swift */; };
		8385E7F128D1C6600095989E /* FeedCacheTestHelpers.swift in Sources */ = {isa = PBXBuildFile; fileRef = 83BDF53028C9C62A00D538CD /* FeedCacheTestHelpers.swift */; };
		8385E7F228D1C6740095989E /* SharedTestHelpers.swift in Sources */ = {isa = PBXBuildFile; fileRef = 83BDF53228C9C70300D538CD /* SharedTestHelpers.swift */; };
		838B410A28917A5A005075D3 /* EssentialFeed.docc in Sources */ = {isa = PBXBuildFile; fileRef = 838B410928917A5A005075D3 /* EssentialFeed.docc */; };
		838B411028917A5A005075D3 /* EssentialFeed.framework in Frameworks */ = {isa = PBXBuildFile; fileRef = 838B410528917A5A005075D3 /* EssentialFeed.framework */; };
		838B411628917A5A005075D3 /* EssentialFeed.h in Headers */ = {isa = PBXBuildFile; fileRef = 838B410828917A5A005075D3 /* EssentialFeed.h */; settings = {ATTRIBUTES = (Public, ); }; };
		838B412128917A93005075D3 /* FeedImage.swift in Sources */ = {isa = PBXBuildFile; fileRef = 838B412028917A93005075D3 /* FeedImage.swift */; };
		838B412328917AE2005075D3 /* FeedLoader.swift in Sources */ = {isa = PBXBuildFile; fileRef = 838B412228917AE2005075D3 /* FeedLoader.swift */; };
		8392418F28C5A8C300B71CB0 /* CacheFeedUseCaseTest.swift in Sources */ = {isa = PBXBuildFile; fileRef = 8392418E28C5A8C300B71CB0 /* CacheFeedUseCaseTest.swift */; };
		8392419228C5D4CD00B71CB0 /* LocalFeedLoader.swift in Sources */ = {isa = PBXBuildFile; fileRef = 8392419128C5D4CD00B71CB0 /* LocalFeedLoader.swift */; };
		8392419428C5D5BA00B71CB0 /* FeedStore.swift in Sources */ = {isa = PBXBuildFile; fileRef = 8392419328C5D5BA00B71CB0 /* FeedStore.swift */; };
		83A2F1DD28C72DCE00673F99 /* RemoteFeedItem.swift in Sources */ = {isa = PBXBuildFile; fileRef = 83A2F1DC28C72DCE00673F99 /* RemoteFeedItem.swift */; };
		83A2F1DF28C72E1800673F99 /* LocalFeedImage.swift in Sources */ = {isa = PBXBuildFile; fileRef = 83A2F1DE28C72E1800673F99 /* LocalFeedImage.swift */; };
		83A2F1E128C862CE00673F99 /* LoadFeedFromCacheUseCaseTest.swift in Sources */ = {isa = PBXBuildFile; fileRef = 83A2F1E028C862CE00673F99 /* LoadFeedFromCacheUseCaseTest.swift */; };
		83A2F1E428C8645B00673F99 /* FeedStoreSpy.swift in Sources */ = {isa = PBXBuildFile; fileRef = 83A2F1E328C8645B00673F99 /* FeedStoreSpy.swift */; };
		83B8A5BC28CB098B0019EE3A /* FeedCachePolicy.swift in Sources */ = {isa = PBXBuildFile; fileRef = 83B8A5BB28CB098B0019EE3A /* FeedCachePolicy.swift */; };
		83BD665328BCB1A000F0F5AE /* URLSessionHTTPClient.swift in Sources */ = {isa = PBXBuildFile; fileRef = 83BD665228BCB1A000F0F5AE /* URLSessionHTTPClient.swift */; };
		83BDF52F28C9C07F00D538CD /* ValidateFeedCacheUseCaseTest.swift in Sources */ = {isa = PBXBuildFile; fileRef = 83BDF52E28C9C07F00D538CD /* ValidateFeedCacheUseCaseTest.swift */; };
		83BDF53128C9C62A00D538CD /* FeedCacheTestHelpers.swift in Sources */ = {isa = PBXBuildFile; fileRef = 83BDF53028C9C62A00D538CD /* FeedCacheTestHelpers.swift */; };
		83BDF53328C9C70300D538CD /* SharedTestHelpers.swift in Sources */ = {isa = PBXBuildFile; fileRef = 83BDF53228C9C70300D538CD /* SharedTestHelpers.swift */; };
		83D2FE3828BF77E60044927C /* XCTestCase+MemoryLeakTracking.swift in Sources */ = {isa = PBXBuildFile; fileRef = 83250F1228B89A1D00A58390 /* XCTestCase+MemoryLeakTracking.swift */; };
		83D6AFC328958E9700C7D58F /* RemoteFeedLoader.swift in Sources */ = {isa = PBXBuildFile; fileRef = 83D6AFC228958E9700C7D58F /* RemoteFeedLoader.swift */; };
		83D8DC1C28A3865500958D2F /* HTTPClient.swift in Sources */ = {isa = PBXBuildFile; fileRef = 83D8DC1B28A3865500958D2F /* HTTPClient.swift */; };
		83D8DC1E28A3870700958D2F /* FeedItemsMapper.swift in Sources */ = {isa = PBXBuildFile; fileRef = 83D8DC1D28A3870700958D2F /* FeedItemsMapper.swift */; };
		83E4F5A128D6DC9D00B54D55 /* XCTestCase+MemoryLeakTracking.swift in Sources */ = {isa = PBXBuildFile; fileRef = 83250F1228B89A1D00A58390 /* XCTestCase+MemoryLeakTracking.swift */; };
		83E4F5A328D6E67700B54D55 /* FeedViewController.swift in Sources */ = {isa = PBXBuildFile; fileRef = 83E4F5A228D6E67700B54D55 /* FeedViewController.swift */; };
		83E4F5A528D7015100B54D55 /* FeedImageCell.swift in Sources */ = {isa = PBXBuildFile; fileRef = 83E4F5A428D7015100B54D55 /* FeedImageCell.swift */; };
		83E4F5A728D7132800B54D55 /* UIView+Shimmering.swift in Sources */ = {isa = PBXBuildFile; fileRef = 83E4F5A628D7132800B54D55 /* UIView+Shimmering.swift */; };
		83FA785728D59E04001C8D1D /* EssentialFeediOS.framework in Frameworks */ = {isa = PBXBuildFile; fileRef = 83FA784F28D59E03001C8D1D /* EssentialFeediOS.framework */; };
		83FA786528D6D5D6001C8D1D /* FeedViewControllerTest.swift in Sources */ = {isa = PBXBuildFile; fileRef = 83FA786428D6D5D6001C8D1D /* FeedViewControllerTest.swift */; };
		83FA786C28D6DA6C001C8D1D /* EssentialFeed.framework in Frameworks */ = {isa = PBXBuildFile; fileRef = 838B410528917A5A005075D3 /* EssentialFeed.framework */; platformFilter = ios; };
		83FA786D28D6DA6C001C8D1D /* EssentialFeed.framework in Embed Frameworks */ = {isa = PBXBuildFile; fileRef = 838B410528917A5A005075D3 /* EssentialFeed.framework */; platformFilter = ios; settings = {ATTRIBUTES = (CodeSignOnCopy, RemoveHeadersOnCopy, ); }; };
/* End PBXBuildFile section */

/* Begin PBXContainerItemProxy section */
		838B411128917A5A005075D3 /* PBXContainerItemProxy */ = {
			isa = PBXContainerItemProxy;
			containerPortal = 838B40FC28917A5A005075D3 /* Project object */;
			proxyType = 1;
			remoteGlobalIDString = 838B410428917A5A005075D3;
			remoteInfo = EssentialFeed;
		};
		83FA785828D59E04001C8D1D /* PBXContainerItemProxy */ = {
			isa = PBXContainerItemProxy;
			containerPortal = 838B40FC28917A5A005075D3 /* Project object */;
			proxyType = 1;
			remoteGlobalIDString = 83FA784E28D59E03001C8D1D;
			remoteInfo = EssentialFeediOS;
		};
		83FA786E28D6DA6C001C8D1D /* PBXContainerItemProxy */ = {
			isa = PBXContainerItemProxy;
			containerPortal = 838B40FC28917A5A005075D3 /* Project object */;
			proxyType = 1;
			remoteGlobalIDString = 838B410428917A5A005075D3;
			remoteInfo = EssentialFeed;
		};
/* End PBXContainerItemProxy section */

/* Begin PBXCopyFilesBuildPhase section */
		83FA787028D6DA6C001C8D1D /* Embed Frameworks */ = {
			isa = PBXCopyFilesBuildPhase;
			buildActionMask = 2147483647;
			dstPath = "";
			dstSubfolderSpec = 10;
			files = (
				83FA786D28D6DA6C001C8D1D /* EssentialFeed.framework in Embed Frameworks */,
			);
			name = "Embed Frameworks";
			runOnlyForDeploymentPostprocessing = 0;
		};
/* End PBXCopyFilesBuildPhase section */

/* Begin PBXFileReference section */
		8308B8DA28AE2832009E2F5B /* URLSessionHTTPClientTests.swift */ = {isa = PBXFileReference; lastKnownFileType = sourcecode.swift; path = URLSessionHTTPClientTests.swift; sourceTree = "<group>"; };
		831E3C4C28DACBBF004D6390 /* Feed.storyboard */ = {isa = PBXFileReference; lastKnownFileType = file.storyboard; path = Feed.storyboard; sourceTree = "<group>"; };
		831E3C4E28DACC66004D6390 /* Feed.xcassets */ = {isa = PBXFileReference; lastKnownFileType = folder.assetcatalog; path = Feed.xcassets; sourceTree = "<group>"; };
		831E3C5028DADBED004D6390 /* UITableView+Dequeueing.swift */ = {isa = PBXFileReference; lastKnownFileType = sourcecode.swift; path = "UITableView+Dequeueing.swift"; sourceTree = "<group>"; };
		831E3C5228DADCA5004D6390 /* UIImageView+Animations.swift */ = {isa = PBXFileReference; lastKnownFileType = sourcecode.swift; path = "UIImageView+Animations.swift"; sourceTree = "<group>"; };
		831E74E428D9B61000F34376 /* FeedLoadingViewModel.swift */ = {isa = PBXFileReference; lastKnownFileType = sourcecode.swift; path = FeedLoadingViewModel.swift; sourceTree = "<group>"; };
		831E74E628D9B62100F34376 /* FeedViewModel.swift */ = {isa = PBXFileReference; lastKnownFileType = sourcecode.swift; path = FeedViewModel.swift; sourceTree = "<group>"; };
		83235B122892C9A1001072D3 /* LoadFeedFromRemoteUseCaseTest.swift */ = {isa = PBXFileReference; lastKnownFileType = sourcecode.swift; path = LoadFeedFromRemoteUseCaseTest.swift; sourceTree = "<group>"; };
		83250F1228B89A1D00A58390 /* XCTestCase+MemoryLeakTracking.swift */ = {isa = PBXFileReference; lastKnownFileType = sourcecode.swift; path = "XCTestCase+MemoryLeakTracking.swift"; sourceTree = "<group>"; };
		8329C8F228D1C055005FDCB4 /* EssentialFeedCacheIntegrationTest.xctest */ = {isa = PBXFileReference; explicitFileType = wrapper.cfbundle; includeInIndex = 0; path = EssentialFeedCacheIntegrationTest.xctest; sourceTree = BUILT_PRODUCTS_DIR; };
		8329C8F428D1C055005FDCB4 /* EssentialFeedCacheIntegrationTest.swift */ = {isa = PBXFileReference; lastKnownFileType = sourcecode.swift; path = EssentialFeedCacheIntegrationTest.swift; sourceTree = "<group>"; };
		832C8B5228D9AF1E00DBA4A1 /* FeedImagePresenter.swift */ = {isa = PBXFileReference; lastKnownFileType = sourcecode.swift; path = FeedImagePresenter.swift; sourceTree = "<group>"; };
		83354A8F28D813C90084F801 /* UIImage+TestHelpers.swift */ = {isa = PBXFileReference; lastKnownFileType = sourcecode.swift; path = "UIImage+TestHelpers.swift"; sourceTree = "<group>"; };
		83354A9128D8146F0084F801 /* UIRefreshControl+TestHelpers.swift */ = {isa = PBXFileReference; lastKnownFileType = sourcecode.swift; path = "UIRefreshControl+TestHelpers.swift"; sourceTree = "<group>"; };
		83354A9328D814DC0084F801 /* UIButton+TestHelpers.swift */ = {isa = PBXFileReference; lastKnownFileType = sourcecode.swift; path = "UIButton+TestHelpers.swift"; sourceTree = "<group>"; };
		83354A9528D8154A0084F801 /* UIControl+TestHelpers.swift */ = {isa = PBXFileReference; lastKnownFileType = sourcecode.swift; path = "UIControl+TestHelpers.swift"; sourceTree = "<group>"; };
		83354A9828D820CF0084F801 /* FeedViewController+TestHelpers.swift */ = {isa = PBXFileReference; lastKnownFileType = sourcecode.swift; path = "FeedViewController+TestHelpers.swift"; sourceTree = "<group>"; };
		83354A9A28D8216E0084F801 /* FeedImageCell+TestHelpers.swift */ = {isa = PBXFileReference; lastKnownFileType = sourcecode.swift; path = "FeedImageCell+TestHelpers.swift"; sourceTree = "<group>"; };
		83354A9C28D821EB0084F801 /* FeedViewControllerTest+LoaderSpy.swift */ = {isa = PBXFileReference; lastKnownFileType = sourcecode.swift; path = "FeedViewControllerTest+LoaderSpy.swift"; sourceTree = "<group>"; };
		83354A9E28D823000084F801 /* FeedViewController+Assertions.swift */ = {isa = PBXFileReference; lastKnownFileType = sourcecode.swift; path = "FeedViewController+Assertions.swift"; sourceTree = "<group>"; };
		83354AA328D824EA0084F801 /* FeedImageDataLoader.swift */ = {isa = PBXFileReference; lastKnownFileType = sourcecode.swift; path = FeedImageDataLoader.swift; sourceTree = "<group>"; };
		83354AA528D828C70084F801 /* FeedImageCellController.swift */ = {isa = PBXFileReference; lastKnownFileType = sourcecode.swift; path = FeedImageCellController.swift; sourceTree = "<group>"; };
		83354AA828D82D4C0084F801 /* FeedUIComposer.swift */ = {isa = PBXFileReference; lastKnownFileType = sourcecode.swift; path = FeedUIComposer.swift; sourceTree = "<group>"; };
		83354AAB28D84B1E0084F801 /* FeedPresenter.swift */ = {isa = PBXFileReference; lastKnownFileType = sourcecode.swift; path = FeedPresenter.swift; sourceTree = "<group>"; };
		83354AAD28D851980084F801 /* FeedImageViewModel.swift */ = {isa = PBXFileReference; lastKnownFileType = sourcecode.swift; path = FeedImageViewModel.swift; sourceTree = "<group>"; };
		8347494F28BF6E72009D8EA7 /* EssentialFeedApiEndToEndTests.xctest */ = {isa = PBXFileReference; explicitFileType = wrapper.cfbundle; includeInIndex = 0; path = EssentialFeedApiEndToEndTests.xctest; sourceTree = BUILT_PRODUCTS_DIR; };
		8347495128BF6E72009D8EA7 /* EssentialFeedApiEndToEndTests.swift */ = {isa = PBXFileReference; lastKnownFileType = sourcecode.swift; path = EssentialFeedApiEndToEndTests.swift; sourceTree = "<group>"; };
		8349415428D302460016A0C0 /* XCTestCase+FailableInsertFeedStoreSpecs.swift */ = {isa = PBXFileReference; lastKnownFileType = sourcecode.swift; path = "XCTestCase+FailableInsertFeedStoreSpecs.swift"; sourceTree = "<group>"; };
		8349415628D302660016A0C0 /* XCTestCase+FailableDeleteFeedStoreSpecs.swift */ = {isa = PBXFileReference; lastKnownFileType = sourcecode.swift; path = "XCTestCase+FailableDeleteFeedStoreSpecs.swift"; sourceTree = "<group>"; };
		8349415828D304F30016A0C0 /* XCTestCase+FailableRetrieveFeedStoreSpecs.swift */ = {isa = PBXFileReference; lastKnownFileType = sourcecode.swift; path = "XCTestCase+FailableRetrieveFeedStoreSpecs.swift"; sourceTree = "<group>"; };
		835C6F9C28DAEE3500C430C8 /* Feed.strings */ = {isa = PBXFileReference; lastKnownFileType = text.plist.strings; path = Feed.strings; sourceTree = "<group>"; };
		8372A66728D05BFB00CFD563 /* FeedStoreSpecs.swift */ = {isa = PBXFileReference; lastKnownFileType = sourcecode.swift; path = FeedStoreSpecs.swift; sourceTree = "<group>"; };
		8372A66928D0624900CFD563 /* XCTestCase+FeedStoreSpecs.swift */ = {isa = PBXFileReference; lastKnownFileType = sourcecode.swift; path = "XCTestCase+FeedStoreSpecs.swift"; sourceTree = "<group>"; };
		8372A66B28D0701500CFD563 /* CoreDataFeedStoreTests.swift */ = {isa = PBXFileReference; lastKnownFileType = sourcecode.swift; path = CoreDataFeedStoreTests.swift; sourceTree = "<group>"; };
		8372A66D28D0728900CFD563 /* CoreDataFeedStore.swift */ = {isa = PBXFileReference; lastKnownFileType = sourcecode.swift; path = CoreDataFeedStore.swift; sourceTree = "<group>"; };
		8372A67028D074A300CFD563 /* FeedStore.xcdatamodel */ = {isa = PBXFileReference; lastKnownFileType = wrapper.xcdatamodel; path = FeedStore.xcdatamodel; sourceTree = "<group>"; };
		8372A67528D08A3D00CFD563 /* CoreDataHelpers.swift */ = {isa = PBXFileReference; lastKnownFileType = sourcecode.swift; path = CoreDataHelpers.swift; sourceTree = "<group>"; };
		8372A67728D08AD900CFD563 /* ManagedCache.swift */ = {isa = PBXFileReference; lastKnownFileType = sourcecode.swift; path = ManagedCache.swift; sourceTree = "<group>"; };
		8372A67928D08B2200CFD563 /* ManagedFeedImage.swift */ = {isa = PBXFileReference; lastKnownFileType = sourcecode.swift; path = ManagedFeedImage.swift; sourceTree = "<group>"; };
		838B410528917A5A005075D3 /* EssentialFeed.framework */ = {isa = PBXFileReference; explicitFileType = wrapper.framework; includeInIndex = 0; path = EssentialFeed.framework; sourceTree = BUILT_PRODUCTS_DIR; };
		838B410828917A5A005075D3 /* EssentialFeed.h */ = {isa = PBXFileReference; lastKnownFileType = sourcecode.c.h; path = EssentialFeed.h; sourceTree = "<group>"; };
		838B410928917A5A005075D3 /* EssentialFeed.docc */ = {isa = PBXFileReference; lastKnownFileType = folder.documentationcatalog; path = EssentialFeed.docc; sourceTree = "<group>"; };
		838B410F28917A5A005075D3 /* EssentialFeedTests.xctest */ = {isa = PBXFileReference; explicitFileType = wrapper.cfbundle; includeInIndex = 0; path = EssentialFeedTests.xctest; sourceTree = BUILT_PRODUCTS_DIR; };
		838B412028917A93005075D3 /* FeedImage.swift */ = {isa = PBXFileReference; lastKnownFileType = sourcecode.swift; path = FeedImage.swift; sourceTree = "<group>"; };
		838B412228917AE2005075D3 /* FeedLoader.swift */ = {isa = PBXFileReference; lastKnownFileType = sourcecode.swift; path = FeedLoader.swift; sourceTree = "<group>"; };
		8392418E28C5A8C300B71CB0 /* CacheFeedUseCaseTest.swift */ = {isa = PBXFileReference; lastKnownFileType = sourcecode.swift; path = CacheFeedUseCaseTest.swift; sourceTree = "<group>"; };
		8392419128C5D4CD00B71CB0 /* LocalFeedLoader.swift */ = {isa = PBXFileReference; lastKnownFileType = sourcecode.swift; path = LocalFeedLoader.swift; sourceTree = "<group>"; };
		8392419328C5D5BA00B71CB0 /* FeedStore.swift */ = {isa = PBXFileReference; lastKnownFileType = sourcecode.swift; path = FeedStore.swift; sourceTree = "<group>"; };
		83A2F1DC28C72DCE00673F99 /* RemoteFeedItem.swift */ = {isa = PBXFileReference; lastKnownFileType = sourcecode.swift; path = RemoteFeedItem.swift; sourceTree = "<group>"; };
		83A2F1DE28C72E1800673F99 /* LocalFeedImage.swift */ = {isa = PBXFileReference; lastKnownFileType = sourcecode.swift; path = LocalFeedImage.swift; sourceTree = "<group>"; };
		83A2F1E028C862CE00673F99 /* LoadFeedFromCacheUseCaseTest.swift */ = {isa = PBXFileReference; lastKnownFileType = sourcecode.swift; path = LoadFeedFromCacheUseCaseTest.swift; sourceTree = "<group>"; };
		83A2F1E328C8645B00673F99 /* FeedStoreSpy.swift */ = {isa = PBXFileReference; lastKnownFileType = sourcecode.swift; path = FeedStoreSpy.swift; sourceTree = "<group>"; };
		83B8A5BB28CB098B0019EE3A /* FeedCachePolicy.swift */ = {isa = PBXFileReference; lastKnownFileType = sourcecode.swift; path = FeedCachePolicy.swift; sourceTree = "<group>"; };
		83BD665228BCB1A000F0F5AE /* URLSessionHTTPClient.swift */ = {isa = PBXFileReference; lastKnownFileType = sourcecode.swift; path = URLSessionHTTPClient.swift; sourceTree = "<group>"; };
		83BDF52E28C9C07F00D538CD /* ValidateFeedCacheUseCaseTest.swift */ = {isa = PBXFileReference; lastKnownFileType = sourcecode.swift; path = ValidateFeedCacheUseCaseTest.swift; sourceTree = "<group>"; };
		83BDF53028C9C62A00D538CD /* FeedCacheTestHelpers.swift */ = {isa = PBXFileReference; lastKnownFileType = sourcecode.swift; path = FeedCacheTestHelpers.swift; sourceTree = "<group>"; };
		83BDF53228C9C70300D538CD /* SharedTestHelpers.swift */ = {isa = PBXFileReference; lastKnownFileType = sourcecode.swift; path = SharedTestHelpers.swift; sourceTree = "<group>"; };
		83D6AFC228958E9700C7D58F /* RemoteFeedLoader.swift */ = {isa = PBXFileReference; lastKnownFileType = sourcecode.swift; path = RemoteFeedLoader.swift; sourceTree = "<group>"; };
		83D8DC1B28A3865500958D2F /* HTTPClient.swift */ = {isa = PBXFileReference; lastKnownFileType = sourcecode.swift; path = HTTPClient.swift; sourceTree = "<group>"; };
		83D8DC1D28A3870700958D2F /* FeedItemsMapper.swift */ = {isa = PBXFileReference; lastKnownFileType = sourcecode.swift; path = FeedItemsMapper.swift; sourceTree = "<group>"; };
		83E4F5A228D6E67700B54D55 /* FeedViewController.swift */ = {isa = PBXFileReference; lastKnownFileType = sourcecode.swift; path = FeedViewController.swift; sourceTree = "<group>"; };
		83E4F5A428D7015100B54D55 /* FeedImageCell.swift */ = {isa = PBXFileReference; lastKnownFileType = sourcecode.swift; path = FeedImageCell.swift; sourceTree = "<group>"; };
		83E4F5A628D7132800B54D55 /* UIView+Shimmering.swift */ = {isa = PBXFileReference; lastKnownFileType = sourcecode.swift; path = "UIView+Shimmering.swift"; sourceTree = "<group>"; };
		83FA784F28D59E03001C8D1D /* EssentialFeediOS.framework */ = {isa = PBXFileReference; explicitFileType = wrapper.framework; includeInIndex = 0; path = EssentialFeediOS.framework; sourceTree = BUILT_PRODUCTS_DIR; };
		83FA785628D59E04001C8D1D /* EssentialFeediOSTests.xctest */ = {isa = PBXFileReference; explicitFileType = wrapper.cfbundle; includeInIndex = 0; path = EssentialFeediOSTests.xctest; sourceTree = BUILT_PRODUCTS_DIR; };
		83FA786428D6D5D6001C8D1D /* FeedViewControllerTest.swift */ = {isa = PBXFileReference; lastKnownFileType = sourcecode.swift; path = FeedViewControllerTest.swift; sourceTree = "<group>"; };
/* End PBXFileReference section */

/* Begin PBXFrameworksBuildPhase section */
		8329C8EF28D1C055005FDCB4 /* Frameworks */ = {
			isa = PBXFrameworksBuildPhase;
			buildActionMask = 2147483647;
			files = (
			);
			runOnlyForDeploymentPostprocessing = 0;
		};
		8347494C28BF6E72009D8EA7 /* Frameworks */ = {
			isa = PBXFrameworksBuildPhase;
			buildActionMask = 2147483647;
			files = (
			);
			runOnlyForDeploymentPostprocessing = 0;
		};
		838B410228917A5A005075D3 /* Frameworks */ = {
			isa = PBXFrameworksBuildPhase;
			buildActionMask = 2147483647;
			files = (
			);
			runOnlyForDeploymentPostprocessing = 0;
		};
		838B410C28917A5A005075D3 /* Frameworks */ = {
			isa = PBXFrameworksBuildPhase;
			buildActionMask = 2147483647;
			files = (
				838B411028917A5A005075D3 /* EssentialFeed.framework in Frameworks */,
			);
			runOnlyForDeploymentPostprocessing = 0;
		};
		83FA784C28D59E03001C8D1D /* Frameworks */ = {
			isa = PBXFrameworksBuildPhase;
			buildActionMask = 2147483647;
			files = (
				83FA786C28D6DA6C001C8D1D /* EssentialFeed.framework in Frameworks */,
			);
			runOnlyForDeploymentPostprocessing = 0;
		};
		83FA785328D59E04001C8D1D /* Frameworks */ = {
			isa = PBXFrameworksBuildPhase;
			buildActionMask = 2147483647;
			files = (
				83FA785728D59E04001C8D1D /* EssentialFeediOS.framework in Frameworks */,
			);
			runOnlyForDeploymentPostprocessing = 0;
		};
/* End PBXFrameworksBuildPhase section */

/* Begin PBXGroup section */
		83250F1128B899EE00A58390 /* Helpers */ = {
			isa = PBXGroup;
			children = (
				83250F1228B89A1D00A58390 /* XCTestCase+MemoryLeakTracking.swift */,
				83BDF53228C9C70300D538CD /* SharedTestHelpers.swift */,
			);
			path = Helpers;
			sourceTree = "<group>";
		};
		8329C8F328D1C055005FDCB4 /* EssentialFeedCacheIntegrationTest */ = {
			isa = PBXGroup;
			children = (
				8329C8F428D1C055005FDCB4 /* EssentialFeedCacheIntegrationTest.swift */,
			);
			path = EssentialFeedCacheIntegrationTest;
			sourceTree = "<group>";
		};
		832C8B5128D9987D00DBA4A1 /* Feed Presentation */ = {
			isa = PBXGroup;
			children = (
				83354AAD28D851980084F801 /* FeedImageViewModel.swift */,
				83354AAB28D84B1E0084F801 /* FeedPresenter.swift */,
				832C8B5228D9AF1E00DBA4A1 /* FeedImagePresenter.swift */,
				831E74E428D9B61000F34376 /* FeedLoadingViewModel.swift */,
				831E74E628D9B62100F34376 /* FeedViewModel.swift */,
				835C6F9C28DAEE3500C430C8 /* Feed.strings */,
			);
			path = "Feed Presentation";
			sourceTree = "<group>";
		};
		83354A8A28D80BD60084F801 /* Controllers */ = {
			isa = PBXGroup;
			children = (
				83E4F5A228D6E67700B54D55 /* FeedViewController.swift */,
				83354AA528D828C70084F801 /* FeedImageCellController.swift */,
			);
			path = Controllers;
			sourceTree = "<group>";
		};
		83354A8B28D80BE40084F801 /* Views */ = {
			isa = PBXGroup;
			children = (
				83E4F5A428D7015100B54D55 /* FeedImageCell.swift */,
				83E4F5A628D7132800B54D55 /* UIView+Shimmering.swift */,
				831E3C4C28DACBBF004D6390 /* Feed.storyboard */,
				831E3C4E28DACC66004D6390 /* Feed.xcassets */,
				831E3C5028DADBED004D6390 /* UITableView+Dequeueing.swift */,
				831E3C5228DADCA5004D6390 /* UIImageView+Animations.swift */,
			);
			path = Views;
			sourceTree = "<group>";
		};
		83354A8E28D813A60084F801 /* Helpers */ = {
			isa = PBXGroup;
			children = (
				83354A8F28D813C90084F801 /* UIImage+TestHelpers.swift */,
				83354A9128D8146F0084F801 /* UIRefreshControl+TestHelpers.swift */,
				83354A9328D814DC0084F801 /* UIButton+TestHelpers.swift */,
				83354A9528D8154A0084F801 /* UIControl+TestHelpers.swift */,
				83354A9828D820CF0084F801 /* FeedViewController+TestHelpers.swift */,
				83354A9A28D8216E0084F801 /* FeedImageCell+TestHelpers.swift */,
				83354A9C28D821EB0084F801 /* FeedViewControllerTest+LoaderSpy.swift */,
				83354A9E28D823000084F801 /* FeedViewController+Assertions.swift */,
			);
			path = Helpers;
			sourceTree = "<group>";
		};
		83354AA028D8242D0084F801 /* Feed UI */ = {
			isa = PBXGroup;
			children = (
				83354AA728D82D2E0084F801 /* Composers */,
				83354A8B28D80BE40084F801 /* Views */,
				83354A8A28D80BD60084F801 /* Controllers */,
			);
			path = "Feed UI";
			sourceTree = "<group>";
		};
		83354AA128D8245C0084F801 /* Feed UI */ = {
			isa = PBXGroup;
			children = (
				83354A8E28D813A60084F801 /* Helpers */,
				83FA786428D6D5D6001C8D1D /* FeedViewControllerTest.swift */,
			);
			path = "Feed UI";
			sourceTree = "<group>";
		};
		83354AA228D824BF0084F801 /* Feed Image Loader */ = {
			isa = PBXGroup;
			children = (
				83354AA328D824EA0084F801 /* FeedImageDataLoader.swift */,
			);
			path = "Feed Image Loader";
			sourceTree = "<group>";
		};
		83354AA728D82D2E0084F801 /* Composers */ = {
			isa = PBXGroup;
			children = (
				83354AA828D82D4C0084F801 /* FeedUIComposer.swift */,
			);
			path = Composers;
			sourceTree = "<group>";
		};
		8347495028BF6E72009D8EA7 /* EssentialFeedApiEndToEndTests */ = {
			isa = PBXGroup;
			children = (
				8347495128BF6E72009D8EA7 /* EssentialFeedApiEndToEndTests.swift */,
			);
			path = EssentialFeedApiEndToEndTests;
			sourceTree = "<group>";
		};
		8349415328D301F80016A0C0 /* FeedStoreSpecs */ = {
			isa = PBXGroup;
			children = (
				8372A66928D0624900CFD563 /* XCTestCase+FeedStoreSpecs.swift */,
				8349415428D302460016A0C0 /* XCTestCase+FailableInsertFeedStoreSpecs.swift */,
				8349415628D302660016A0C0 /* XCTestCase+FailableDeleteFeedStoreSpecs.swift */,
				8349415828D304F30016A0C0 /* XCTestCase+FailableRetrieveFeedStoreSpecs.swift */,
			);
			path = FeedStoreSpecs;
			sourceTree = "<group>";
		};
		8372A67228D0892800CFD563 /* Infrastructure */ = {
			isa = PBXGroup;
			children = (
				8372A67328D0896400CFD563 /* CoreData */,
			);
			path = Infrastructure;
			sourceTree = "<group>";
		};
		8372A67328D0896400CFD563 /* CoreData */ = {
			isa = PBXGroup;
			children = (
				8372A66D28D0728900CFD563 /* CoreDataFeedStore.swift */,
				8372A66F28D074A300CFD563 /* FeedStore.xcdatamodeld */,
				8372A67528D08A3D00CFD563 /* CoreDataHelpers.swift */,
				8372A67728D08AD900CFD563 /* ManagedCache.swift */,
				8372A67928D08B2200CFD563 /* ManagedFeedImage.swift */,
			);
			path = CoreData;
			sourceTree = "<group>";
		};
		838B40FB28917A5A005075D3 = {
			isa = PBXGroup;
			children = (
				838B410728917A5A005075D3 /* EssentialFeed */,
				838B411328917A5A005075D3 /* EssentialFeedTests */,
				8347495028BF6E72009D8EA7 /* EssentialFeedApiEndToEndTests */,
				8329C8F328D1C055005FDCB4 /* EssentialFeedCacheIntegrationTest */,
				83FA785028D59E03001C8D1D /* EssentialFeediOS */,
				83FA785A28D59E04001C8D1D /* EssentialFeediOSTests */,
				838B410628917A5A005075D3 /* Products */,
				83FA786628D6D95F001C8D1D /* Frameworks */,
			);
			sourceTree = "<group>";
		};
		838B410628917A5A005075D3 /* Products */ = {
			isa = PBXGroup;
			children = (
				838B410528917A5A005075D3 /* EssentialFeed.framework */,
				838B410F28917A5A005075D3 /* EssentialFeedTests.xctest */,
				8347494F28BF6E72009D8EA7 /* EssentialFeedApiEndToEndTests.xctest */,
				8329C8F228D1C055005FDCB4 /* EssentialFeedCacheIntegrationTest.xctest */,
				83FA784F28D59E03001C8D1D /* EssentialFeediOS.framework */,
				83FA785628D59E04001C8D1D /* EssentialFeediOSTests.xctest */,
			);
			name = Products;
			sourceTree = "<group>";
		};
		838B410728917A5A005075D3 /* EssentialFeed */ = {
			isa = PBXGroup;
			children = (
				8392419028C5D49F00B71CB0 /* Feed Cache */,
				838B411F28917A75005075D3 /* Feed Feature */,
				83D6AFC128958E6000C7D58F /* Feed API */,
				838B410828917A5A005075D3 /* EssentialFeed.h */,
				838B410928917A5A005075D3 /* EssentialFeed.docc */,
			);
			path = EssentialFeed;
			sourceTree = "<group>";
		};
		838B411328917A5A005075D3 /* EssentialFeedTests */ = {
			isa = PBXGroup;
			children = (
				83250F1128B899EE00A58390 /* Helpers */,
				8392418D28C5A81400B71CB0 /* Feed Cache */,
				83D8DC1F28A3934500958D2F /* Feed Api */,
			);
			path = EssentialFeedTests;
			sourceTree = "<group>";
		};
		838B411F28917A75005075D3 /* Feed Feature */ = {
			isa = PBXGroup;
			children = (
				838B412028917A93005075D3 /* FeedImage.swift */,
				838B412228917AE2005075D3 /* FeedLoader.swift */,
			);
			path = "Feed Feature";
			sourceTree = "<group>";
		};
		8392418D28C5A81400B71CB0 /* Feed Cache */ = {
			isa = PBXGroup;
			children = (
				8349415328D301F80016A0C0 /* FeedStoreSpecs */,
				83A2F1E228C8644300673F99 /* Helpers */,
				8392418E28C5A8C300B71CB0 /* CacheFeedUseCaseTest.swift */,
				83A2F1E028C862CE00673F99 /* LoadFeedFromCacheUseCaseTest.swift */,
				83BDF52E28C9C07F00D538CD /* ValidateFeedCacheUseCaseTest.swift */,
				8372A66728D05BFB00CFD563 /* FeedStoreSpecs.swift */,
				8372A66B28D0701500CFD563 /* CoreDataFeedStoreTests.swift */,
			);
			path = "Feed Cache";
			sourceTree = "<group>";
		};
		8392419028C5D49F00B71CB0 /* Feed Cache */ = {
			isa = PBXGroup;
			children = (
				8372A67228D0892800CFD563 /* Infrastructure */,
				8392419128C5D4CD00B71CB0 /* LocalFeedLoader.swift */,
				8392419328C5D5BA00B71CB0 /* FeedStore.swift */,
				83A2F1DE28C72E1800673F99 /* LocalFeedImage.swift */,
				83B8A5BB28CB098B0019EE3A /* FeedCachePolicy.swift */,
			);
			path = "Feed Cache";
			sourceTree = "<group>";
		};
		83A2F1E228C8644300673F99 /* Helpers */ = {
			isa = PBXGroup;
			children = (
				83A2F1E328C8645B00673F99 /* FeedStoreSpy.swift */,
				83BDF53028C9C62A00D538CD /* FeedCacheTestHelpers.swift */,
			);
			path = Helpers;
			sourceTree = "<group>";
		};
		83D6AFC128958E6000C7D58F /* Feed API */ = {
			isa = PBXGroup;
			children = (
				83D6AFC228958E9700C7D58F /* RemoteFeedLoader.swift */,
				83D8DC1B28A3865500958D2F /* HTTPClient.swift */,
				83D8DC1D28A3870700958D2F /* FeedItemsMapper.swift */,
				83BD665228BCB1A000F0F5AE /* URLSessionHTTPClient.swift */,
				83A2F1DC28C72DCE00673F99 /* RemoteFeedItem.swift */,
			);
			path = "Feed API";
			sourceTree = "<group>";
		};
		83D8DC1F28A3934500958D2F /* Feed Api */ = {
			isa = PBXGroup;
			children = (
				83235B122892C9A1001072D3 /* LoadFeedFromRemoteUseCaseTest.swift */,
				8308B8DA28AE2832009E2F5B /* URLSessionHTTPClientTests.swift */,
			);
			path = "Feed Api";
			sourceTree = "<group>";
		};
		83FA785028D59E03001C8D1D /* EssentialFeediOS */ = {
			isa = PBXGroup;
			children = (
				83354AA228D824BF0084F801 /* Feed Image Loader */,
				832C8B5128D9987D00DBA4A1 /* Feed Presentation */,
				83354AA028D8242D0084F801 /* Feed UI */,
			);
			path = EssentialFeediOS;
			sourceTree = "<group>";
		};
		83FA785A28D59E04001C8D1D /* EssentialFeediOSTests */ = {
			isa = PBXGroup;
			children = (
				83354AA128D8245C0084F801 /* Feed UI */,
			);
			path = EssentialFeediOSTests;
			sourceTree = "<group>";
		};
		83FA786628D6D95F001C8D1D /* Frameworks */ = {
			isa = PBXGroup;
			children = (
			);
			name = Frameworks;
			sourceTree = "<group>";
		};
/* End PBXGroup section */

/* Begin PBXHeadersBuildPhase section */
		838B410028917A5A005075D3 /* Headers */ = {
			isa = PBXHeadersBuildPhase;
			buildActionMask = 2147483647;
			files = (
				838B411628917A5A005075D3 /* EssentialFeed.h in Headers */,
			);
			runOnlyForDeploymentPostprocessing = 0;
		};
		83FA784A28D59E03001C8D1D /* Headers */ = {
			isa = PBXHeadersBuildPhase;
			buildActionMask = 2147483647;
			files = (
			);
			runOnlyForDeploymentPostprocessing = 0;
		};
/* End PBXHeadersBuildPhase section */

/* Begin PBXNativeTarget section */
		8329C8F128D1C055005FDCB4 /* EssentialFeedCacheIntegrationTest */ = {
			isa = PBXNativeTarget;
			buildConfigurationList = 8329C8F828D1C055005FDCB4 /* Build configuration list for PBXNativeTarget "EssentialFeedCacheIntegrationTest" */;
			buildPhases = (
				8329C8EE28D1C055005FDCB4 /* Sources */,
				8329C8EF28D1C055005FDCB4 /* Frameworks */,
				8329C8F028D1C055005FDCB4 /* Resources */,
			);
			buildRules = (
			);
			dependencies = (
			);
			name = EssentialFeedCacheIntegrationTest;
			productName = EssentialFeedCacheIntegrationTest;
			productReference = 8329C8F228D1C055005FDCB4 /* EssentialFeedCacheIntegrationTest.xctest */;
			productType = "com.apple.product-type.bundle.unit-test";
		};
		8347494E28BF6E72009D8EA7 /* EssentialFeedApiEndToEndTests */ = {
			isa = PBXNativeTarget;
			buildConfigurationList = 8347495528BF6E72009D8EA7 /* Build configuration list for PBXNativeTarget "EssentialFeedApiEndToEndTests" */;
			buildPhases = (
				8347494B28BF6E72009D8EA7 /* Sources */,
				8347494C28BF6E72009D8EA7 /* Frameworks */,
				8347494D28BF6E72009D8EA7 /* Resources */,
			);
			buildRules = (
			);
			dependencies = (
			);
			name = EssentialFeedApiEndToEndTests;
			productName = EssentialFeedApiEndToEndTests;
			productReference = 8347494F28BF6E72009D8EA7 /* EssentialFeedApiEndToEndTests.xctest */;
			productType = "com.apple.product-type.bundle.unit-test";
		};
		838B410428917A5A005075D3 /* EssentialFeed */ = {
			isa = PBXNativeTarget;
			buildConfigurationList = 838B411928917A5A005075D3 /* Build configuration list for PBXNativeTarget "EssentialFeed" */;
			buildPhases = (
				838B410028917A5A005075D3 /* Headers */,
				838B410128917A5A005075D3 /* Sources */,
				838B410228917A5A005075D3 /* Frameworks */,
				838B410328917A5A005075D3 /* Resources */,
			);
			buildRules = (
			);
			dependencies = (
			);
			name = EssentialFeed;
			productName = EssentialFeed;
			productReference = 838B410528917A5A005075D3 /* EssentialFeed.framework */;
			productType = "com.apple.product-type.framework";
		};
		838B410E28917A5A005075D3 /* EssentialFeedTests */ = {
			isa = PBXNativeTarget;
			buildConfigurationList = 838B411C28917A5A005075D3 /* Build configuration list for PBXNativeTarget "EssentialFeedTests" */;
			buildPhases = (
				838B410B28917A5A005075D3 /* Sources */,
				838B410C28917A5A005075D3 /* Frameworks */,
				838B410D28917A5A005075D3 /* Resources */,
			);
			buildRules = (
			);
			dependencies = (
				838B411228917A5A005075D3 /* PBXTargetDependency */,
			);
			name = EssentialFeedTests;
			productName = EssentialFeedTests;
			productReference = 838B410F28917A5A005075D3 /* EssentialFeedTests.xctest */;
			productType = "com.apple.product-type.bundle.unit-test";
		};
		83FA784E28D59E03001C8D1D /* EssentialFeediOS */ = {
			isa = PBXNativeTarget;
			buildConfigurationList = 83FA785E28D59E04001C8D1D /* Build configuration list for PBXNativeTarget "EssentialFeediOS" */;
			buildPhases = (
				83FA784A28D59E03001C8D1D /* Headers */,
				83FA784B28D59E03001C8D1D /* Sources */,
				83FA784C28D59E03001C8D1D /* Frameworks */,
				83FA784D28D59E03001C8D1D /* Resources */,
				83FA787028D6DA6C001C8D1D /* Embed Frameworks */,
			);
			buildRules = (
			);
			dependencies = (
				83FA786F28D6DA6C001C8D1D /* PBXTargetDependency */,
			);
			name = EssentialFeediOS;
			productName = EssentialFeediOS;
			productReference = 83FA784F28D59E03001C8D1D /* EssentialFeediOS.framework */;
			productType = "com.apple.product-type.framework";
		};
		83FA785528D59E04001C8D1D /* EssentialFeediOSTests */ = {
			isa = PBXNativeTarget;
			buildConfigurationList = 83FA786128D59E04001C8D1D /* Build configuration list for PBXNativeTarget "EssentialFeediOSTests" */;
			buildPhases = (
				83FA785228D59E04001C8D1D /* Sources */,
				83FA785328D59E04001C8D1D /* Frameworks */,
				83FA785428D59E04001C8D1D /* Resources */,
			);
			buildRules = (
			);
			dependencies = (
				83FA785928D59E04001C8D1D /* PBXTargetDependency */,
			);
			name = EssentialFeediOSTests;
			productName = EssentialFeediOSTests;
			productReference = 83FA785628D59E04001C8D1D /* EssentialFeediOSTests.xctest */;
			productType = "com.apple.product-type.bundle.unit-test";
		};
/* End PBXNativeTarget section */

/* Begin PBXProject section */
		838B40FC28917A5A005075D3 /* Project object */ = {
			isa = PBXProject;
			attributes = {
				BuildIndependentTargetsInParallel = 1;
				LastSwiftUpdateCheck = 1340;
				LastUpgradeCheck = 1330;
				TargetAttributes = {
					8329C8F128D1C055005FDCB4 = {
						CreatedOnToolsVersion = 13.4;
					};
					8347494E28BF6E72009D8EA7 = {
						CreatedOnToolsVersion = 13.3;
					};
					838B410428917A5A005075D3 = {
						CreatedOnToolsVersion = 13.3;
					};
					838B410E28917A5A005075D3 = {
						CreatedOnToolsVersion = 13.3;
					};
					83FA784E28D59E03001C8D1D = {
						CreatedOnToolsVersion = 13.4;
						LastSwiftMigration = 1340;
					};
					83FA785528D59E04001C8D1D = {
						CreatedOnToolsVersion = 13.4;
						LastSwiftMigration = 1340;
					};
				};
			};
			buildConfigurationList = 838B40FF28917A5A005075D3 /* Build configuration list for PBXProject "EssentialFeed" */;
			compatibilityVersion = "Xcode 13.0";
			developmentRegion = en;
			hasScannedForEncodings = 0;
			knownRegions = (
				en,
				Base,
			);
			mainGroup = 838B40FB28917A5A005075D3;
			productRefGroup = 838B410628917A5A005075D3 /* Products */;
			projectDirPath = "";
			projectRoot = "";
			targets = (
				838B410428917A5A005075D3 /* EssentialFeed */,
				838B410E28917A5A005075D3 /* EssentialFeedTests */,
				8347494E28BF6E72009D8EA7 /* EssentialFeedApiEndToEndTests */,
				8329C8F128D1C055005FDCB4 /* EssentialFeedCacheIntegrationTest */,
				83FA784E28D59E03001C8D1D /* EssentialFeediOS */,
				83FA785528D59E04001C8D1D /* EssentialFeediOSTests */,
			);
		};
/* End PBXProject section */

/* Begin PBXResourcesBuildPhase section */
		8329C8F028D1C055005FDCB4 /* Resources */ = {
			isa = PBXResourcesBuildPhase;
			buildActionMask = 2147483647;
			files = (
			);
			runOnlyForDeploymentPostprocessing = 0;
		};
		8347494D28BF6E72009D8EA7 /* Resources */ = {
			isa = PBXResourcesBuildPhase;
			buildActionMask = 2147483647;
			files = (
			);
			runOnlyForDeploymentPostprocessing = 0;
		};
		838B410328917A5A005075D3 /* Resources */ = {
			isa = PBXResourcesBuildPhase;
			buildActionMask = 2147483647;
			files = (
			);
			runOnlyForDeploymentPostprocessing = 0;
		};
		838B410D28917A5A005075D3 /* Resources */ = {
			isa = PBXResourcesBuildPhase;
			buildActionMask = 2147483647;
			files = (
			);
			runOnlyForDeploymentPostprocessing = 0;
		};
		83FA784D28D59E03001C8D1D /* Resources */ = {
			isa = PBXResourcesBuildPhase;
			buildActionMask = 2147483647;
			files = (
				831E3C4D28DACBBF004D6390 /* Feed.storyboard in Resources */,
				831E3C4F28DACC66004D6390 /* Feed.xcassets in Resources */,
				835C6F9D28DAEE3500C430C8 /* Feed.strings in Resources */,
			);
			runOnlyForDeploymentPostprocessing = 0;
		};
		83FA785428D59E04001C8D1D /* Resources */ = {
			isa = PBXResourcesBuildPhase;
			buildActionMask = 2147483647;
			files = (
			);
			runOnlyForDeploymentPostprocessing = 0;
		};
/* End PBXResourcesBuildPhase section */

/* Begin PBXSourcesBuildPhase section */
		8329C8EE28D1C055005FDCB4 /* Sources */ = {
			isa = PBXSourcesBuildPhase;
			buildActionMask = 2147483647;
			files = (
				8385E7F228D1C6740095989E /* SharedTestHelpers.swift in Sources */,
				8329C8F528D1C055005FDCB4 /* EssentialFeedCacheIntegrationTest.swift in Sources */,
				8385E7F128D1C6600095989E /* FeedCacheTestHelpers.swift in Sources */,
				8329C8F928D1C1C8005FDCB4 /* XCTestCase+MemoryLeakTracking.swift in Sources */,
			);
			runOnlyForDeploymentPostprocessing = 0;
		};
		8347494B28BF6E72009D8EA7 /* Sources */ = {
			isa = PBXSourcesBuildPhase;
			buildActionMask = 2147483647;
			files = (
				8347495228BF6E72009D8EA7 /* EssentialFeedApiEndToEndTests.swift in Sources */,
				83D2FE3828BF77E60044927C /* XCTestCase+MemoryLeakTracking.swift in Sources */,
			);
			runOnlyForDeploymentPostprocessing = 0;
		};
		838B410128917A5A005075D3 /* Sources */ = {
			isa = PBXSourcesBuildPhase;
			buildActionMask = 2147483647;
			files = (
				83A2F1DF28C72E1800673F99 /* LocalFeedImage.swift in Sources */,
				8372A67128D074A300CFD563 /* FeedStore.xcdatamodeld in Sources */,
				8392419428C5D5BA00B71CB0 /* FeedStore.swift in Sources */,
				83BD665328BCB1A000F0F5AE /* URLSessionHTTPClient.swift in Sources */,
				83D6AFC328958E9700C7D58F /* RemoteFeedLoader.swift in Sources */,
				83D8DC1C28A3865500958D2F /* HTTPClient.swift in Sources */,
				8372A67628D08A3D00CFD563 /* CoreDataHelpers.swift in Sources */,
				838B412328917AE2005075D3 /* FeedLoader.swift in Sources */,
				8372A66E28D0728900CFD563 /* CoreDataFeedStore.swift in Sources */,
				8372A67828D08AD900CFD563 /* ManagedCache.swift in Sources */,
				83D8DC1E28A3870700958D2F /* FeedItemsMapper.swift in Sources */,
				83A2F1DD28C72DCE00673F99 /* RemoteFeedItem.swift in Sources */,
				83B8A5BC28CB098B0019EE3A /* FeedCachePolicy.swift in Sources */,
				838B412128917A93005075D3 /* FeedImage.swift in Sources */,
				8372A67A28D08B2200CFD563 /* ManagedFeedImage.swift in Sources */,
				8392419228C5D4CD00B71CB0 /* LocalFeedLoader.swift in Sources */,
				838B410A28917A5A005075D3 /* EssentialFeed.docc in Sources */,
			);
			runOnlyForDeploymentPostprocessing = 0;
		};
		838B410B28917A5A005075D3 /* Sources */ = {
			isa = PBXSourcesBuildPhase;
			buildActionMask = 2147483647;
			files = (
				83BDF53128C9C62A00D538CD /* FeedCacheTestHelpers.swift in Sources */,
				8372A66C28D0701500CFD563 /* CoreDataFeedStoreTests.swift in Sources */,
				83235B132892C9A1001072D3 /* LoadFeedFromRemoteUseCaseTest.swift in Sources */,
				83250F1328B89A1D00A58390 /* XCTestCase+MemoryLeakTracking.swift in Sources */,
				83A2F1E428C8645B00673F99 /* FeedStoreSpy.swift in Sources */,
				8392418F28C5A8C300B71CB0 /* CacheFeedUseCaseTest.swift in Sources */,
				8349415728D302660016A0C0 /* XCTestCase+FailableDeleteFeedStoreSpecs.swift in Sources */,
				8349415928D304F30016A0C0 /* XCTestCase+FailableRetrieveFeedStoreSpecs.swift in Sources */,
				83BDF53328C9C70300D538CD /* SharedTestHelpers.swift in Sources */,
				8349415528D302460016A0C0 /* XCTestCase+FailableInsertFeedStoreSpecs.swift in Sources */,
				8308B8DB28AE2832009E2F5B /* URLSessionHTTPClientTests.swift in Sources */,
				83BDF52F28C9C07F00D538CD /* ValidateFeedCacheUseCaseTest.swift in Sources */,
				8372A66828D05BFB00CFD563 /* FeedStoreSpecs.swift in Sources */,
				83A2F1E128C862CE00673F99 /* LoadFeedFromCacheUseCaseTest.swift in Sources */,
				8372A66A28D0624900CFD563 /* XCTestCase+FeedStoreSpecs.swift in Sources */,
			);
			runOnlyForDeploymentPostprocessing = 0;
		};
		83FA784B28D59E03001C8D1D /* Sources */ = {
			isa = PBXSourcesBuildPhase;
			buildActionMask = 2147483647;
			files = (
				83354AA428D824EA0084F801 /* FeedImageDataLoader.swift in Sources */,
				831E74E728D9B62100F34376 /* FeedViewModel.swift in Sources */,
				83E4F5A728D7132800B54D55 /* UIView+Shimmering.swift in Sources */,
				831E3C5128DADBED004D6390 /* UITableView+Dequeueing.swift in Sources */,
				831E74E528D9B61000F34376 /* FeedLoadingViewModel.swift in Sources */,
				83E4F5A328D6E67700B54D55 /* FeedViewController.swift in Sources */,
				832C8B5328D9AF1E00DBA4A1 /* FeedImagePresenter.swift in Sources */,
				831E3C5328DADCA5004D6390 /* UIImageView+Animations.swift in Sources */,
				83E4F5A528D7015100B54D55 /* FeedImageCell.swift in Sources */,
				83354AAE28D851980084F801 /* FeedImageViewModel.swift in Sources */,
				83354AA628D828C70084F801 /* FeedImageCellController.swift in Sources */,
				83354AAC28D84B1E0084F801 /* FeedPresenter.swift in Sources */,
				83354AA928D82D4C0084F801 /* FeedUIComposer.swift in Sources */,
			);
			runOnlyForDeploymentPostprocessing = 0;
		};
		83FA785228D59E04001C8D1D /* Sources */ = {
			isa = PBXSourcesBuildPhase;
			buildActionMask = 2147483647;
			files = (
				83FA786528D6D5D6001C8D1D /* FeedViewControllerTest.swift in Sources */,
				83354A9428D814DC0084F801 /* UIButton+TestHelpers.swift in Sources */,
				83354A9228D8146F0084F801 /* UIRefreshControl+TestHelpers.swift in Sources */,
				83354A9628D8154A0084F801 /* UIControl+TestHelpers.swift in Sources */,
				83354A9D28D821EB0084F801 /* FeedViewControllerTest+LoaderSpy.swift in Sources */,
				83354A9928D820CF0084F801 /* FeedViewController+TestHelpers.swift in Sources */,
				83E4F5A128D6DC9D00B54D55 /* XCTestCase+MemoryLeakTracking.swift in Sources */,
				83354A9F28D823000084F801 /* FeedViewController+Assertions.swift in Sources */,
				83354A9028D813C90084F801 /* UIImage+TestHelpers.swift in Sources */,
				83354A9B28D8216E0084F801 /* FeedImageCell+TestHelpers.swift in Sources */,
			);
			runOnlyForDeploymentPostprocessing = 0;
		};
/* End PBXSourcesBuildPhase section */

/* Begin PBXTargetDependency section */
		838B411228917A5A005075D3 /* PBXTargetDependency */ = {
			isa = PBXTargetDependency;
			target = 838B410428917A5A005075D3 /* EssentialFeed */;
			targetProxy = 838B411128917A5A005075D3 /* PBXContainerItemProxy */;
		};
		83FA785928D59E04001C8D1D /* PBXTargetDependency */ = {
			isa = PBXTargetDependency;
			target = 83FA784E28D59E03001C8D1D /* EssentialFeediOS */;
			targetProxy = 83FA785828D59E04001C8D1D /* PBXContainerItemProxy */;
		};
		83FA786F28D6DA6C001C8D1D /* PBXTargetDependency */ = {
			isa = PBXTargetDependency;
			platformFilter = ios;
			target = 838B410428917A5A005075D3 /* EssentialFeed */;
			targetProxy = 83FA786E28D6DA6C001C8D1D /* PBXContainerItemProxy */;
		};
/* End PBXTargetDependency section */

/* Begin XCBuildConfiguration section */
		8329C8F628D1C055005FDCB4 /* Debug */ = {
			isa = XCBuildConfiguration;
			buildSettings = {
				CODE_SIGN_STYLE = Automatic;
				CURRENT_PROJECT_VERSION = 1;
				DEVELOPMENT_TEAM = WZB5R9B92Y;
				GENERATE_INFOPLIST_FILE = YES;
				MARKETING_VERSION = 1.0;
				PRODUCT_BUNDLE_IDENTIFIER = co.id.aminfaruq.EssentialFeedCacheIntegrationTest;
				PRODUCT_NAME = "$(TARGET_NAME)";
				SUPPORTED_PLATFORMS = "macosx iphoneos iphonesimulator";
				SWIFT_EMIT_LOC_STRINGS = NO;
				SWIFT_VERSION = 5.0;
			};
			name = Debug;
		};
		8329C8F728D1C055005FDCB4 /* Release */ = {
			isa = XCBuildConfiguration;
			buildSettings = {
				CODE_SIGN_STYLE = Automatic;
				CURRENT_PROJECT_VERSION = 1;
				DEVELOPMENT_TEAM = WZB5R9B92Y;
				GENERATE_INFOPLIST_FILE = YES;
				MARKETING_VERSION = 1.0;
				ONLY_ACTIVE_ARCH = NO;
				PRODUCT_BUNDLE_IDENTIFIER = co.id.aminfaruq.EssentialFeedCacheIntegrationTest;
				PRODUCT_NAME = "$(TARGET_NAME)";
				SDKROOT = macosx;
				SUPPORTED_PLATFORMS = "macosx iphoneos iphonesimulator";
				SWIFT_EMIT_LOC_STRINGS = NO;
				SWIFT_VERSION = 5.0;
			};
			name = Release;
		};
		8347495328BF6E72009D8EA7 /* Debug */ = {
			isa = XCBuildConfiguration;
			buildSettings = {
				CODE_SIGN_STYLE = Automatic;
				CURRENT_PROJECT_VERSION = 1;
				DEVELOPMENT_TEAM = WZB5R9B92Y;
				GENERATE_INFOPLIST_FILE = YES;
				MARKETING_VERSION = 1.0;
				ONLY_ACTIVE_ARCH = YES;
				PRODUCT_BUNDLE_IDENTIFIER = co.id.aminfaruq.EssentialFeedApiEndToEndTests;
				PRODUCT_NAME = "$(TARGET_NAME)";
				SUPPORTED_PLATFORMS = "macosx iphoneos iphonesimulator";
				SWIFT_EMIT_LOC_STRINGS = NO;
				SWIFT_VERSION = 5.0;
			};
			name = Debug;
		};
		8347495428BF6E72009D8EA7 /* Release */ = {
			isa = XCBuildConfiguration;
			buildSettings = {
				CODE_SIGN_STYLE = Automatic;
				CURRENT_PROJECT_VERSION = 1;
				DEVELOPMENT_TEAM = WZB5R9B92Y;
				GENERATE_INFOPLIST_FILE = YES;
				MARKETING_VERSION = 1.0;
				ONLY_ACTIVE_ARCH = NO;
				PRODUCT_BUNDLE_IDENTIFIER = co.id.aminfaruq.EssentialFeedApiEndToEndTests;
				PRODUCT_NAME = "$(TARGET_NAME)";
				SDKROOT = macosx;
				SUPPORTED_PLATFORMS = "macosx iphoneos iphonesimulator";
				SWIFT_EMIT_LOC_STRINGS = NO;
				SWIFT_VERSION = 5.0;
			};
			name = Release;
		};
		838B411728917A5A005075D3 /* Debug */ = {
			isa = XCBuildConfiguration;
			buildSettings = {
				ALWAYS_SEARCH_USER_PATHS = NO;
				CLANG_ANALYZER_NONNULL = YES;
				CLANG_ANALYZER_NUMBER_OBJECT_CONVERSION = YES_AGGRESSIVE;
				CLANG_CXX_LANGUAGE_STANDARD = "gnu++17";
				CLANG_ENABLE_MODULES = YES;
				CLANG_ENABLE_OBJC_ARC = YES;
				CLANG_ENABLE_OBJC_WEAK = YES;
				CLANG_WARN_BLOCK_CAPTURE_AUTORELEASING = YES;
				CLANG_WARN_BOOL_CONVERSION = YES;
				CLANG_WARN_COMMA = YES;
				CLANG_WARN_CONSTANT_CONVERSION = YES;
				CLANG_WARN_DEPRECATED_OBJC_IMPLEMENTATIONS = YES;
				CLANG_WARN_DIRECT_OBJC_ISA_USAGE = YES_ERROR;
				CLANG_WARN_DOCUMENTATION_COMMENTS = YES;
				CLANG_WARN_EMPTY_BODY = YES;
				CLANG_WARN_ENUM_CONVERSION = YES;
				CLANG_WARN_INFINITE_RECURSION = YES;
				CLANG_WARN_INT_CONVERSION = YES;
				CLANG_WARN_NON_LITERAL_NULL_CONVERSION = YES;
				CLANG_WARN_OBJC_IMPLICIT_RETAIN_SELF = YES;
				CLANG_WARN_OBJC_LITERAL_CONVERSION = YES;
				CLANG_WARN_OBJC_ROOT_CLASS = YES_ERROR;
				CLANG_WARN_QUOTED_INCLUDE_IN_FRAMEWORK_HEADER = YES;
				CLANG_WARN_RANGE_LOOP_ANALYSIS = YES;
				CLANG_WARN_STRICT_PROTOTYPES = YES;
				CLANG_WARN_SUSPICIOUS_MOVE = YES;
				CLANG_WARN_UNGUARDED_AVAILABILITY = YES_AGGRESSIVE;
				CLANG_WARN_UNREACHABLE_CODE = YES;
				CLANG_WARN__DUPLICATE_METHOD_MATCH = YES;
				COPY_PHASE_STRIP = NO;
				CURRENT_PROJECT_VERSION = 1;
				DEBUG_INFORMATION_FORMAT = dwarf;
				ENABLE_STRICT_OBJC_MSGSEND = YES;
				ENABLE_TESTABILITY = YES;
				GCC_C_LANGUAGE_STANDARD = gnu11;
				GCC_DYNAMIC_NO_PIC = NO;
				GCC_NO_COMMON_BLOCKS = YES;
				GCC_OPTIMIZATION_LEVEL = 0;
				GCC_PREPROCESSOR_DEFINITIONS = (
					"DEBUG=1",
					"$(inherited)",
				);
				GCC_WARN_64_TO_32_BIT_CONVERSION = YES;
				GCC_WARN_ABOUT_RETURN_TYPE = YES_ERROR;
				GCC_WARN_UNDECLARED_SELECTOR = YES;
				GCC_WARN_UNINITIALIZED_AUTOS = YES_AGGRESSIVE;
				GCC_WARN_UNUSED_FUNCTION = YES;
				GCC_WARN_UNUSED_VARIABLE = YES;
				MACOSX_DEPLOYMENT_TARGET = 12.3;
				MTL_ENABLE_DEBUG_INFO = INCLUDE_SOURCE;
				MTL_FAST_MATH = YES;
				ONLY_ACTIVE_ARCH = YES;
				SDKROOT = macosx;
				SWIFT_ACTIVE_COMPILATION_CONDITIONS = DEBUG;
				SWIFT_OPTIMIZATION_LEVEL = "-Onone";
				VERSIONING_SYSTEM = "apple-generic";
				VERSION_INFO_PREFIX = "";
			};
			name = Debug;
		};
		838B411828917A5A005075D3 /* Release */ = {
			isa = XCBuildConfiguration;
			buildSettings = {
				ALWAYS_SEARCH_USER_PATHS = NO;
				CLANG_ANALYZER_NONNULL = YES;
				CLANG_ANALYZER_NUMBER_OBJECT_CONVERSION = YES_AGGRESSIVE;
				CLANG_CXX_LANGUAGE_STANDARD = "gnu++17";
				CLANG_ENABLE_MODULES = YES;
				CLANG_ENABLE_OBJC_ARC = YES;
				CLANG_ENABLE_OBJC_WEAK = YES;
				CLANG_WARN_BLOCK_CAPTURE_AUTORELEASING = YES;
				CLANG_WARN_BOOL_CONVERSION = YES;
				CLANG_WARN_COMMA = YES;
				CLANG_WARN_CONSTANT_CONVERSION = YES;
				CLANG_WARN_DEPRECATED_OBJC_IMPLEMENTATIONS = YES;
				CLANG_WARN_DIRECT_OBJC_ISA_USAGE = YES_ERROR;
				CLANG_WARN_DOCUMENTATION_COMMENTS = YES;
				CLANG_WARN_EMPTY_BODY = YES;
				CLANG_WARN_ENUM_CONVERSION = YES;
				CLANG_WARN_INFINITE_RECURSION = YES;
				CLANG_WARN_INT_CONVERSION = YES;
				CLANG_WARN_NON_LITERAL_NULL_CONVERSION = YES;
				CLANG_WARN_OBJC_IMPLICIT_RETAIN_SELF = YES;
				CLANG_WARN_OBJC_LITERAL_CONVERSION = YES;
				CLANG_WARN_OBJC_ROOT_CLASS = YES_ERROR;
				CLANG_WARN_QUOTED_INCLUDE_IN_FRAMEWORK_HEADER = YES;
				CLANG_WARN_RANGE_LOOP_ANALYSIS = YES;
				CLANG_WARN_STRICT_PROTOTYPES = YES;
				CLANG_WARN_SUSPICIOUS_MOVE = YES;
				CLANG_WARN_UNGUARDED_AVAILABILITY = YES_AGGRESSIVE;
				CLANG_WARN_UNREACHABLE_CODE = YES;
				CLANG_WARN__DUPLICATE_METHOD_MATCH = YES;
				COPY_PHASE_STRIP = NO;
				CURRENT_PROJECT_VERSION = 1;
				DEBUG_INFORMATION_FORMAT = "dwarf-with-dsym";
				ENABLE_NS_ASSERTIONS = NO;
				ENABLE_STRICT_OBJC_MSGSEND = YES;
				GCC_C_LANGUAGE_STANDARD = gnu11;
				GCC_NO_COMMON_BLOCKS = YES;
				GCC_WARN_64_TO_32_BIT_CONVERSION = YES;
				GCC_WARN_ABOUT_RETURN_TYPE = YES_ERROR;
				GCC_WARN_UNDECLARED_SELECTOR = YES;
				GCC_WARN_UNINITIALIZED_AUTOS = YES_AGGRESSIVE;
				GCC_WARN_UNUSED_FUNCTION = YES;
				GCC_WARN_UNUSED_VARIABLE = YES;
				MACOSX_DEPLOYMENT_TARGET = 12.3;
				MTL_ENABLE_DEBUG_INFO = NO;
				MTL_FAST_MATH = YES;
				SDKROOT = iphoneos;
				SWIFT_COMPILATION_MODE = wholemodule;
				SWIFT_OPTIMIZATION_LEVEL = "-O";
				VERSIONING_SYSTEM = "apple-generic";
				VERSION_INFO_PREFIX = "";
			};
			name = Release;
		};
		838B411A28917A5A005075D3 /* Debug */ = {
			isa = XCBuildConfiguration;
			buildSettings = {
				CODE_SIGN_STYLE = Automatic;
				COMBINE_HIDPI_IMAGES = YES;
				CURRENT_PROJECT_VERSION = 1;
				DEFINES_MODULE = YES;
				DEVELOPMENT_TEAM = WZB5R9B92Y;
				DYLIB_COMPATIBILITY_VERSION = 1;
				DYLIB_CURRENT_VERSION = 1;
				DYLIB_INSTALL_NAME_BASE = "@rpath";
				GENERATE_INFOPLIST_FILE = YES;
				INFOPLIST_KEY_NSHumanReadableCopyright = "";
				INSTALL_PATH = "$(LOCAL_LIBRARY_DIR)/Frameworks";
				LD_RUNPATH_SEARCH_PATHS = (
					"$(inherited)",
					"@executable_path/../Frameworks",
					"@loader_path/Frameworks",
				);
				MARKETING_VERSION = 1.0;
				PRODUCT_BUNDLE_IDENTIFIER = co.id.aminfaruq.EssentialFeed;
				PRODUCT_NAME = "$(TARGET_NAME:c99extidentifier)";
				SKIP_INSTALL = YES;
				SUPPORTED_PLATFORMS = "macosx iphoneos iphonesimulator";
				SWIFT_EMIT_LOC_STRINGS = YES;
				SWIFT_VERSION = 5.0;
			};
			name = Debug;
		};
		838B411B28917A5A005075D3 /* Release */ = {
			isa = XCBuildConfiguration;
			buildSettings = {
				CODE_SIGN_STYLE = Automatic;
				COMBINE_HIDPI_IMAGES = YES;
				CURRENT_PROJECT_VERSION = 1;
				DEFINES_MODULE = YES;
				DEVELOPMENT_TEAM = WZB5R9B92Y;
				DYLIB_COMPATIBILITY_VERSION = 1;
				DYLIB_CURRENT_VERSION = 1;
				DYLIB_INSTALL_NAME_BASE = "@rpath";
				GENERATE_INFOPLIST_FILE = YES;
				INFOPLIST_KEY_NSHumanReadableCopyright = "";
				INSTALL_PATH = "$(LOCAL_LIBRARY_DIR)/Frameworks";
				LD_RUNPATH_SEARCH_PATHS = (
					"$(inherited)",
					"@executable_path/../Frameworks",
					"@loader_path/Frameworks",
				);
				MARKETING_VERSION = 1.0;
				PRODUCT_BUNDLE_IDENTIFIER = co.id.aminfaruq.EssentialFeed;
				PRODUCT_NAME = "$(TARGET_NAME:c99extidentifier)";
				SKIP_INSTALL = YES;
				SUPPORTED_PLATFORMS = "macosx iphoneos iphonesimulator";
				SWIFT_EMIT_LOC_STRINGS = YES;
				SWIFT_VERSION = 5.0;
			};
			name = Release;
		};
		838B411D28917A5A005075D3 /* Debug */ = {
			isa = XCBuildConfiguration;
			buildSettings = {
				ALWAYS_EMBED_SWIFT_STANDARD_LIBRARIES = YES;
				CODE_SIGN_STYLE = Automatic;
				CURRENT_PROJECT_VERSION = 1;
				DEVELOPMENT_TEAM = WZB5R9B92Y;
				GENERATE_INFOPLIST_FILE = YES;
				MARKETING_VERSION = 1.0;
				PRODUCT_BUNDLE_IDENTIFIER = co.id.aminfaruq.EssentialFeedTests;
				PRODUCT_NAME = "$(TARGET_NAME)";
				SUPPORTED_PLATFORMS = "macosx iphoneos iphonesimulator";
				SWIFT_EMIT_LOC_STRINGS = NO;
				SWIFT_VERSION = 5.0;
			};
			name = Debug;
		};
		838B411E28917A5A005075D3 /* Release */ = {
			isa = XCBuildConfiguration;
			buildSettings = {
				ALWAYS_EMBED_SWIFT_STANDARD_LIBRARIES = YES;
				CODE_SIGN_STYLE = Automatic;
				CURRENT_PROJECT_VERSION = 1;
				DEVELOPMENT_TEAM = WZB5R9B92Y;
				GENERATE_INFOPLIST_FILE = YES;
				MARKETING_VERSION = 1.0;
				PRODUCT_BUNDLE_IDENTIFIER = co.id.aminfaruq.EssentialFeedTests;
				PRODUCT_NAME = "$(TARGET_NAME)";
				SUPPORTED_PLATFORMS = "macosx iphoneos iphonesimulator";
				SWIFT_EMIT_LOC_STRINGS = NO;
				SWIFT_VERSION = 5.0;
			};
			name = Release;
		};
		83FA785F28D59E04001C8D1D /* Debug */ = {
			isa = XCBuildConfiguration;
			buildSettings = {
				CLANG_ENABLE_MODULES = YES;
				CODE_SIGN_STYLE = Automatic;
				CURRENT_PROJECT_VERSION = 1;
				DEFINES_MODULE = YES;
				DEVELOPMENT_TEAM = WZB5R9B92Y;
				DYLIB_COMPATIBILITY_VERSION = 1;
				DYLIB_CURRENT_VERSION = 1;
				DYLIB_INSTALL_NAME_BASE = "@rpath";
				GENERATE_INFOPLIST_FILE = YES;
				INFOPLIST_KEY_NSHumanReadableCopyright = "";
				INSTALL_PATH = "$(LOCAL_LIBRARY_DIR)/Frameworks";
				IPHONEOS_DEPLOYMENT_TARGET = 15.5;
				LD_RUNPATH_SEARCH_PATHS = (
					"$(inherited)",
					"@executable_path/Frameworks",
					"@loader_path/Frameworks",
				);
				MARKETING_VERSION = 1.0;
				PRODUCT_BUNDLE_IDENTIFIER = co.id.aminfaruq.EssentialFeediOS;
				PRODUCT_NAME = "$(TARGET_NAME:c99extidentifier)";
				SDKROOT = iphoneos;
				SKIP_INSTALL = YES;
				SUPPORTS_MACCATALYST = NO;
				SWIFT_EMIT_LOC_STRINGS = YES;
				SWIFT_OPTIMIZATION_LEVEL = "-Onone";
				SWIFT_VERSION = 5.0;
				TARGETED_DEVICE_FAMILY = 1;
			};
			name = Debug;
		};
		83FA786028D59E04001C8D1D /* Release */ = {
			isa = XCBuildConfiguration;
			buildSettings = {
				CLANG_ENABLE_MODULES = YES;
				CODE_SIGN_STYLE = Automatic;
				CURRENT_PROJECT_VERSION = 1;
				DEFINES_MODULE = YES;
				DEVELOPMENT_TEAM = WZB5R9B92Y;
				DYLIB_COMPATIBILITY_VERSION = 1;
				DYLIB_CURRENT_VERSION = 1;
				DYLIB_INSTALL_NAME_BASE = "@rpath";
				GENERATE_INFOPLIST_FILE = YES;
				INFOPLIST_KEY_NSHumanReadableCopyright = "";
				INSTALL_PATH = "$(LOCAL_LIBRARY_DIR)/Frameworks";
				IPHONEOS_DEPLOYMENT_TARGET = 15.5;
				LD_RUNPATH_SEARCH_PATHS = (
					"$(inherited)",
					"@executable_path/Frameworks",
					"@loader_path/Frameworks",
				);
				MARKETING_VERSION = 1.0;
				PRODUCT_BUNDLE_IDENTIFIER = co.id.aminfaruq.EssentialFeediOS;
				PRODUCT_NAME = "$(TARGET_NAME:c99extidentifier)";
				SKIP_INSTALL = YES;
				SUPPORTS_MACCATALYST = NO;
				SWIFT_EMIT_LOC_STRINGS = YES;
				SWIFT_VERSION = 5.0;
				TARGETED_DEVICE_FAMILY = 1;
				VALIDATE_PRODUCT = YES;
			};
			name = Release;
		};
		83FA786228D59E04001C8D1D /* Debug */ = {
			isa = XCBuildConfiguration;
			buildSettings = {
				ALWAYS_EMBED_SWIFT_STANDARD_LIBRARIES = YES;
				CLANG_ENABLE_MODULES = YES;
				CODE_SIGN_STYLE = Automatic;
				CURRENT_PROJECT_VERSION = 1;
				DEVELOPMENT_TEAM = WZB5R9B92Y;
				GENERATE_INFOPLIST_FILE = YES;
				IPHONEOS_DEPLOYMENT_TARGET = 15.5;
				LD_RUNPATH_SEARCH_PATHS = (
					"$(inherited)",
					"@executable_path/Frameworks",
					"@loader_path/Frameworks",
				);
				MARKETING_VERSION = 1.0;
				PRODUCT_BUNDLE_IDENTIFIER = co.id.aminfaruq.EssentialFeediOSTests;
				PRODUCT_NAME = "$(TARGET_NAME)";
				SDKROOT = iphoneos;
				SWIFT_EMIT_LOC_STRINGS = NO;
				SWIFT_OPTIMIZATION_LEVEL = "-Onone";
				SWIFT_VERSION = 5.0;
				TARGETED_DEVICE_FAMILY = "1,2";
			};
			name = Debug;
		};
		83FA786328D59E04001C8D1D /* Release */ = {
			isa = XCBuildConfiguration;
			buildSettings = {
				ALWAYS_EMBED_SWIFT_STANDARD_LIBRARIES = YES;
				CLANG_ENABLE_MODULES = YES;
				CODE_SIGN_STYLE = Automatic;
				CURRENT_PROJECT_VERSION = 1;
				DEVELOPMENT_TEAM = WZB5R9B92Y;
				GENERATE_INFOPLIST_FILE = YES;
				IPHONEOS_DEPLOYMENT_TARGET = 15.5;
				LD_RUNPATH_SEARCH_PATHS = (
					"$(inherited)",
					"@executable_path/Frameworks",
					"@loader_path/Frameworks",
				);
				MARKETING_VERSION = 1.0;
				PRODUCT_BUNDLE_IDENTIFIER = co.id.aminfaruq.EssentialFeediOSTests;
				PRODUCT_NAME = "$(TARGET_NAME)";
				SWIFT_EMIT_LOC_STRINGS = NO;
				SWIFT_VERSION = 5.0;
				TARGETED_DEVICE_FAMILY = "1,2";
				VALIDATE_PRODUCT = YES;
			};
			name = Release;
		};
/* End XCBuildConfiguration section */

/* Begin XCConfigurationList section */
		8329C8F828D1C055005FDCB4 /* Build configuration list for PBXNativeTarget "EssentialFeedCacheIntegrationTest" */ = {
			isa = XCConfigurationList;
			buildConfigurations = (
				8329C8F628D1C055005FDCB4 /* Debug */,
				8329C8F728D1C055005FDCB4 /* Release */,
			);
			defaultConfigurationIsVisible = 0;
			defaultConfigurationName = Release;
		};
		8347495528BF6E72009D8EA7 /* Build configuration list for PBXNativeTarget "EssentialFeedApiEndToEndTests" */ = {
			isa = XCConfigurationList;
			buildConfigurations = (
				8347495328BF6E72009D8EA7 /* Debug */,
				8347495428BF6E72009D8EA7 /* Release */,
			);
			defaultConfigurationIsVisible = 0;
			defaultConfigurationName = Release;
		};
		838B40FF28917A5A005075D3 /* Build configuration list for PBXProject "EssentialFeed" */ = {
			isa = XCConfigurationList;
			buildConfigurations = (
				838B411728917A5A005075D3 /* Debug */,
				838B411828917A5A005075D3 /* Release */,
			);
			defaultConfigurationIsVisible = 0;
			defaultConfigurationName = Release;
		};
		838B411928917A5A005075D3 /* Build configuration list for PBXNativeTarget "EssentialFeed" */ = {
			isa = XCConfigurationList;
			buildConfigurations = (
				838B411A28917A5A005075D3 /* Debug */,
				838B411B28917A5A005075D3 /* Release */,
			);
			defaultConfigurationIsVisible = 0;
			defaultConfigurationName = Release;
		};
		838B411C28917A5A005075D3 /* Build configuration list for PBXNativeTarget "EssentialFeedTests" */ = {
			isa = XCConfigurationList;
			buildConfigurations = (
				838B411D28917A5A005075D3 /* Debug */,
				838B411E28917A5A005075D3 /* Release */,
			);
			defaultConfigurationIsVisible = 0;
			defaultConfigurationName = Release;
		};
		83FA785E28D59E04001C8D1D /* Build configuration list for PBXNativeTarget "EssentialFeediOS" */ = {
			isa = XCConfigurationList;
			buildConfigurations = (
				83FA785F28D59E04001C8D1D /* Debug */,
				83FA786028D59E04001C8D1D /* Release */,
			);
			defaultConfigurationIsVisible = 0;
			defaultConfigurationName = Release;
		};
		83FA786128D59E04001C8D1D /* Build configuration list for PBXNativeTarget "EssentialFeediOSTests" */ = {
			isa = XCConfigurationList;
			buildConfigurations = (
				83FA786228D59E04001C8D1D /* Debug */,
				83FA786328D59E04001C8D1D /* Release */,
			);
			defaultConfigurationIsVisible = 0;
			defaultConfigurationName = Release;
		};
/* End XCConfigurationList section */

/* Begin XCVersionGroup section */
		8372A66F28D074A300CFD563 /* FeedStore.xcdatamodeld */ = {
			isa = XCVersionGroup;
			children = (
				8372A67028D074A300CFD563 /* FeedStore.xcdatamodel */,
			);
			currentVersion = 8372A67028D074A300CFD563 /* FeedStore.xcdatamodel */;
			path = FeedStore.xcdatamodeld;
			sourceTree = "<group>";
			versionGroupType = wrapper.xcdatamodel;
		};
/* End XCVersionGroup section */
	};
	rootObject = 838B40FC28917A5A005075D3 /* Project object */;
}
