// !$*UTF8*$!
{
	archiveVersion = 1;
	classes = {
	};
	objectVersion = 56;
	objects = {

/* Begin PBXBuildFile section */
		8304BFF828E56177007112D1 /* FeedLoaderCacheDecoratorTests.swift in Sources */ = {isa = PBXBuildFile; fileRef = 8304BFF728E56177007112D1 /* FeedLoaderCacheDecoratorTests.swift */; };
		8304BFFA28E56361007112D1 /* FeedLoaderStub.swift in Sources */ = {isa = PBXBuildFile; fileRef = 8304BFF928E56361007112D1 /* FeedLoaderStub.swift */; };
		8304BFFC28E57A3E007112D1 /* XCTestCase+FeedLoader.swift in Sources */ = {isa = PBXBuildFile; fileRef = 8304BFFB28E57A3E007112D1 /* XCTestCase+FeedLoader.swift */; };
		8304C00028E57F1B007112D1 /* FeedLoaderCacheDecorator.swift in Sources */ = {isa = PBXBuildFile; fileRef = 8304BFFF28E57F1B007112D1 /* FeedLoaderCacheDecorator.swift */; };
		8304C00228E58025007112D1 /* FeedImageDataLoaderCacheDecoratorTests.swift in Sources */ = {isa = PBXBuildFile; fileRef = 8304C00128E58025007112D1 /* FeedImageDataLoaderCacheDecoratorTests.swift */; };
		8304C00428E5825D007112D1 /* FeedImageDataLoaderSpy.swift in Sources */ = {isa = PBXBuildFile; fileRef = 8304C00328E5825D007112D1 /* FeedImageDataLoaderSpy.swift */; };
		8304C00628E5832F007112D1 /* XCTestCase+FeedImageDataLoader.swift in Sources */ = {isa = PBXBuildFile; fileRef = 8304C00528E5832F007112D1 /* XCTestCase+FeedImageDataLoader.swift */; };
		8304C00A28E58731007112D1 /* FeedImageDataLoaderCacheDecorator.swift in Sources */ = {isa = PBXBuildFile; fileRef = 8304C00928E58731007112D1 /* FeedImageDataLoaderCacheDecorator.swift */; };
		835502DA28E6CDD500C9FBD8 /* EssentialAppUIAcceptanceTests.swift in Sources */ = {isa = PBXBuildFile; fileRef = 835502D928E6CDD500C9FBD8 /* EssentialAppUIAcceptanceTests.swift */; };
		835502DC28E6CDD500C9FBD8 /* EssentialAppUIAcceptanceTestsLaunchTests.swift in Sources */ = {isa = PBXBuildFile; fileRef = 835502DB28E6CDD500C9FBD8 /* EssentialAppUIAcceptanceTestsLaunchTests.swift */; };
		838F08E928E439A600D7C203 /* FeedImageDataLoaderWithFallbackCompositeTests.swift in Sources */ = {isa = PBXBuildFile; fileRef = 838F08E828E439A600D7C203 /* FeedImageDataLoaderWithFallbackCompositeTests.swift */; };
		838F08EB28E44A1300D7C203 /* FeedImageDataLoaderWithFallbackComposite.swift in Sources */ = {isa = PBXBuildFile; fileRef = 838F08EA28E44A1300D7C203 /* FeedImageDataLoaderWithFallbackComposite.swift */; };
		838F08EF28E44B2800D7C203 /* XCTestCase+MemoryLeakTracking.swift in Sources */ = {isa = PBXBuildFile; fileRef = 838F08ED28E44ADA00D7C203 /* XCTestCase+MemoryLeakTracking.swift */; };
		838F08F128E44B7800D7C203 /* SharedTestHelpers.swift in Sources */ = {isa = PBXBuildFile; fileRef = 838F08F028E44B7800D7C203 /* SharedTestHelpers.swift */; };
		83A115B628E3F493009B298E /* AppDelegate.swift in Sources */ = {isa = PBXBuildFile; fileRef = 83A115B528E3F493009B298E /* AppDelegate.swift */; };
		83A115B828E3F493009B298E /* SceneDelegate.swift in Sources */ = {isa = PBXBuildFile; fileRef = 83A115B728E3F493009B298E /* SceneDelegate.swift */; };
		83A115BA28E3F493009B298E /* ViewController.swift in Sources */ = {isa = PBXBuildFile; fileRef = 83A115B928E3F493009B298E /* ViewController.swift */; };
		83A115BD28E3F493009B298E /* Main.storyboard in Resources */ = {isa = PBXBuildFile; fileRef = 83A115BB28E3F493009B298E /* Main.storyboard */; };
		83A115BF28E3F496009B298E /* Assets.xcassets in Resources */ = {isa = PBXBuildFile; fileRef = 83A115BE28E3F496009B298E /* Assets.xcassets */; };
		83A115C228E3F496009B298E /* LaunchScreen.storyboard in Resources */ = {isa = PBXBuildFile; fileRef = 83A115C028E3F496009B298E /* LaunchScreen.storyboard */; };
		83A115CD28E3F496009B298E /* FeedLoaderWithFallbackCompositeTests.swift in Sources */ = {isa = PBXBuildFile; fileRef = 83A115CC28E3F496009B298E /* FeedLoaderWithFallbackCompositeTests.swift */; };
		83A115E828E3F614009B298E /* EssentialFeed.framework in Frameworks */ = {isa = PBXBuildFile; fileRef = 83A115E628E3F614009B298E /* EssentialFeed.framework */; };
		83A115E928E3F614009B298E /* EssentialFeed.framework in Embed Frameworks */ = {isa = PBXBuildFile; fileRef = 83A115E628E3F614009B298E /* EssentialFeed.framework */; settings = {ATTRIBUTES = (CodeSignOnCopy, RemoveHeadersOnCopy, ); }; };
		83A115EA28E3F614009B298E /* EssentialFeediOS.framework in Frameworks */ = {isa = PBXBuildFile; fileRef = 83A115E728E3F614009B298E /* EssentialFeediOS.framework */; };
		83A115EB28E3F614009B298E /* EssentialFeediOS.framework in Embed Frameworks */ = {isa = PBXBuildFile; fileRef = 83A115E728E3F614009B298E /* EssentialFeediOS.framework */; settings = {ATTRIBUTES = (CodeSignOnCopy, RemoveHeadersOnCopy, ); }; };
		83A115EE28E436D5009B298E /* FeedLoaderWithFallbackComposite.swift in Sources */ = {isa = PBXBuildFile; fileRef = 83A115ED28E436D5009B298E /* FeedLoaderWithFallbackComposite.swift */; };
/* End PBXBuildFile section */

/* Begin PBXContainerItemProxy section */
		835502DD28E6CDD500C9FBD8 /* PBXContainerItemProxy */ = {
			isa = PBXContainerItemProxy;
			containerPortal = 83A115AA28E3F493009B298E /* Project object */;
			proxyType = 1;
			remoteGlobalIDString = 83A115B128E3F493009B298E;
			remoteInfo = EssentialApp;
		};
		83A115C928E3F496009B298E /* PBXContainerItemProxy */ = {
			isa = PBXContainerItemProxy;
			containerPortal = 83A115AA28E3F493009B298E /* Project object */;
			proxyType = 1;
			remoteGlobalIDString = 83A115B128E3F493009B298E;
			remoteInfo = EssentialApp;
		};
/* End PBXContainerItemProxy section */

/* Begin PBXCopyFilesBuildPhase section */
		83A115EC28E3F614009B298E /* Embed Frameworks */ = {
			isa = PBXCopyFilesBuildPhase;
			buildActionMask = 2147483647;
			dstPath = "";
			dstSubfolderSpec = 10;
			files = (
				83A115E928E3F614009B298E /* EssentialFeed.framework in Embed Frameworks */,
				83A115EB28E3F614009B298E /* EssentialFeediOS.framework in Embed Frameworks */,
			);
			name = "Embed Frameworks";
			runOnlyForDeploymentPostprocessing = 0;
		};
/* End PBXCopyFilesBuildPhase section */

/* Begin PBXFileReference section */
		8304BFF728E56177007112D1 /* FeedLoaderCacheDecoratorTests.swift */ = {isa = PBXFileReference; lastKnownFileType = sourcecode.swift; path = FeedLoaderCacheDecoratorTests.swift; sourceTree = "<group>"; };
		8304BFF928E56361007112D1 /* FeedLoaderStub.swift */ = {isa = PBXFileReference; lastKnownFileType = sourcecode.swift; path = FeedLoaderStub.swift; sourceTree = "<group>"; };
		8304BFFB28E57A3E007112D1 /* XCTestCase+FeedLoader.swift */ = {isa = PBXFileReference; lastKnownFileType = sourcecode.swift; path = "XCTestCase+FeedLoader.swift"; sourceTree = "<group>"; };
		8304BFFF28E57F1B007112D1 /* FeedLoaderCacheDecorator.swift */ = {isa = PBXFileReference; lastKnownFileType = sourcecode.swift; path = FeedLoaderCacheDecorator.swift; sourceTree = "<group>"; };
		8304C00128E58025007112D1 /* FeedImageDataLoaderCacheDecoratorTests.swift */ = {isa = PBXFileReference; lastKnownFileType = sourcecode.swift; path = FeedImageDataLoaderCacheDecoratorTests.swift; sourceTree = "<group>"; };
		8304C00328E5825D007112D1 /* FeedImageDataLoaderSpy.swift */ = {isa = PBXFileReference; lastKnownFileType = sourcecode.swift; path = FeedImageDataLoaderSpy.swift; sourceTree = "<group>"; };
		8304C00528E5832F007112D1 /* XCTestCase+FeedImageDataLoader.swift */ = {isa = PBXFileReference; lastKnownFileType = sourcecode.swift; path = "XCTestCase+FeedImageDataLoader.swift"; sourceTree = "<group>"; };
		8304C00928E58731007112D1 /* FeedImageDataLoaderCacheDecorator.swift */ = {isa = PBXFileReference; lastKnownFileType = sourcecode.swift; path = FeedImageDataLoaderCacheDecorator.swift; sourceTree = "<group>"; };
		835502D728E6CDD400C9FBD8 /* EssentialAppUIAcceptanceTests.xctest */ = {isa = PBXFileReference; explicitFileType = wrapper.cfbundle; includeInIndex = 0; path = EssentialAppUIAcceptanceTests.xctest; sourceTree = BUILT_PRODUCTS_DIR; };
		835502D928E6CDD500C9FBD8 /* EssentialAppUIAcceptanceTests.swift */ = {isa = PBXFileReference; lastKnownFileType = sourcecode.swift; path = EssentialAppUIAcceptanceTests.swift; sourceTree = "<group>"; };
		835502DB28E6CDD500C9FBD8 /* EssentialAppUIAcceptanceTestsLaunchTests.swift */ = {isa = PBXFileReference; lastKnownFileType = sourcecode.swift; path = EssentialAppUIAcceptanceTestsLaunchTests.swift; sourceTree = "<group>"; };
		838F08E828E439A600D7C203 /* FeedImageDataLoaderWithFallbackCompositeTests.swift */ = {isa = PBXFileReference; lastKnownFileType = sourcecode.swift; path = FeedImageDataLoaderWithFallbackCompositeTests.swift; sourceTree = "<group>"; };
		838F08EA28E44A1300D7C203 /* FeedImageDataLoaderWithFallbackComposite.swift */ = {isa = PBXFileReference; lastKnownFileType = sourcecode.swift; path = FeedImageDataLoaderWithFallbackComposite.swift; sourceTree = "<group>"; };
		838F08ED28E44ADA00D7C203 /* XCTestCase+MemoryLeakTracking.swift */ = {isa = PBXFileReference; lastKnownFileType = sourcecode.swift; path = "XCTestCase+MemoryLeakTracking.swift"; sourceTree = "<group>"; };
		838F08F028E44B7800D7C203 /* SharedTestHelpers.swift */ = {isa = PBXFileReference; lastKnownFileType = sourcecode.swift; path = SharedTestHelpers.swift; sourceTree = "<group>"; };
		83A115B228E3F493009B298E /* EssentialApp.app */ = {isa = PBXFileReference; explicitFileType = wrapper.application; includeInIndex = 0; path = EssentialApp.app; sourceTree = BUILT_PRODUCTS_DIR; };
		83A115B528E3F493009B298E /* AppDelegate.swift */ = {isa = PBXFileReference; lastKnownFileType = sourcecode.swift; path = AppDelegate.swift; sourceTree = "<group>"; };
		83A115B728E3F493009B298E /* SceneDelegate.swift */ = {isa = PBXFileReference; lastKnownFileType = sourcecode.swift; path = SceneDelegate.swift; sourceTree = "<group>"; };
		83A115B928E3F493009B298E /* ViewController.swift */ = {isa = PBXFileReference; lastKnownFileType = sourcecode.swift; path = ViewController.swift; sourceTree = "<group>"; };
		83A115BC28E3F493009B298E /* Base */ = {isa = PBXFileReference; lastKnownFileType = file.storyboard; name = Base; path = Base.lproj/Main.storyboard; sourceTree = "<group>"; };
		83A115BE28E3F496009B298E /* Assets.xcassets */ = {isa = PBXFileReference; lastKnownFileType = folder.assetcatalog; path = Assets.xcassets; sourceTree = "<group>"; };
		83A115C128E3F496009B298E /* Base */ = {isa = PBXFileReference; lastKnownFileType = file.storyboard; name = Base; path = Base.lproj/LaunchScreen.storyboard; sourceTree = "<group>"; };
		83A115C328E3F496009B298E /* Info.plist */ = {isa = PBXFileReference; lastKnownFileType = text.plist.xml; path = Info.plist; sourceTree = "<group>"; };
		83A115C828E3F496009B298E /* EssentialAppTests.xctest */ = {isa = PBXFileReference; explicitFileType = wrapper.cfbundle; includeInIndex = 0; path = EssentialAppTests.xctest; sourceTree = BUILT_PRODUCTS_DIR; };
		83A115CC28E3F496009B298E /* FeedLoaderWithFallbackCompositeTests.swift */ = {isa = PBXFileReference; lastKnownFileType = sourcecode.swift; path = FeedLoaderWithFallbackCompositeTests.swift; sourceTree = "<group>"; };
		83A115E628E3F614009B298E /* EssentialFeed.framework */ = {isa = PBXFileReference; explicitFileType = wrapper.framework; path = EssentialFeed.framework; sourceTree = BUILT_PRODUCTS_DIR; };
		83A115E728E3F614009B298E /* EssentialFeediOS.framework */ = {isa = PBXFileReference; explicitFileType = wrapper.framework; path = EssentialFeediOS.framework; sourceTree = BUILT_PRODUCTS_DIR; };
		83A115ED28E436D5009B298E /* FeedLoaderWithFallbackComposite.swift */ = {isa = PBXFileReference; lastKnownFileType = sourcecode.swift; path = FeedLoaderWithFallbackComposite.swift; sourceTree = "<group>"; };
/* End PBXFileReference section */

/* Begin PBXFrameworksBuildPhase section */
		835502D428E6CDD400C9FBD8 /* Frameworks */ = {
			isa = PBXFrameworksBuildPhase;
			buildActionMask = 2147483647;
			files = (
			);
			runOnlyForDeploymentPostprocessing = 0;
		};
		83A115AF28E3F493009B298E /* Frameworks */ = {
			isa = PBXFrameworksBuildPhase;
			buildActionMask = 2147483647;
			files = (
				83A115E828E3F614009B298E /* EssentialFeed.framework in Frameworks */,
				83A115EA28E3F614009B298E /* EssentialFeediOS.framework in Frameworks */,
			);
			runOnlyForDeploymentPostprocessing = 0;
		};
		83A115C528E3F496009B298E /* Frameworks */ = {
			isa = PBXFrameworksBuildPhase;
			buildActionMask = 2147483647;
			files = (
			);
			runOnlyForDeploymentPostprocessing = 0;
		};
/* End PBXFrameworksBuildPhase section */

/* Begin PBXGroup section */
		835502D828E6CDD500C9FBD8 /* EssentialAppUIAcceptanceTests */ = {
			isa = PBXGroup;
			children = (
				835502D928E6CDD500C9FBD8 /* EssentialAppUIAcceptanceTests.swift */,
				835502DB28E6CDD500C9FBD8 /* EssentialAppUIAcceptanceTestsLaunchTests.swift */,
			);
			path = EssentialAppUIAcceptanceTests;
			sourceTree = "<group>";
		};
		838F08EC28E44A9C00D7C203 /* Helpers */ = {
			isa = PBXGroup;
			children = (
				838F08ED28E44ADA00D7C203 /* XCTestCase+MemoryLeakTracking.swift */,
				838F08F028E44B7800D7C203 /* SharedTestHelpers.swift */,
				8304BFF928E56361007112D1 /* FeedLoaderStub.swift */,
				8304BFFB28E57A3E007112D1 /* XCTestCase+FeedLoader.swift */,
				8304C00328E5825D007112D1 /* FeedImageDataLoaderSpy.swift */,
				8304C00528E5832F007112D1 /* XCTestCase+FeedImageDataLoader.swift */,
			);
			path = Helpers;
			sourceTree = "<group>";
		};
		83A115A928E3F493009B298E = {
			isa = PBXGroup;
			children = (
				83A115B428E3F493009B298E /* EssentialApp */,
				83A115CB28E3F496009B298E /* EssentialAppTests */,
				835502D828E6CDD500C9FBD8 /* EssentialAppUIAcceptanceTests */,
				83A115B328E3F493009B298E /* Products */,
				83A115E528E3F614009B298E /* Frameworks */,
			);
			sourceTree = "<group>";
		};
		83A115B328E3F493009B298E /* Products */ = {
			isa = PBXGroup;
			children = (
				83A115B228E3F493009B298E /* EssentialApp.app */,
				83A115C828E3F496009B298E /* EssentialAppTests.xctest */,
				835502D728E6CDD400C9FBD8 /* EssentialAppUIAcceptanceTests.xctest */,
			);
			name = Products;
			sourceTree = "<group>";
		};
		83A115B428E3F493009B298E /* EssentialApp */ = {
			isa = PBXGroup;
			children = (
				83A115B528E3F493009B298E /* AppDelegate.swift */,
				83A115B728E3F493009B298E /* SceneDelegate.swift */,
				83A115B928E3F493009B298E /* ViewController.swift */,
				83A115ED28E436D5009B298E /* FeedLoaderWithFallbackComposite.swift */,
				838F08EA28E44A1300D7C203 /* FeedImageDataLoaderWithFallbackComposite.swift */,
				8304BFFF28E57F1B007112D1 /* FeedLoaderCacheDecorator.swift */,
				8304C00928E58731007112D1 /* FeedImageDataLoaderCacheDecorator.swift */,
				83A115BB28E3F493009B298E /* Main.storyboard */,
				83A115BE28E3F496009B298E /* Assets.xcassets */,
				83A115C028E3F496009B298E /* LaunchScreen.storyboard */,
				83A115C328E3F496009B298E /* Info.plist */,
			);
			path = EssentialApp;
			sourceTree = "<group>";
		};
		83A115CB28E3F496009B298E /* EssentialAppTests */ = {
			isa = PBXGroup;
			children = (
				838F08EC28E44A9C00D7C203 /* Helpers */,
				83A115CC28E3F496009B298E /* FeedLoaderWithFallbackCompositeTests.swift */,
				838F08E828E439A600D7C203 /* FeedImageDataLoaderWithFallbackCompositeTests.swift */,
				8304BFF728E56177007112D1 /* FeedLoaderCacheDecoratorTests.swift */,
				8304C00128E58025007112D1 /* FeedImageDataLoaderCacheDecoratorTests.swift */,
			);
			path = EssentialAppTests;
			sourceTree = "<group>";
		};
		83A115E528E3F614009B298E /* Frameworks */ = {
			isa = PBXGroup;
			children = (
				83A115E628E3F614009B298E /* EssentialFeed.framework */,
				83A115E728E3F614009B298E /* EssentialFeediOS.framework */,
			);
			name = Frameworks;
			sourceTree = "<group>";
		};
/* End PBXGroup section */

/* Begin PBXNativeTarget section */
		835502D628E6CDD400C9FBD8 /* EssentialAppUIAcceptanceTests */ = {
			isa = PBXNativeTarget;
			buildConfigurationList = 835502E128E6CDD500C9FBD8 /* Build configuration list for PBXNativeTarget "EssentialAppUIAcceptanceTests" */;
			buildPhases = (
				835502D328E6CDD400C9FBD8 /* Sources */,
				835502D428E6CDD400C9FBD8 /* Frameworks */,
				835502D528E6CDD400C9FBD8 /* Resources */,
			);
			buildRules = (
			);
			dependencies = (
				835502DE28E6CDD500C9FBD8 /* PBXTargetDependency */,
			);
			name = EssentialAppUIAcceptanceTests;
			productName = EssentialAppUIAcceptanceTests;
			productReference = 835502D728E6CDD400C9FBD8 /* EssentialAppUIAcceptanceTests.xctest */;
			productType = "com.apple.product-type.bundle.ui-testing";
		};
		83A115B128E3F493009B298E /* EssentialApp */ = {
			isa = PBXNativeTarget;
			buildConfigurationList = 83A115DC28E3F496009B298E /* Build configuration list for PBXNativeTarget "EssentialApp" */;
			buildPhases = (
				83A115AE28E3F493009B298E /* Sources */,
				83A115AF28E3F493009B298E /* Frameworks */,
				83A115B028E3F493009B298E /* Resources */,
				83A115EC28E3F614009B298E /* Embed Frameworks */,
			);
			buildRules = (
			);
			dependencies = (
			);
			name = EssentialApp;
			productName = EssentialApp;
			productReference = 83A115B228E3F493009B298E /* EssentialApp.app */;
			productType = "com.apple.product-type.application";
		};
		83A115C728E3F496009B298E /* EssentialAppTests */ = {
			isa = PBXNativeTarget;
			buildConfigurationList = 83A115DF28E3F496009B298E /* Build configuration list for PBXNativeTarget "EssentialAppTests" */;
			buildPhases = (
				83A115C428E3F496009B298E /* Sources */,
				83A115C528E3F496009B298E /* Frameworks */,
				83A115C628E3F496009B298E /* Resources */,
			);
			buildRules = (
			);
			dependencies = (
				83A115CA28E3F496009B298E /* PBXTargetDependency */,
			);
			name = EssentialAppTests;
			productName = EssentialAppTests;
			productReference = 83A115C828E3F496009B298E /* EssentialAppTests.xctest */;
			productType = "com.apple.product-type.bundle.unit-test";
		};
/* End PBXNativeTarget section */

/* Begin PBXProject section */
		83A115AA28E3F493009B298E /* Project object */ = {
			isa = PBXProject;
			attributes = {
				BuildIndependentTargetsInParallel = 1;
				LastSwiftUpdateCheck = 1400;
				LastUpgradeCheck = 1400;
				TargetAttributes = {
					835502D628E6CDD400C9FBD8 = {
						CreatedOnToolsVersion = 14.0;
						TestTargetID = 83A115B128E3F493009B298E;
					};
					83A115B128E3F493009B298E = {
						CreatedOnToolsVersion = 14.0;
					};
					83A115C728E3F496009B298E = {
						CreatedOnToolsVersion = 14.0;
						TestTargetID = 83A115B128E3F493009B298E;
					};
				};
			};
			buildConfigurationList = 83A115AD28E3F493009B298E /* Build configuration list for PBXProject "EssentialApp" */;
			compatibilityVersion = "Xcode 14.0";
			developmentRegion = en;
			hasScannedForEncodings = 0;
			knownRegions = (
				en,
				Base,
			);
			mainGroup = 83A115A928E3F493009B298E;
			productRefGroup = 83A115B328E3F493009B298E /* Products */;
			projectDirPath = "";
			projectRoot = "";
			targets = (
				83A115B128E3F493009B298E /* EssentialApp */,
				83A115C728E3F496009B298E /* EssentialAppTests */,
				835502D628E6CDD400C9FBD8 /* EssentialAppUIAcceptanceTests */,
			);
		};
/* End PBXProject section */

/* Begin PBXResourcesBuildPhase section */
		835502D528E6CDD400C9FBD8 /* Resources */ = {
			isa = PBXResourcesBuildPhase;
			buildActionMask = 2147483647;
			files = (
			);
			runOnlyForDeploymentPostprocessing = 0;
		};
		83A115B028E3F493009B298E /* Resources */ = {
			isa = PBXResourcesBuildPhase;
			buildActionMask = 2147483647;
			files = (
				83A115C228E3F496009B298E /* LaunchScreen.storyboard in Resources */,
				83A115BF28E3F496009B298E /* Assets.xcassets in Resources */,
				83A115BD28E3F493009B298E /* Main.storyboard in Resources */,
			);
			runOnlyForDeploymentPostprocessing = 0;
		};
		83A115C628E3F496009B298E /* Resources */ = {
			isa = PBXResourcesBuildPhase;
			buildActionMask = 2147483647;
			files = (
			);
			runOnlyForDeploymentPostprocessing = 0;
		};
/* End PBXResourcesBuildPhase section */

/* Begin PBXSourcesBuildPhase section */
		835502D328E6CDD400C9FBD8 /* Sources */ = {
			isa = PBXSourcesBuildPhase;
			buildActionMask = 2147483647;
			files = (
				835502DC28E6CDD500C9FBD8 /* EssentialAppUIAcceptanceTestsLaunchTests.swift in Sources */,
				835502DA28E6CDD500C9FBD8 /* EssentialAppUIAcceptanceTests.swift in Sources */,
			);
			runOnlyForDeploymentPostprocessing = 0;
		};
		83A115AE28E3F493009B298E /* Sources */ = {
			isa = PBXSourcesBuildPhase;
			buildActionMask = 2147483647;
			files = (
				83A115BA28E3F493009B298E /* ViewController.swift in Sources */,
				83A115B628E3F493009B298E /* AppDelegate.swift in Sources */,
				83A115EE28E436D5009B298E /* FeedLoaderWithFallbackComposite.swift in Sources */,
				8304C00028E57F1B007112D1 /* FeedLoaderCacheDecorator.swift in Sources */,
				83A115B828E3F493009B298E /* SceneDelegate.swift in Sources */,
				838F08EB28E44A1300D7C203 /* FeedImageDataLoaderWithFallbackComposite.swift in Sources */,
				8304C00A28E58731007112D1 /* FeedImageDataLoaderCacheDecorator.swift in Sources */,
			);
			runOnlyForDeploymentPostprocessing = 0;
		};
		83A115C428E3F496009B298E /* Sources */ = {
			isa = PBXSourcesBuildPhase;
			buildActionMask = 2147483647;
			files = (
				838F08F128E44B7800D7C203 /* SharedTestHelpers.swift in Sources */,
				8304C00228E58025007112D1 /* FeedImageDataLoaderCacheDecoratorTests.swift in Sources */,
				8304BFFC28E57A3E007112D1 /* XCTestCase+FeedLoader.swift in Sources */,
				8304C00628E5832F007112D1 /* XCTestCase+FeedImageDataLoader.swift in Sources */,
				8304BFF828E56177007112D1 /* FeedLoaderCacheDecoratorTests.swift in Sources */,
				8304C00428E5825D007112D1 /* FeedImageDataLoaderSpy.swift in Sources */,
				838F08E928E439A600D7C203 /* FeedImageDataLoaderWithFallbackCompositeTests.swift in Sources */,
				83A115CD28E3F496009B298E /* FeedLoaderWithFallbackCompositeTests.swift in Sources */,
				8304BFFA28E56361007112D1 /* FeedLoaderStub.swift in Sources */,
				838F08EF28E44B2800D7C203 /* XCTestCase+MemoryLeakTracking.swift in Sources */,
			);
			runOnlyForDeploymentPostprocessing = 0;
		};
/* End PBXSourcesBuildPhase section */

/* Begin PBXTargetDependency section */
		835502DE28E6CDD500C9FBD8 /* PBXTargetDependency */ = {
			isa = PBXTargetDependency;
			target = 83A115B128E3F493009B298E /* EssentialApp */;
			targetProxy = 835502DD28E6CDD500C9FBD8 /* PBXContainerItemProxy */;
		};
		83A115CA28E3F496009B298E /* PBXTargetDependency */ = {
			isa = PBXTargetDependency;
			target = 83A115B128E3F493009B298E /* EssentialApp */;
			targetProxy = 83A115C928E3F496009B298E /* PBXContainerItemProxy */;
		};
/* End PBXTargetDependency section */

/* Begin PBXVariantGroup section */
		83A115BB28E3F493009B298E /* Main.storyboard */ = {
			isa = PBXVariantGroup;
			children = (
				83A115BC28E3F493009B298E /* Base */,
			);
			name = Main.storyboard;
			sourceTree = "<group>";
		};
		83A115C028E3F496009B298E /* LaunchScreen.storyboard */ = {
			isa = PBXVariantGroup;
			children = (
				83A115C128E3F496009B298E /* Base */,
			);
			name = LaunchScreen.storyboard;
			sourceTree = "<group>";
		};
/* End PBXVariantGroup section */

/* Begin XCBuildConfiguration section */
		835502DF28E6CDD500C9FBD8 /* Debug */ = {
			isa = XCBuildConfiguration;
			buildSettings = {
				CODE_SIGN_STYLE = Automatic;
				CURRENT_PROJECT_VERSION = 1;
				DEVELOPMENT_TEAM = WZB5R9B92Y;
				GENERATE_INFOPLIST_FILE = YES;
				MARKETING_VERSION = 1.0;
				PRODUCT_BUNDLE_IDENTIFIER = co.id.aminfaruq.EssentialAppUIAcceptanceTests;
				PRODUCT_NAME = "$(TARGET_NAME)";
				SWIFT_EMIT_LOC_STRINGS = NO;
				SWIFT_VERSION = 5.0;
				TARGETED_DEVICE_FAMILY = "1,2";
				TEST_TARGET_NAME = EssentialApp;
			};
			name = Debug;
		};
		835502E028E6CDD500C9FBD8 /* Release */ = {
			isa = XCBuildConfiguration;
			buildSettings = {
				CODE_SIGN_STYLE = Automatic;
				CURRENT_PROJECT_VERSION = 1;
				DEVELOPMENT_TEAM = WZB5R9B92Y;
				GENERATE_INFOPLIST_FILE = YES;
				MARKETING_VERSION = 1.0;
				PRODUCT_BUNDLE_IDENTIFIER = co.id.aminfaruq.EssentialAppUIAcceptanceTests;
				PRODUCT_NAME = "$(TARGET_NAME)";
				SWIFT_EMIT_LOC_STRINGS = NO;
				SWIFT_VERSION = 5.0;
				TARGETED_DEVICE_FAMILY = "1,2";
				TEST_TARGET_NAME = EssentialApp;
			};
			name = Release;
		};
		83A115DA28E3F496009B298E /* Debug */ = {
			isa = XCBuildConfiguration;
			buildSettings = {
				ALWAYS_SEARCH_USER_PATHS = NO;
				CLANG_ANALYZER_NONNULL = YES;
				CLANG_ANALYZER_NUMBER_OBJECT_CONVERSION = YES_AGGRESSIVE;
				CLANG_CXX_LANGUAGE_STANDARD = "gnu++20";
				CLANG_ENABLE_MODULES = YES;
				CLANG_ENABLE_OBJC_ARC = YES;
				CLANG_ENABLE_OBJC_WEAK = YES;
				CLANG_WARN_BLOCK_CAPTURE_AUTORELEASING = YES;
				CLANG_WARN_BOOL_CONVERSION = YES;
				CLANG_WARN_COMMA = YES;
				CLANG_WARN_CONSTANT_CONVERSION = YES;
				CLANG_WARN_DEPRECATED_OBJC_IMPLEMENTATIONS = YES;
				CLANG_WARN_DIRECT_OBJC_ISA_USAGE = YES_ERROR;
				CLANG_WARN_DOCUMENTATION_COMMENTS = YES;
				CLANG_WARN_EMPTY_BODY = YES;
				CLANG_WARN_ENUM_CONVERSION = YES;
				CLANG_WARN_INFINITE_RECURSION = YES;
				CLANG_WARN_INT_CONVERSION = YES;
				CLANG_WARN_NON_LITERAL_NULL_CONVERSION = YES;
				CLANG_WARN_OBJC_IMPLICIT_RETAIN_SELF = YES;
				CLANG_WARN_OBJC_LITERAL_CONVERSION = YES;
				CLANG_WARN_OBJC_ROOT_CLASS = YES_ERROR;
				CLANG_WARN_QUOTED_INCLUDE_IN_FRAMEWORK_HEADER = YES;
				CLANG_WARN_RANGE_LOOP_ANALYSIS = YES;
				CLANG_WARN_STRICT_PROTOTYPES = YES;
				CLANG_WARN_SUSPICIOUS_MOVE = YES;
				CLANG_WARN_UNGUARDED_AVAILABILITY = YES_AGGRESSIVE;
				CLANG_WARN_UNREACHABLE_CODE = YES;
				CLANG_WARN__DUPLICATE_METHOD_MATCH = YES;
				COPY_PHASE_STRIP = NO;
				DEBUG_INFORMATION_FORMAT = dwarf;
				ENABLE_STRICT_OBJC_MSGSEND = YES;
				ENABLE_TESTABILITY = YES;
				GCC_C_LANGUAGE_STANDARD = gnu11;
				GCC_DYNAMIC_NO_PIC = NO;
				GCC_NO_COMMON_BLOCKS = YES;
				GCC_OPTIMIZATION_LEVEL = 0;
				GCC_PREPROCESSOR_DEFINITIONS = (
					"DEBUG=1",
					"$(inherited)",
				);
				GCC_WARN_64_TO_32_BIT_CONVERSION = YES;
				GCC_WARN_ABOUT_RETURN_TYPE = YES_ERROR;
				GCC_WARN_UNDECLARED_SELECTOR = YES;
				GCC_WARN_UNINITIALIZED_AUTOS = YES_AGGRESSIVE;
				GCC_WARN_UNUSED_FUNCTION = YES;
				GCC_WARN_UNUSED_VARIABLE = YES;
				IPHONEOS_DEPLOYMENT_TARGET = 16.0;
				MTL_ENABLE_DEBUG_INFO = INCLUDE_SOURCE;
				MTL_FAST_MATH = YES;
				ONLY_ACTIVE_ARCH = YES;
				SDKROOT = iphoneos;
				SWIFT_ACTIVE_COMPILATION_CONDITIONS = DEBUG;
				SWIFT_OPTIMIZATION_LEVEL = "-Onone";
			};
			name = Debug;
		};
		83A115DB28E3F496009B298E /* Release */ = {
			isa = XCBuildConfiguration;
			buildSettings = {
				ALWAYS_SEARCH_USER_PATHS = NO;
				CLANG_ANALYZER_NONNULL = YES;
				CLANG_ANALYZER_NUMBER_OBJECT_CONVERSION = YES_AGGRESSIVE;
				CLANG_CXX_LANGUAGE_STANDARD = "gnu++20";
				CLANG_ENABLE_MODULES = YES;
				CLANG_ENABLE_OBJC_ARC = YES;
				CLANG_ENABLE_OBJC_WEAK = YES;
				CLANG_WARN_BLOCK_CAPTURE_AUTORELEASING = YES;
				CLANG_WARN_BOOL_CONVERSION = YES;
				CLANG_WARN_COMMA = YES;
				CLANG_WARN_CONSTANT_CONVERSION = YES;
				CLANG_WARN_DEPRECATED_OBJC_IMPLEMENTATIONS = YES;
				CLANG_WARN_DIRECT_OBJC_ISA_USAGE = YES_ERROR;
				CLANG_WARN_DOCUMENTATION_COMMENTS = YES;
				CLANG_WARN_EMPTY_BODY = YES;
				CLANG_WARN_ENUM_CONVERSION = YES;
				CLANG_WARN_INFINITE_RECURSION = YES;
				CLANG_WARN_INT_CONVERSION = YES;
				CLANG_WARN_NON_LITERAL_NULL_CONVERSION = YES;
				CLANG_WARN_OBJC_IMPLICIT_RETAIN_SELF = YES;
				CLANG_WARN_OBJC_LITERAL_CONVERSION = YES;
				CLANG_WARN_OBJC_ROOT_CLASS = YES_ERROR;
				CLANG_WARN_QUOTED_INCLUDE_IN_FRAMEWORK_HEADER = YES;
				CLANG_WARN_RANGE_LOOP_ANALYSIS = YES;
				CLANG_WARN_STRICT_PROTOTYPES = YES;
				CLANG_WARN_SUSPICIOUS_MOVE = YES;
				CLANG_WARN_UNGUARDED_AVAILABILITY = YES_AGGRESSIVE;
				CLANG_WARN_UNREACHABLE_CODE = YES;
				CLANG_WARN__DUPLICATE_METHOD_MATCH = YES;
				COPY_PHASE_STRIP = NO;
				DEBUG_INFORMATION_FORMAT = "dwarf-with-dsym";
				ENABLE_NS_ASSERTIONS = NO;
				ENABLE_STRICT_OBJC_MSGSEND = YES;
				GCC_C_LANGUAGE_STANDARD = gnu11;
				GCC_NO_COMMON_BLOCKS = YES;
				GCC_WARN_64_TO_32_BIT_CONVERSION = YES;
				GCC_WARN_ABOUT_RETURN_TYPE = YES_ERROR;
				GCC_WARN_UNDECLARED_SELECTOR = YES;
				GCC_WARN_UNINITIALIZED_AUTOS = YES_AGGRESSIVE;
				GCC_WARN_UNUSED_FUNCTION = YES;
				GCC_WARN_UNUSED_VARIABLE = YES;
				IPHONEOS_DEPLOYMENT_TARGET = 16.0;
				MTL_ENABLE_DEBUG_INFO = NO;
				MTL_FAST_MATH = YES;
				SDKROOT = iphoneos;
				SWIFT_COMPILATION_MODE = wholemodule;
				SWIFT_OPTIMIZATION_LEVEL = "-O";
				VALIDATE_PRODUCT = YES;
			};
			name = Release;
		};
		83A115DD28E3F496009B298E /* Debug */ = {
			isa = XCBuildConfiguration;
			buildSettings = {
				ASSETCATALOG_COMPILER_APPICON_NAME = AppIcon;
				ASSETCATALOG_COMPILER_GLOBAL_ACCENT_COLOR_NAME = AccentColor;
				CODE_SIGN_STYLE = Automatic;
				CURRENT_PROJECT_VERSION = 1;
				DEVELOPMENT_TEAM = WZB5R9B92Y;
				GENERATE_INFOPLIST_FILE = YES;
				INFOPLIST_FILE = EssentialApp/Info.plist;
				INFOPLIST_KEY_UIApplicationSupportsIndirectInputEvents = YES;
				INFOPLIST_KEY_UILaunchStoryboardName = LaunchScreen;
				INFOPLIST_KEY_UIMainStoryboardFile = Main;
				INFOPLIST_KEY_UISupportedInterfaceOrientations = UIInterfaceOrientationPortrait;
				INFOPLIST_KEY_UISupportedInterfaceOrientations_iPad = "UIInterfaceOrientationLandscapeLeft UIInterfaceOrientationLandscapeRight UIInterfaceOrientationPortrait UIInterfaceOrientationPortraitUpsideDown";
				LD_RUNPATH_SEARCH_PATHS = (
					"$(inherited)",
					"@executable_path/Frameworks",
				);
				MARKETING_VERSION = 1.0;
				PRODUCT_BUNDLE_IDENTIFIER = co.id.aminfaruq.EssentialApp;
				PRODUCT_NAME = "$(TARGET_NAME)";
				SWIFT_EMIT_LOC_STRINGS = YES;
				SWIFT_VERSION = 5.0;
				TARGETED_DEVICE_FAMILY = "1,2";
			};
			name = Debug;
		};
		83A115DE28E3F496009B298E /* Release */ = {
			isa = XCBuildConfiguration;
			buildSettings = {
				ASSETCATALOG_COMPILER_APPICON_NAME = AppIcon;
				ASSETCATALOG_COMPILER_GLOBAL_ACCENT_COLOR_NAME = AccentColor;
				CODE_SIGN_STYLE = Automatic;
				CURRENT_PROJECT_VERSION = 1;
				DEVELOPMENT_TEAM = WZB5R9B92Y;
				GENERATE_INFOPLIST_FILE = YES;
				INFOPLIST_FILE = EssentialApp/Info.plist;
				INFOPLIST_KEY_UIApplicationSupportsIndirectInputEvents = YES;
				INFOPLIST_KEY_UILaunchStoryboardName = LaunchScreen;
				INFOPLIST_KEY_UIMainStoryboardFile = Main;
				INFOPLIST_KEY_UISupportedInterfaceOrientations = UIInterfaceOrientationPortrait;
				INFOPLIST_KEY_UISupportedInterfaceOrientations_iPad = "UIInterfaceOrientationLandscapeLeft UIInterfaceOrientationLandscapeRight UIInterfaceOrientationPortrait UIInterfaceOrientationPortraitUpsideDown";
				LD_RUNPATH_SEARCH_PATHS = (
					"$(inherited)",
					"@executable_path/Frameworks",
				);
				MARKETING_VERSION = 1.0;
				PRODUCT_BUNDLE_IDENTIFIER = co.id.aminfaruq.EssentialApp;
				PRODUCT_NAME = "$(TARGET_NAME)";
				SWIFT_EMIT_LOC_STRINGS = YES;
				SWIFT_VERSION = 5.0;
				TARGETED_DEVICE_FAMILY = "1,2";
			};
			name = Release;
		};
		83A115E028E3F496009B298E /* Debug */ = {
			isa = XCBuildConfiguration;
			buildSettings = {
				ALWAYS_EMBED_SWIFT_STANDARD_LIBRARIES = YES;
				BUNDLE_LOADER = "$(TEST_HOST)";
				CODE_SIGN_STYLE = Automatic;
				CURRENT_PROJECT_VERSION = 1;
				DEVELOPMENT_TEAM = WZB5R9B92Y;
				GENERATE_INFOPLIST_FILE = YES;
				IPHONEOS_DEPLOYMENT_TARGET = 16.0;
				MARKETING_VERSION = 1.0;
				PRODUCT_BUNDLE_IDENTIFIER = co.id.aminfaruq.EssentialAppTests;
				PRODUCT_NAME = "$(TARGET_NAME)";
				SWIFT_EMIT_LOC_STRINGS = NO;
				SWIFT_VERSION = 5.0;
				TARGETED_DEVICE_FAMILY = "1,2";
				TEST_HOST = "$(BUILT_PRODUCTS_DIR)/EssentialApp.app/$(BUNDLE_EXECUTABLE_FOLDER_PATH)/EssentialApp";
			};
			name = Debug;
		};
		83A115E128E3F496009B298E /* Release */ = {
			isa = XCBuildConfiguration;
			buildSettings = {
				ALWAYS_EMBED_SWIFT_STANDARD_LIBRARIES = YES;
				BUNDLE_LOADER = "$(TEST_HOST)";
				CODE_SIGN_STYLE = Automatic;
				CURRENT_PROJECT_VERSION = 1;
				DEVELOPMENT_TEAM = WZB5R9B92Y;
				GENERATE_INFOPLIST_FILE = YES;
				IPHONEOS_DEPLOYMENT_TARGET = 16.0;
				MARKETING_VERSION = 1.0;
				PRODUCT_BUNDLE_IDENTIFIER = co.id.aminfaruq.EssentialAppTests;
				PRODUCT_NAME = "$(TARGET_NAME)";
				SWIFT_EMIT_LOC_STRINGS = NO;
				SWIFT_VERSION = 5.0;
				TARGETED_DEVICE_FAMILY = "1,2";
				TEST_HOST = "$(BUILT_PRODUCTS_DIR)/EssentialApp.app/$(BUNDLE_EXECUTABLE_FOLDER_PATH)/EssentialApp";
			};
			name = Release;
		};
/* End XCBuildConfiguration section */

/* Begin XCConfigurationList section */
		835502E128E6CDD500C9FBD8 /* Build configuration list for PBXNativeTarget "EssentialAppUIAcceptanceTests" */ = {
			isa = XCConfigurationList;
			buildConfigurations = (
				835502DF28E6CDD500C9FBD8 /* Debug */,
				835502E028E6CDD500C9FBD8 /* Release */,
			);
			defaultConfigurationIsVisible = 0;
			defaultConfigurationName = Release;
		};
		83A115AD28E3F493009B298E /* Build configuration list for PBXProject "EssentialApp" */ = {
			isa = XCConfigurationList;
			buildConfigurations = (
				83A115DA28E3F496009B298E /* Debug */,
				83A115DB28E3F496009B298E /* Release */,
			);
			defaultConfigurationIsVisible = 0;
			defaultConfigurationName = Release;
		};
		83A115DC28E3F496009B298E /* Build configuration list for PBXNativeTarget "EssentialApp" */ = {
			isa = XCConfigurationList;
			buildConfigurations = (
				83A115DD28E3F496009B298E /* Debug */,
				83A115DE28E3F496009B298E /* Release */,
			);
			defaultConfigurationIsVisible = 0;
			defaultConfigurationName = Release;
		};
		83A115DF28E3F496009B298E /* Build configuration list for PBXNativeTarget "EssentialAppTests" */ = {
			isa = XCConfigurationList;
			buildConfigurations = (
				83A115E028E3F496009B298E /* Debug */,
				83A115E128E3F496009B298E /* Release */,
			);
			defaultConfigurationIsVisible = 0;
			defaultConfigurationName = Release;
		};
/* End XCConfigurationList section */
	};
	rootObject = 83A115AA28E3F493009B298E /* Project object */;
}
