// !$*UTF8*$!
{
	archiveVersion = 1;
	classes = {
	};
	objectVersion = 56;
	objects = {

/* Begin PBXBuildFile section */
		8344887528EA844A00388F30 /* UIView+TestHelpers.swift in Sources */ = {isa = PBXBuildFile; fileRef = 8344887428EA844A00388F30 /* UIView+TestHelpers.swift */; };
		83686CBF28E83AF000FBE48E /* SceneDelegateTest.swift in Sources */ = {isa = PBXBuildFile; fileRef = 83686CBE28E83AF000FBE48E /* SceneDelegateTest.swift */; };
		838F08EF28E44B2800D7C203 /* XCTestCase+MemoryLeakTracking.swift in Sources */ = {isa = PBXBuildFile; fileRef = 838F08ED28E44ADA00D7C203 /* XCTestCase+MemoryLeakTracking.swift */; };
		838F08F128E44B7800D7C203 /* SharedTestHelpers.swift in Sources */ = {isa = PBXBuildFile; fileRef = 838F08F028E44B7800D7C203 /* SharedTestHelpers.swift */; };
		83A0574228E842E500C0E149 /* WeakRefVirtualProxy.swift in Sources */ = {isa = PBXBuildFile; fileRef = 83A0573C28E842E400C0E149 /* WeakRefVirtualProxy.swift */; };
		83A0574328E842E500C0E149 /* FeedImageDataLoaderPresentationAdapter.swift in Sources */ = {isa = PBXBuildFile; fileRef = 83A0574028E842E500C0E149 /* FeedImageDataLoaderPresentationAdapter.swift */; };
		83A0574428E842E500C0E149 /* FeedUIComposer.swift in Sources */ = {isa = PBXBuildFile; fileRef = 83A0573D28E842E500C0E149 /* FeedUIComposer.swift */; };
		83A0574528E842E500C0E149 /* LoadResourcePresentationAdapter.swift in Sources */ = {isa = PBXBuildFile; fileRef = 83A0574128E842E500C0E149 /* LoadResourcePresentationAdapter.swift */; };
		83A0574628E842E500C0E149 /* FeedViewAdapter.swift in Sources */ = {isa = PBXBuildFile; fileRef = 83A0573E28E842E500C0E149 /* FeedViewAdapter.swift */; };
		83A0575128E8431700C0E149 /* UIButton+TestHelpers.swift in Sources */ = {isa = PBXBuildFile; fileRef = 83A0574E28E8431700C0E149 /* UIButton+TestHelpers.swift */; };
		83A0575228E8431700C0E149 /* UIControl+TestHelpers.swift in Sources */ = {isa = PBXBuildFile; fileRef = 83A0574C28E8431700C0E149 /* UIControl+TestHelpers.swift */; };
		83A0575328E8431700C0E149 /* FeedImageCell+TestHelpers.swift in Sources */ = {isa = PBXBuildFile; fileRef = 83A0574928E8431600C0E149 /* FeedImageCell+TestHelpers.swift */; };
		83A0575428E8431700C0E149 /* FeedViewController+Assertions.swift in Sources */ = {isa = PBXBuildFile; fileRef = 83A0574B28E8431700C0E149 /* FeedViewController+Assertions.swift */; };
		83A0575528E8431700C0E149 /* UIRefreshControl+TestHelpers.swift in Sources */ = {isa = PBXBuildFile; fileRef = 83A0574828E8431600C0E149 /* UIRefreshControl+TestHelpers.swift */; };
		83A0575628E8431700C0E149 /* FeedViewControllerTest+LoaderSpy.swift in Sources */ = {isa = PBXBuildFile; fileRef = 83A0575028E8431700C0E149 /* FeedViewControllerTest+LoaderSpy.swift */; };
		83A0575728E8431700C0E149 /* FeedViewControllerTest+Localization.swift in Sources */ = {isa = PBXBuildFile; fileRef = 83A0574A28E8431600C0E149 /* FeedViewControllerTest+Localization.swift */; };
		83A0575828E8431700C0E149 /* FeedViewController+TestHelpers.swift in Sources */ = {isa = PBXBuildFile; fileRef = 83A0574D28E8431700C0E149 /* FeedViewController+TestHelpers.swift */; };
		83A0575928E8431700C0E149 /* UIImage+TestHelpers.swift in Sources */ = {isa = PBXBuildFile; fileRef = 83A0574F28E8431700C0E149 /* UIImage+TestHelpers.swift */; };
		83A0575B28E8433500C0E149 /* FeedUIIntegrationTest.swift in Sources */ = {isa = PBXBuildFile; fileRef = 83A0575A28E8433500C0E149 /* FeedUIIntegrationTest.swift */; };
		83A0575D28E84D9E00C0E149 /* FeedAcceptanceTests.swift in Sources */ = {isa = PBXBuildFile; fileRef = 83A0575C28E84D9E00C0E149 /* FeedAcceptanceTests.swift */; };
		83A0575F28E8576C00C0E149 /* HTTPClientStub.swift in Sources */ = {isa = PBXBuildFile; fileRef = 83A0575E28E8576C00C0E149 /* HTTPClientStub.swift */; };
		83A0576128E8588900C0E149 /* InMemoryFeedStore.swift in Sources */ = {isa = PBXBuildFile; fileRef = 83A0576028E8588900C0E149 /* InMemoryFeedStore.swift */; };
		83A115B628E3F493009B298E /* AppDelegate.swift in Sources */ = {isa = PBXBuildFile; fileRef = 83A115B528E3F493009B298E /* AppDelegate.swift */; };
		83A115B828E3F493009B298E /* SceneDelegate.swift in Sources */ = {isa = PBXBuildFile; fileRef = 83A115B728E3F493009B298E /* SceneDelegate.swift */; };
		83A115BA28E3F493009B298E /* ViewController.swift in Sources */ = {isa = PBXBuildFile; fileRef = 83A115B928E3F493009B298E /* ViewController.swift */; };
		83A115BF28E3F496009B298E /* Assets.xcassets in Resources */ = {isa = PBXBuildFile; fileRef = 83A115BE28E3F496009B298E /* Assets.xcassets */; };
		83A115C228E3F496009B298E /* LaunchScreen.storyboard in Resources */ = {isa = PBXBuildFile; fileRef = 83A115C028E3F496009B298E /* LaunchScreen.storyboard */; };
		83A115E828E3F614009B298E /* EssentialFeed.framework in Frameworks */ = {isa = PBXBuildFile; fileRef = 83A115E628E3F614009B298E /* EssentialFeed.framework */; };
		83A115E928E3F614009B298E /* EssentialFeed.framework in Embed Frameworks */ = {isa = PBXBuildFile; fileRef = 83A115E628E3F614009B298E /* EssentialFeed.framework */; settings = {ATTRIBUTES = (CodeSignOnCopy, RemoveHeadersOnCopy, ); }; };
		83A115EA28E3F614009B298E /* EssentialFeediOS.framework in Frameworks */ = {isa = PBXBuildFile; fileRef = 83A115E728E3F614009B298E /* EssentialFeediOS.framework */; };
		83A115EB28E3F614009B298E /* EssentialFeediOS.framework in Embed Frameworks */ = {isa = PBXBuildFile; fileRef = 83A115E728E3F614009B298E /* EssentialFeediOS.framework */; settings = {ATTRIBUTES = (CodeSignOnCopy, RemoveHeadersOnCopy, ); }; };
		83D2FF3C28ED60AB00F0CE08 /* CombineHelpers.swift in Sources */ = {isa = PBXBuildFile; fileRef = 83D2FF3B28ED60AB00F0CE08 /* CombineHelpers.swift */; };
/* End PBXBuildFile section */

/* Begin PBXContainerItemProxy section */
		83A115C928E3F496009B298E /* PBXContainerItemProxy */ = {
			isa = PBXContainerItemProxy;
			containerPortal = 83A115AA28E3F493009B298E /* Project object */;
			proxyType = 1;
			remoteGlobalIDString = 83A115B128E3F493009B298E;
			remoteInfo = EssentialApp;
		};
/* End PBXContainerItemProxy section */

/* Begin PBXCopyFilesBuildPhase section */
		83A115EC28E3F614009B298E /* Embed Frameworks */ = {
			isa = PBXCopyFilesBuildPhase;
			buildActionMask = 2147483647;
			dstPath = "";
			dstSubfolderSpec = 10;
			files = (
				83A115E928E3F614009B298E /* EssentialFeed.framework in Embed Frameworks */,
				83A115EB28E3F614009B298E /* EssentialFeediOS.framework in Embed Frameworks */,
			);
			name = "Embed Frameworks";
			runOnlyForDeploymentPostprocessing = 0;
		};
/* End PBXCopyFilesBuildPhase section */

/* Begin PBXFileReference section */
		8344887428EA844A00388F30 /* UIView+TestHelpers.swift */ = {isa = PBXFileReference; lastKnownFileType = sourcecode.swift; path = "UIView+TestHelpers.swift"; sourceTree = "<group>"; };
		83686CBE28E83AF000FBE48E /* SceneDelegateTest.swift */ = {isa = PBXFileReference; lastKnownFileType = sourcecode.swift; path = SceneDelegateTest.swift; sourceTree = "<group>"; };
		838F08ED28E44ADA00D7C203 /* XCTestCase+MemoryLeakTracking.swift */ = {isa = PBXFileReference; lastKnownFileType = sourcecode.swift; path = "XCTestCase+MemoryLeakTracking.swift"; sourceTree = "<group>"; };
		838F08F028E44B7800D7C203 /* SharedTestHelpers.swift */ = {isa = PBXFileReference; lastKnownFileType = sourcecode.swift; path = SharedTestHelpers.swift; sourceTree = "<group>"; };
		83A0573C28E842E400C0E149 /* WeakRefVirtualProxy.swift */ = {isa = PBXFileReference; lastKnownFileType = sourcecode.swift; path = WeakRefVirtualProxy.swift; sourceTree = "<group>"; };
		83A0573D28E842E500C0E149 /* FeedUIComposer.swift */ = {isa = PBXFileReference; lastKnownFileType = sourcecode.swift; path = FeedUIComposer.swift; sourceTree = "<group>"; };
		83A0573E28E842E500C0E149 /* FeedViewAdapter.swift */ = {isa = PBXFileReference; lastKnownFileType = sourcecode.swift; path = FeedViewAdapter.swift; sourceTree = "<group>"; };
		83A0574028E842E500C0E149 /* FeedImageDataLoaderPresentationAdapter.swift */ = {isa = PBXFileReference; lastKnownFileType = sourcecode.swift; path = FeedImageDataLoaderPresentationAdapter.swift; sourceTree = "<group>"; };
		83A0574128E842E500C0E149 /* LoadResourcePresentationAdapter.swift */ = {isa = PBXFileReference; lastKnownFileType = sourcecode.swift; path = LoadResourcePresentationAdapter.swift; sourceTree = "<group>"; };
		83A0574828E8431600C0E149 /* UIRefreshControl+TestHelpers.swift */ = {isa = PBXFileReference; lastKnownFileType = sourcecode.swift; path = "UIRefreshControl+TestHelpers.swift"; sourceTree = "<group>"; };
		83A0574928E8431600C0E149 /* FeedImageCell+TestHelpers.swift */ = {isa = PBXFileReference; lastKnownFileType = sourcecode.swift; path = "FeedImageCell+TestHelpers.swift"; sourceTree = "<group>"; };
		83A0574A28E8431600C0E149 /* FeedViewControllerTest+Localization.swift */ = {isa = PBXFileReference; lastKnownFileType = sourcecode.swift; path = "FeedViewControllerTest+Localization.swift"; sourceTree = "<group>"; };
		83A0574B28E8431700C0E149 /* FeedViewController+Assertions.swift */ = {isa = PBXFileReference; lastKnownFileType = sourcecode.swift; path = "FeedViewController+Assertions.swift"; sourceTree = "<group>"; };
		83A0574C28E8431700C0E149 /* UIControl+TestHelpers.swift */ = {isa = PBXFileReference; lastKnownFileType = sourcecode.swift; path = "UIControl+TestHelpers.swift"; sourceTree = "<group>"; };
		83A0574D28E8431700C0E149 /* FeedViewController+TestHelpers.swift */ = {isa = PBXFileReference; lastKnownFileType = sourcecode.swift; path = "FeedViewController+TestHelpers.swift"; sourceTree = "<group>"; };
		83A0574E28E8431700C0E149 /* UIButton+TestHelpers.swift */ = {isa = PBXFileReference; lastKnownFileType = sourcecode.swift; path = "UIButton+TestHelpers.swift"; sourceTree = "<group>"; };
		83A0574F28E8431700C0E149 /* UIImage+TestHelpers.swift */ = {isa = PBXFileReference; lastKnownFileType = sourcecode.swift; path = "UIImage+TestHelpers.swift"; sourceTree = "<group>"; };
		83A0575028E8431700C0E149 /* FeedViewControllerTest+LoaderSpy.swift */ = {isa = PBXFileReference; lastKnownFileType = sourcecode.swift; path = "FeedViewControllerTest+LoaderSpy.swift"; sourceTree = "<group>"; };
		83A0575A28E8433500C0E149 /* FeedUIIntegrationTest.swift */ = {isa = PBXFileReference; lastKnownFileType = sourcecode.swift; path = FeedUIIntegrationTest.swift; sourceTree = "<group>"; };
		83A0575C28E84D9E00C0E149 /* FeedAcceptanceTests.swift */ = {isa = PBXFileReference; lastKnownFileType = sourcecode.swift; path = FeedAcceptanceTests.swift; sourceTree = "<group>"; };
		83A0575E28E8576C00C0E149 /* HTTPClientStub.swift */ = {isa = PBXFileReference; lastKnownFileType = sourcecode.swift; path = HTTPClientStub.swift; sourceTree = "<group>"; };
		83A0576028E8588900C0E149 /* InMemoryFeedStore.swift */ = {isa = PBXFileReference; lastKnownFileType = sourcecode.swift; path = InMemoryFeedStore.swift; sourceTree = "<group>"; };
		83A115B228E3F493009B298E /* EssentialApp.app */ = {isa = PBXFileReference; explicitFileType = wrapper.application; includeInIndex = 0; path = EssentialApp.app; sourceTree = BUILT_PRODUCTS_DIR; };
		83A115B528E3F493009B298E /* AppDelegate.swift */ = {isa = PBXFileReference; lastKnownFileType = sourcecode.swift; path = AppDelegate.swift; sourceTree = "<group>"; };
		83A115B728E3F493009B298E /* SceneDelegate.swift */ = {isa = PBXFileReference; lastKnownFileType = sourcecode.swift; path = SceneDelegate.swift; sourceTree = "<group>"; };
		83A115B928E3F493009B298E /* ViewController.swift */ = {isa = PBXFileReference; lastKnownFileType = sourcecode.swift; path = ViewController.swift; sourceTree = "<group>"; };
		83A115BE28E3F496009B298E /* Assets.xcassets */ = {isa = PBXFileReference; lastKnownFileType = folder.assetcatalog; path = Assets.xcassets; sourceTree = "<group>"; };
		83A115C128E3F496009B298E /* Base */ = {isa = PBXFileReference; lastKnownFileType = file.storyboard; name = Base; path = Base.lproj/LaunchScreen.storyboard; sourceTree = "<group>"; };
		83A115C328E3F496009B298E /* Info.plist */ = {isa = PBXFileReference; lastKnownFileType = text.plist.xml; path = Info.plist; sourceTree = "<group>"; };
		83A115C828E3F496009B298E /* EssentialAppTests.xctest */ = {isa = PBXFileReference; explicitFileType = wrapper.cfbundle; includeInIndex = 0; path = EssentialAppTests.xctest; sourceTree = BUILT_PRODUCTS_DIR; };
		83A115E628E3F614009B298E /* EssentialFeed.framework */ = {isa = PBXFileReference; explicitFileType = wrapper.framework; path = EssentialFeed.framework; sourceTree = BUILT_PRODUCTS_DIR; };
		83A115E728E3F614009B298E /* EssentialFeediOS.framework */ = {isa = PBXFileReference; explicitFileType = wrapper.framework; path = EssentialFeediOS.framework; sourceTree = BUILT_PRODUCTS_DIR; };
		83D2FF3B28ED60AB00F0CE08 /* CombineHelpers.swift */ = {isa = PBXFileReference; lastKnownFileType = sourcecode.swift; path = CombineHelpers.swift; sourceTree = "<group>"; };
/* End PBXFileReference section */

/* Begin PBXFrameworksBuildPhase section */
		83A115AF28E3F493009B298E /* Frameworks */ = {
			isa = PBXFrameworksBuildPhase;
			buildActionMask = 2147483647;
			files = (
				83A115E828E3F614009B298E /* EssentialFeed.framework in Frameworks */,
				83A115EA28E3F614009B298E /* EssentialFeediOS.framework in Frameworks */,
			);
			runOnlyForDeploymentPostprocessing = 0;
		};
		83A115C528E3F496009B298E /* Frameworks */ = {
			isa = PBXFrameworksBuildPhase;
			buildActionMask = 2147483647;
			files = (
			);
			runOnlyForDeploymentPostprocessing = 0;
		};
/* End PBXFrameworksBuildPhase section */

/* Begin PBXGroup section */
		838F08EC28E44A9C00D7C203 /* Helpers */ = {
			isa = PBXGroup;
			children = (
				83A0574F28E8431700C0E149 /* UIImage+TestHelpers.swift */,
				83A0574828E8431600C0E149 /* UIRefreshControl+TestHelpers.swift */,
				83A0574E28E8431700C0E149 /* UIButton+TestHelpers.swift */,
				83A0574C28E8431700C0E149 /* UIControl+TestHelpers.swift */,
				83A0574D28E8431700C0E149 /* FeedViewController+TestHelpers.swift */,
				83A0574928E8431600C0E149 /* FeedImageCell+TestHelpers.swift */,
				83A0575028E8431700C0E149 /* FeedViewControllerTest+LoaderSpy.swift */,
				83A0574B28E8431700C0E149 /* FeedViewController+Assertions.swift */,
				83A0574A28E8431600C0E149 /* FeedViewControllerTest+Localization.swift */,
				838F08ED28E44ADA00D7C203 /* XCTestCase+MemoryLeakTracking.swift */,
				838F08F028E44B7800D7C203 /* SharedTestHelpers.swift */,
				83A0575E28E8576C00C0E149 /* HTTPClientStub.swift */,
				83A0576028E8588900C0E149 /* InMemoryFeedStore.swift */,
				8344887428EA844A00388F30 /* UIView+TestHelpers.swift */,
			);
			path = Helpers;
			sourceTree = "<group>";
		};
		83A115A928E3F493009B298E = {
			isa = PBXGroup;
			children = (
				83A115B428E3F493009B298E /* EssentialApp */,
				83A115CB28E3F496009B298E /* EssentialAppTests */,
				83A115B328E3F493009B298E /* Products */,
				83A115E528E3F614009B298E /* Frameworks */,
			);
			sourceTree = "<group>";
		};
		83A115B328E3F493009B298E /* Products */ = {
			isa = PBXGroup;
			children = (
				83A115B228E3F493009B298E /* EssentialApp.app */,
				83A115C828E3F496009B298E /* EssentialAppTests.xctest */,
			);
			name = Products;
			sourceTree = "<group>";
		};
		83A115B428E3F493009B298E /* EssentialApp */ = {
			isa = PBXGroup;
			children = (
				83A0573D28E842E500C0E149 /* FeedUIComposer.swift */,
				83A0573C28E842E400C0E149 /* WeakRefVirtualProxy.swift */,
				83A0574028E842E500C0E149 /* FeedImageDataLoaderPresentationAdapter.swift */,
				83A0574128E842E500C0E149 /* LoadResourcePresentationAdapter.swift */,
				83A0573E28E842E500C0E149 /* FeedViewAdapter.swift */,
				83A115B528E3F493009B298E /* AppDelegate.swift */,
				83A115B728E3F493009B298E /* SceneDelegate.swift */,
				83D2FF3B28ED60AB00F0CE08 /* CombineHelpers.swift */,
				83A115B928E3F493009B298E /* ViewController.swift */,
				83A115BE28E3F496009B298E /* Assets.xcassets */,
				83A115C028E3F496009B298E /* LaunchScreen.storyboard */,
				83A115C328E3F496009B298E /* Info.plist */,
			);
			path = EssentialApp;
			sourceTree = "<group>";
		};
		83A115CB28E3F496009B298E /* EssentialAppTests */ = {
			isa = PBXGroup;
			children = (
				838F08EC28E44A9C00D7C203 /* Helpers */,
				83A0575A28E8433500C0E149 /* FeedUIIntegrationTest.swift */,
				83686CBE28E83AF000FBE48E /* SceneDelegateTest.swift */,
				83A0575C28E84D9E00C0E149 /* FeedAcceptanceTests.swift */,
			);
			path = EssentialAppTests;
			sourceTree = "<group>";
		};
		83A115E528E3F614009B298E /* Frameworks */ = {
			isa = PBXGroup;
			children = (
				83A115E628E3F614009B298E /* EssentialFeed.framework */,
				83A115E728E3F614009B298E /* EssentialFeediOS.framework */,
			);
			name = Frameworks;
			sourceTree = "<group>";
		};
/* End PBXGroup section */

/* Begin PBXNativeTarget section */
		83A115B128E3F493009B298E /* EssentialApp */ = {
			isa = PBXNativeTarget;
			buildConfigurationList = 83A115DC28E3F496009B298E /* Build configuration list for PBXNativeTarget "EssentialApp" */;
			buildPhases = (
				83A115AE28E3F493009B298E /* Sources */,
				83A115AF28E3F493009B298E /* Frameworks */,
				83A115B028E3F493009B298E /* Resources */,
				83A115EC28E3F614009B298E /* Embed Frameworks */,
			);
			buildRules = (
			);
			dependencies = (
			);
			name = EssentialApp;
			productName = EssentialApp;
			productReference = 83A115B228E3F493009B298E /* EssentialApp.app */;
			productType = "com.apple.product-type.application";
		};
		83A115C728E3F496009B298E /* EssentialAppTests */ = {
			isa = PBXNativeTarget;
			buildConfigurationList = 83A115DF28E3F496009B298E /* Build configuration list for PBXNativeTarget "EssentialAppTests" */;
			buildPhases = (
				83A115C428E3F496009B298E /* Sources */,
				83A115C528E3F496009B298E /* Frameworks */,
				83A115C628E3F496009B298E /* Resources */,
			);
			buildRules = (
			);
			dependencies = (
				83A115CA28E3F496009B298E /* PBXTargetDependency */,
			);
			name = EssentialAppTests;
			productName = EssentialAppTests;
			productReference = 83A115C828E3F496009B298E /* EssentialAppTests.xctest */;
			productType = "com.apple.product-type.bundle.unit-test";
		};
/* End PBXNativeTarget section */

/* Begin PBXProject section */
		83A115AA28E3F493009B298E /* Project object */ = {
			isa = PBXProject;
			attributes = {
				BuildIndependentTargetsInParallel = 1;
				LastSwiftUpdateCheck = 1400;
				LastUpgradeCheck = 1400;
				TargetAttributes = {
					83A115B128E3F493009B298E = {
						CreatedOnToolsVersion = 14.0;
					};
					83A115C728E3F496009B298E = {
						CreatedOnToolsVersion = 14.0;
						TestTargetID = 83A115B128E3F493009B298E;
					};
				};
			};
			buildConfigurationList = 83A115AD28E3F493009B298E /* Build configuration list for PBXProject "EssentialApp" */;
			compatibilityVersion = "Xcode 14.0";
			developmentRegion = en;
			hasScannedForEncodings = 0;
			knownRegions = (
				en,
				Base,
			);
			mainGroup = 83A115A928E3F493009B298E;
			productRefGroup = 83A115B328E3F493009B298E /* Products */;
			projectDirPath = "";
			projectRoot = "";
			targets = (
				83A115B128E3F493009B298E /* EssentialApp */,
				83A115C728E3F496009B298E /* EssentialAppTests */,
			);
		};
/* End PBXProject section */

/* Begin PBXResourcesBuildPhase section */
		83A115B028E3F493009B298E /* Resources */ = {
			isa = PBXResourcesBuildPhase;
			buildActionMask = 2147483647;
			files = (
				83A115C228E3F496009B298E /* LaunchScreen.storyboard in Resources */,
				83A115BF28E3F496009B298E /* Assets.xcassets in Resources */,
			);
			runOnlyForDeploymentPostprocessing = 0;
		};
		83A115C628E3F496009B298E /* Resources */ = {
			isa = PBXResourcesBuildPhase;
			buildActionMask = 2147483647;
			files = (
			);
			runOnlyForDeploymentPostprocessing = 0;
		};
/* End PBXResourcesBuildPhase section */

/* Begin PBXSourcesBuildPhase section */
		83A115AE28E3F493009B298E /* Sources */ = {
			isa = PBXSourcesBuildPhase;
			buildActionMask = 2147483647;
			files = (
				83A115BA28E3F493009B298E /* ViewController.swift in Sources */,
				83A115B628E3F493009B298E /* AppDelegate.swift in Sources */,
				83D2FF3C28ED60AB00F0CE08 /* CombineHelpers.swift in Sources */,
				83A0574328E842E500C0E149 /* FeedImageDataLoaderPresentationAdapter.swift in Sources */,
				83A0574528E842E500C0E149 /* LoadResourcePresentationAdapter.swift in Sources */,
				83A115B828E3F493009B298E /* SceneDelegate.swift in Sources */,
				83A0574428E842E500C0E149 /* FeedUIComposer.swift in Sources */,
				83A0574228E842E500C0E149 /* WeakRefVirtualProxy.swift in Sources */,
				83A0574628E842E500C0E149 /* FeedViewAdapter.swift in Sources */,
			);
			runOnlyForDeploymentPostprocessing = 0;
		};
		83A115C428E3F496009B298E /* Sources */ = {
			isa = PBXSourcesBuildPhase;
			buildActionMask = 2147483647;
			files = (
				838F08F128E44B7800D7C203 /* SharedTestHelpers.swift in Sources */,
				83686CBF28E83AF000FBE48E /* SceneDelegateTest.swift in Sources */,
				83A0575928E8431700C0E149 /* UIImage+TestHelpers.swift in Sources */,
				83A0575228E8431700C0E149 /* UIControl+TestHelpers.swift in Sources */,
				83A0575328E8431700C0E149 /* FeedImageCell+TestHelpers.swift in Sources */,
				83A0575128E8431700C0E149 /* UIButton+TestHelpers.swift in Sources */,
				83A0576128E8588900C0E149 /* InMemoryFeedStore.swift in Sources */,
				83A0575628E8431700C0E149 /* FeedViewControllerTest+LoaderSpy.swift in Sources */,
				83A0575728E8431700C0E149 /* FeedViewControllerTest+Localization.swift in Sources */,
				83A0575F28E8576C00C0E149 /* HTTPClientStub.swift in Sources */,
				83A0575428E8431700C0E149 /* FeedViewController+Assertions.swift in Sources */,
				8344887528EA844A00388F30 /* UIView+TestHelpers.swift in Sources */,
				83A0575828E8431700C0E149 /* FeedViewController+TestHelpers.swift in Sources */,
				83A0575528E8431700C0E149 /* UIRefreshControl+TestHelpers.swift in Sources */,
				83A0575D28E84D9E00C0E149 /* FeedAcceptanceTests.swift in Sources */,
				838F08EF28E44B2800D7C203 /* XCTestCase+MemoryLeakTracking.swift in Sources */,
				83A0575B28E8433500C0E149 /* FeedUIIntegrationTest.swift in Sources */,
			);
			runOnlyForDeploymentPostprocessing = 0;
		};
/* End PBXSourcesBuildPhase section */

/* Begin PBXTargetDependency section */
		83A115CA28E3F496009B298E /* PBXTargetDependency */ = {
			isa = PBXTargetDependency;
			target = 83A115B128E3F493009B298E /* EssentialApp */;
			targetProxy = 83A115C928E3F496009B298E /* PBXContainerItemProxy */;
		};
/* End PBXTargetDependency section */

/* Begin PBXVariantGroup section */
		83A115C028E3F496009B298E /* LaunchScreen.storyboard */ = {
			isa = PBXVariantGroup;
			children = (
				83A115C128E3F496009B298E /* Base */,
			);
			name = LaunchScreen.storyboard;
			sourceTree = "<group>";
		};
/* End PBXVariantGroup section */

/* Begin XCBuildConfiguration section */
		83A115DA28E3F496009B298E /* Debug */ = {
			isa = XCBuildConfiguration;
			buildSettings = {
				ALWAYS_SEARCH_USER_PATHS = NO;
				CLANG_ANALYZER_NONNULL = YES;
				CLANG_ANALYZER_NUMBER_OBJECT_CONVERSION = YES_AGGRESSIVE;
				CLANG_CXX_LANGUAGE_STANDARD = "gnu++20";
				CLANG_ENABLE_MODULES = YES;
				CLANG_ENABLE_OBJC_ARC = YES;
				CLANG_ENABLE_OBJC_WEAK = YES;
				CLANG_WARN_BLOCK_CAPTURE_AUTORELEASING = YES;
				CLANG_WARN_BOOL_CONVERSION = YES;
				CLANG_WARN_COMMA = YES;
				CLANG_WARN_CONSTANT_CONVERSION = YES;
				CLANG_WARN_DEPRECATED_OBJC_IMPLEMENTATIONS = YES;
				CLANG_WARN_DIRECT_OBJC_ISA_USAGE = YES_ERROR;
				CLANG_WARN_DOCUMENTATION_COMMENTS = YES;
				CLANG_WARN_EMPTY_BODY = YES;
				CLANG_WARN_ENUM_CONVERSION = YES;
				CLANG_WARN_INFINITE_RECURSION = YES;
				CLANG_WARN_INT_CONVERSION = YES;
				CLANG_WARN_NON_LITERAL_NULL_CONVERSION = YES;
				CLANG_WARN_OBJC_IMPLICIT_RETAIN_SELF = YES;
				CLANG_WARN_OBJC_LITERAL_CONVERSION = YES;
				CLANG_WARN_OBJC_ROOT_CLASS = YES_ERROR;
				CLANG_WARN_QUOTED_INCLUDE_IN_FRAMEWORK_HEADER = YES;
				CLANG_WARN_RANGE_LOOP_ANALYSIS = YES;
				CLANG_WARN_STRICT_PROTOTYPES = YES;
				CLANG_WARN_SUSPICIOUS_MOVE = YES;
				CLANG_WARN_UNGUARDED_AVAILABILITY = YES_AGGRESSIVE;
				CLANG_WARN_UNREACHABLE_CODE = YES;
				CLANG_WARN__DUPLICATE_METHOD_MATCH = YES;
				COPY_PHASE_STRIP = NO;
				DEBUG_INFORMATION_FORMAT = dwarf;
				ENABLE_STRICT_OBJC_MSGSEND = YES;
				ENABLE_TESTABILITY = YES;
				GCC_C_LANGUAGE_STANDARD = gnu11;
				GCC_DYNAMIC_NO_PIC = NO;
				GCC_NO_COMMON_BLOCKS = YES;
				GCC_OPTIMIZATION_LEVEL = 0;
				GCC_PREPROCESSOR_DEFINITIONS = (
					"DEBUG=1",
					"$(inherited)",
				);
				GCC_WARN_64_TO_32_BIT_CONVERSION = YES;
				GCC_WARN_ABOUT_RETURN_TYPE = YES_ERROR;
				GCC_WARN_UNDECLARED_SELECTOR = YES;
				GCC_WARN_UNINITIALIZED_AUTOS = YES_AGGRESSIVE;
				GCC_WARN_UNUSED_FUNCTION = YES;
				GCC_WARN_UNUSED_VARIABLE = YES;
				IPHONEOS_DEPLOYMENT_TARGET = 16.0;
				MTL_ENABLE_DEBUG_INFO = INCLUDE_SOURCE;
				MTL_FAST_MATH = YES;
				ONLY_ACTIVE_ARCH = YES;
				SDKROOT = iphoneos;
				SWIFT_ACTIVE_COMPILATION_CONDITIONS = DEBUG;
				SWIFT_OPTIMIZATION_LEVEL = "-Onone";
			};
			name = Debug;
		};
		83A115DB28E3F496009B298E /* Release */ = {
			isa = XCBuildConfiguration;
			buildSettings = {
				ALWAYS_SEARCH_USER_PATHS = NO;
				CLANG_ANALYZER_NONNULL = YES;
				CLANG_ANALYZER_NUMBER_OBJECT_CONVERSION = YES_AGGRESSIVE;
				CLANG_CXX_LANGUAGE_STANDARD = "gnu++20";
				CLANG_ENABLE_MODULES = YES;
				CLANG_ENABLE_OBJC_ARC = YES;
				CLANG_ENABLE_OBJC_WEAK = YES;
				CLANG_WARN_BLOCK_CAPTURE_AUTORELEASING = YES;
				CLANG_WARN_BOOL_CONVERSION = YES;
				CLANG_WARN_COMMA = YES;
				CLANG_WARN_CONSTANT_CONVERSION = YES;
				CLANG_WARN_DEPRECATED_OBJC_IMPLEMENTATIONS = YES;
				CLANG_WARN_DIRECT_OBJC_ISA_USAGE = YES_ERROR;
				CLANG_WARN_DOCUMENTATION_COMMENTS = YES;
				CLANG_WARN_EMPTY_BODY = YES;
				CLANG_WARN_ENUM_CONVERSION = YES;
				CLANG_WARN_INFINITE_RECURSION = YES;
				CLANG_WARN_INT_CONVERSION = YES;
				CLANG_WARN_NON_LITERAL_NULL_CONVERSION = YES;
				CLANG_WARN_OBJC_IMPLICIT_RETAIN_SELF = YES;
				CLANG_WARN_OBJC_LITERAL_CONVERSION = YES;
				CLANG_WARN_OBJC_ROOT_CLASS = YES_ERROR;
				CLANG_WARN_QUOTED_INCLUDE_IN_FRAMEWORK_HEADER = YES;
				CLANG_WARN_RANGE_LOOP_ANALYSIS = YES;
				CLANG_WARN_STRICT_PROTOTYPES = YES;
				CLANG_WARN_SUSPICIOUS_MOVE = YES;
				CLANG_WARN_UNGUARDED_AVAILABILITY = YES_AGGRESSIVE;
				CLANG_WARN_UNREACHABLE_CODE = YES;
				CLANG_WARN__DUPLICATE_METHOD_MATCH = YES;
				COPY_PHASE_STRIP = NO;
				DEBUG_INFORMATION_FORMAT = "dwarf-with-dsym";
				ENABLE_NS_ASSERTIONS = NO;
				ENABLE_STRICT_OBJC_MSGSEND = YES;
				GCC_C_LANGUAGE_STANDARD = gnu11;
				GCC_NO_COMMON_BLOCKS = YES;
				GCC_WARN_64_TO_32_BIT_CONVERSION = YES;
				GCC_WARN_ABOUT_RETURN_TYPE = YES_ERROR;
				GCC_WARN_UNDECLARED_SELECTOR = YES;
				GCC_WARN_UNINITIALIZED_AUTOS = YES_AGGRESSIVE;
				GCC_WARN_UNUSED_FUNCTION = YES;
				GCC_WARN_UNUSED_VARIABLE = YES;
				IPHONEOS_DEPLOYMENT_TARGET = 16.0;
				MTL_ENABLE_DEBUG_INFO = NO;
				MTL_FAST_MATH = YES;
				SDKROOT = iphoneos;
				SWIFT_COMPILATION_MODE = wholemodule;
				SWIFT_OPTIMIZATION_LEVEL = "-O";
				VALIDATE_PRODUCT = YES;
			};
			name = Release;
		};
		83A115DD28E3F496009B298E /* Debug */ = {
			isa = XCBuildConfiguration;
			buildSettings = {
				ASSETCATALOG_COMPILER_APPICON_NAME = AppIcon;
				ASSETCATALOG_COMPILER_GLOBAL_ACCENT_COLOR_NAME = AccentColor;
				CODE_SIGN_STYLE = Automatic;
				CURRENT_PROJECT_VERSION = 1;
				DEVELOPMENT_TEAM = WZB5R9B92Y;
				GENERATE_INFOPLIST_FILE = YES;
				INFOPLIST_FILE = EssentialApp/Info.plist;
				INFOPLIST_KEY_LSApplicationCategoryType = "public.app-category.entertainment";
				INFOPLIST_KEY_UIApplicationSupportsIndirectInputEvents = YES;
				INFOPLIST_KEY_UILaunchStoryboardName = LaunchScreen.storyboard;
				INFOPLIST_KEY_UISupportedInterfaceOrientations = UIInterfaceOrientationPortrait;
				INFOPLIST_KEY_UISupportedInterfaceOrientations_iPad = "UIInterfaceOrientationLandscapeLeft UIInterfaceOrientationLandscapeRight UIInterfaceOrientationPortrait UIInterfaceOrientationPortraitUpsideDown";
				LD_RUNPATH_SEARCH_PATHS = (
					"$(inherited)",
					"@executable_path/Frameworks",
				);
				MARKETING_VERSION = 1.0;
				PRODUCT_BUNDLE_IDENTIFIER = co.id.aminfaruq.EssentialApp;
				PRODUCT_NAME = "$(TARGET_NAME)";
				SWIFT_EMIT_LOC_STRINGS = YES;
				SWIFT_VERSION = 5.0;
				TARGETED_DEVICE_FAMILY = "1,2";
			};
			name = Debug;
		};
		83A115DE28E3F496009B298E /* Release */ = {
			isa = XCBuildConfiguration;
			buildSettings = {
				ASSETCATALOG_COMPILER_APPICON_NAME = AppIcon;
				ASSETCATALOG_COMPILER_GLOBAL_ACCENT_COLOR_NAME = AccentColor;
				CODE_SIGN_STYLE = Automatic;
				CURRENT_PROJECT_VERSION = 1;
				DEVELOPMENT_TEAM = WZB5R9B92Y;
				GENERATE_INFOPLIST_FILE = YES;
				INFOPLIST_FILE = EssentialApp/Info.plist;
				INFOPLIST_KEY_LSApplicationCategoryType = "public.app-category.entertainment";
				INFOPLIST_KEY_UIApplicationSupportsIndirectInputEvents = YES;
				INFOPLIST_KEY_UILaunchStoryboardName = LaunchScreen.storyboard;
				INFOPLIST_KEY_UISupportedInterfaceOrientations = UIInterfaceOrientationPortrait;
				INFOPLIST_KEY_UISupportedInterfaceOrientations_iPad = "UIInterfaceOrientationLandscapeLeft UIInterfaceOrientationLandscapeRight UIInterfaceOrientationPortrait UIInterfaceOrientationPortraitUpsideDown";
				LD_RUNPATH_SEARCH_PATHS = (
					"$(inherited)",
					"@executable_path/Frameworks",
				);
				MARKETING_VERSION = 1.0;
				PRODUCT_BUNDLE_IDENTIFIER = co.id.aminfaruq.EssentialApp;
				PRODUCT_NAME = "$(TARGET_NAME)";
				SWIFT_EMIT_LOC_STRINGS = YES;
				SWIFT_VERSION = 5.0;
				TARGETED_DEVICE_FAMILY = "1,2";
			};
			name = Release;
		};
		83A115E028E3F496009B298E /* Debug */ = {
			isa = XCBuildConfiguration;
			buildSettings = {
				ALWAYS_EMBED_SWIFT_STANDARD_LIBRARIES = YES;
				BUNDLE_LOADER = "$(TEST_HOST)";
				CODE_SIGN_STYLE = Automatic;
				CURRENT_PROJECT_VERSION = 1;
				DEVELOPMENT_TEAM = WZB5R9B92Y;
				GENERATE_INFOPLIST_FILE = YES;
				IPHONEOS_DEPLOYMENT_TARGET = 16.0;
				MARKETING_VERSION = 1.0;
				PRODUCT_BUNDLE_IDENTIFIER = co.id.aminfaruq.EssentialAppTests;
				PRODUCT_NAME = "$(TARGET_NAME)";
				SWIFT_EMIT_LOC_STRINGS = NO;
				SWIFT_VERSION = 5.0;
				TARGETED_DEVICE_FAMILY = "1,2";
				TEST_HOST = "$(BUILT_PRODUCTS_DIR)/EssentialApp.app/$(BUNDLE_EXECUTABLE_FOLDER_PATH)/EssentialApp";
			};
			name = Debug;
		};
		83A115E128E3F496009B298E /* Release */ = {
			isa = XCBuildConfiguration;
			buildSettings = {
				ALWAYS_EMBED_SWIFT_STANDARD_LIBRARIES = YES;
				BUNDLE_LOADER = "$(TEST_HOST)";
				CODE_SIGN_STYLE = Automatic;
				CURRENT_PROJECT_VERSION = 1;
				DEVELOPMENT_TEAM = WZB5R9B92Y;
				GENERATE_INFOPLIST_FILE = YES;
				IPHONEOS_DEPLOYMENT_TARGET = 16.0;
				MARKETING_VERSION = 1.0;
				PRODUCT_BUNDLE_IDENTIFIER = co.id.aminfaruq.EssentialAppTests;
				PRODUCT_NAME = "$(TARGET_NAME)";
				SWIFT_EMIT_LOC_STRINGS = NO;
				SWIFT_VERSION = 5.0;
				TARGETED_DEVICE_FAMILY = "1,2";
				TEST_HOST = "$(BUILT_PRODUCTS_DIR)/EssentialApp.app/$(BUNDLE_EXECUTABLE_FOLDER_PATH)/EssentialApp";
			};
			name = Release;
		};
/* End XCBuildConfiguration section */

/* Begin XCConfigurationList section */
		83A115AD28E3F493009B298E /* Build configuration list for PBXProject "EssentialApp" */ = {
			isa = XCConfigurationList;
			buildConfigurations = (
				83A115DA28E3F496009B298E /* Debug */,
				83A115DB28E3F496009B298E /* Release */,
			);
			defaultConfigurationIsVisible = 0;
			defaultConfigurationName = Release;
		};
		83A115DC28E3F496009B298E /* Build configuration list for PBXNativeTarget "EssentialApp" */ = {
			isa = XCConfigurationList;
			buildConfigurations = (
				83A115DD28E3F496009B298E /* Debug */,
				83A115DE28E3F496009B298E /* Release */,
			);
			defaultConfigurationIsVisible = 0;
			defaultConfigurationName = Release;
		};
		83A115DF28E3F496009B298E /* Build configuration list for PBXNativeTarget "EssentialAppTests" */ = {
			isa = XCConfigurationList;
			buildConfigurations = (
				83A115E028E3F496009B298E /* Debug */,
				83A115E128E3F496009B298E /* Release */,
			);
			defaultConfigurationIsVisible = 0;
			defaultConfigurationName = Release;
		};
/* End XCConfigurationList section */
	};
	rootObject = 83A115AA28E3F493009B298E /* Project object */;
}
